// !$*UTF8*$!
{
	archiveVersion = 1;
	classes = {
	};
	objectVersion = 45;
	objects = {

/* Begin PBXAggregateTarget section */
		24416B8111C4CA220047AFDD /* Build & Test */ = {
			isa = PBXAggregateTarget;
			buildConfigurationList = 24416B8A11C4CA520047AFDD /* Build configuration list for PBXAggregateTarget "Build & Test" */;
			buildPhases = (
				24416B8011C4CA220047AFDD /* ShellScript */,
			);
			dependencies = (
				24416B8511C4CA280047AFDD /* PBXTargetDependency */,
			);
			name = "Build & Test";
			productName = "Build & test";
		};
/* End PBXAggregateTarget section */

/* Begin PBXBuildFile section */
		24DD6CF91134B3F500162E58 /* JpMasuidriveTiEvernoteapiModule.h in Headers */ = {isa = PBXBuildFile; fileRef = 24DD6CF71134B3F500162E58 /* JpMasuidriveTiEvernoteapiModule.h */; };
		24DD6CFA1134B3F500162E58 /* JpMasuidriveTiEvernoteapiModule.m in Sources */ = {isa = PBXBuildFile; fileRef = 24DD6CF81134B3F500162E58 /* JpMasuidriveTiEvernoteapiModule.m */; };
		24DE9E1111C5FE74003F90F6 /* JpMasuidriveTiEvernoteapiModuleAssets.h in Headers */ = {isa = PBXBuildFile; fileRef = 24DE9E0F11C5FE74003F90F6 /* JpMasuidriveTiEvernoteapiModuleAssets.h */; };
		24DE9E1211C5FE74003F90F6 /* JpMasuidriveTiEvernoteapiModuleAssets.m in Sources */ = {isa = PBXBuildFile; fileRef = 24DE9E1011C5FE74003F90F6 /* JpMasuidriveTiEvernoteapiModuleAssets.m */; };
		5939DE2214A42D8400F01FF2 /* JpMasuidriveTiEvernoteapiClientProxy.h in Headers */ = {isa = PBXBuildFile; fileRef = 5939DE2014A42D8400F01FF2 /* JpMasuidriveTiEvernoteapiClientProxy.h */; };
		5939DE2314A42D8400F01FF2 /* JpMasuidriveTiEvernoteapiClientProxy.m in Sources */ = {isa = PBXBuildFile; fileRef = 5939DE2114A42D8400F01FF2 /* JpMasuidriveTiEvernoteapiClientProxy.m */; };
		5939DE6B14A4321E00F01FF2 /* JpMasuidriveTiEvernoteapiAccountingProxy.h in Headers */ = {isa = PBXBuildFile; fileRef = 5939DE2614A4321E00F01FF2 /* JpMasuidriveTiEvernoteapiAccountingProxy.h */; };
		5939DE6C14A4321E00F01FF2 /* JpMasuidriveTiEvernoteapiAccountingProxy.m in Sources */ = {isa = PBXBuildFile; fileRef = 5939DE2714A4321E00F01FF2 /* JpMasuidriveTiEvernoteapiAccountingProxy.m */; };
		5939DE6D14A4321E00F01FF2 /* JpMasuidriveTiEvernoteapiAdImpressionsProxy.h in Headers */ = {isa = PBXBuildFile; fileRef = 5939DE2814A4321E00F01FF2 /* JpMasuidriveTiEvernoteapiAdImpressionsProxy.h */; };
		5939DE6E14A4321E00F01FF2 /* JpMasuidriveTiEvernoteapiAdImpressionsProxy.m in Sources */ = {isa = PBXBuildFile; fileRef = 5939DE2914A4321E00F01FF2 /* JpMasuidriveTiEvernoteapiAdImpressionsProxy.m */; };
		5939DE6F14A4321E00F01FF2 /* JpMasuidriveTiEvernoteapiAdParametersProxy.h in Headers */ = {isa = PBXBuildFile; fileRef = 5939DE2A14A4321E00F01FF2 /* JpMasuidriveTiEvernoteapiAdParametersProxy.h */; };
		5939DE7014A4321E00F01FF2 /* JpMasuidriveTiEvernoteapiAdParametersProxy.m in Sources */ = {isa = PBXBuildFile; fileRef = 5939DE2B14A4321E00F01FF2 /* JpMasuidriveTiEvernoteapiAdParametersProxy.m */; };
		5939DE7114A4321E00F01FF2 /* JpMasuidriveTiEvernoteapiAdProxy.h in Headers */ = {isa = PBXBuildFile; fileRef = 5939DE2C14A4321E00F01FF2 /* JpMasuidriveTiEvernoteapiAdProxy.h */; };
		5939DE7214A4321E00F01FF2 /* JpMasuidriveTiEvernoteapiAdProxy.m in Sources */ = {isa = PBXBuildFile; fileRef = 5939DE2D14A4321E00F01FF2 /* JpMasuidriveTiEvernoteapiAdProxy.m */; };
		5939DE7314A4321E00F01FF2 /* JpMasuidriveTiEvernoteapiAuthenticationResultProxy.h in Headers */ = {isa = PBXBuildFile; fileRef = 5939DE2E14A4321E00F01FF2 /* JpMasuidriveTiEvernoteapiAuthenticationResultProxy.h */; };
		5939DE7414A4321E00F01FF2 /* JpMasuidriveTiEvernoteapiAuthenticationResultProxy.m in Sources */ = {isa = PBXBuildFile; fileRef = 5939DE2F14A4321E00F01FF2 /* JpMasuidriveTiEvernoteapiAuthenticationResultProxy.m */; };
		5939DE7514A4321E00F01FF2 /* JpMasuidriveTiEvernoteapiDataProxy.h in Headers */ = {isa = PBXBuildFile; fileRef = 5939DE3014A4321E00F01FF2 /* JpMasuidriveTiEvernoteapiDataProxy.h */; };
		5939DE7614A4321E00F01FF2 /* JpMasuidriveTiEvernoteapiDataProxy.m in Sources */ = {isa = PBXBuildFile; fileRef = 5939DE3114A4321E00F01FF2 /* JpMasuidriveTiEvernoteapiDataProxy.m */; };
		5939DE7714A4321E00F01FF2 /* JpMasuidriveTiEvernoteapiErrorsConsts.m in Sources */ = {isa = PBXBuildFile; fileRef = 5939DE3214A4321E00F01FF2 /* JpMasuidriveTiEvernoteapiErrorsConsts.m */; };
		5939DE7814A4321E00F01FF2 /* JpMasuidriveTiEvernoteapiLimitsConsts.m in Sources */ = {isa = PBXBuildFile; fileRef = 5939DE3314A4321E00F01FF2 /* JpMasuidriveTiEvernoteapiLimitsConsts.m */; };
		5939DE7914A4321E00F01FF2 /* JpMasuidriveTiEvernoteapiLinkedNotebookProxy.h in Headers */ = {isa = PBXBuildFile; fileRef = 5939DE3414A4321E00F01FF2 /* JpMasuidriveTiEvernoteapiLinkedNotebookProxy.h */; };
		5939DE7A14A4321E00F01FF2 /* JpMasuidriveTiEvernoteapiLinkedNotebookProxy.m in Sources */ = {isa = PBXBuildFile; fileRef = 5939DE3514A4321E00F01FF2 /* JpMasuidriveTiEvernoteapiLinkedNotebookProxy.m */; };
		5939DE7B14A4321E00F01FF2 /* JpMasuidriveTiEvernoteapiNoteAttributesProxy.h in Headers */ = {isa = PBXBuildFile; fileRef = 5939DE3614A4321E00F01FF2 /* JpMasuidriveTiEvernoteapiNoteAttributesProxy.h */; };
		5939DE7C14A4321E00F01FF2 /* JpMasuidriveTiEvernoteapiNoteAttributesProxy.m in Sources */ = {isa = PBXBuildFile; fileRef = 5939DE3714A4321E00F01FF2 /* JpMasuidriveTiEvernoteapiNoteAttributesProxy.m */; };
		5939DE7D14A4321E00F01FF2 /* JpMasuidriveTiEvernoteapiNotebookProxy.h in Headers */ = {isa = PBXBuildFile; fileRef = 5939DE3814A4321E00F01FF2 /* JpMasuidriveTiEvernoteapiNotebookProxy.h */; };
		5939DE7E14A4321E00F01FF2 /* JpMasuidriveTiEvernoteapiNotebookProxy.m in Sources */ = {isa = PBXBuildFile; fileRef = 5939DE3914A4321E00F01FF2 /* JpMasuidriveTiEvernoteapiNotebookProxy.m */; };
		5939DE7F14A4321E00F01FF2 /* JpMasuidriveTiEvernoteapiNoteCollectionCountsProxy.h in Headers */ = {isa = PBXBuildFile; fileRef = 5939DE3A14A4321E00F01FF2 /* JpMasuidriveTiEvernoteapiNoteCollectionCountsProxy.h */; };
		5939DE8014A4321E00F01FF2 /* JpMasuidriveTiEvernoteapiNoteCollectionCountsProxy.m in Sources */ = {isa = PBXBuildFile; fileRef = 5939DE3B14A4321E00F01FF2 /* JpMasuidriveTiEvernoteapiNoteCollectionCountsProxy.m */; };
		5939DE8114A4321E00F01FF2 /* JpMasuidriveTiEvernoteapiNoteEmailParametersProxy.h in Headers */ = {isa = PBXBuildFile; fileRef = 5939DE3C14A4321E00F01FF2 /* JpMasuidriveTiEvernoteapiNoteEmailParametersProxy.h */; };
		5939DE8214A4321E00F01FF2 /* JpMasuidriveTiEvernoteapiNoteEmailParametersProxy.m in Sources */ = {isa = PBXBuildFile; fileRef = 5939DE3D14A4321E00F01FF2 /* JpMasuidriveTiEvernoteapiNoteEmailParametersProxy.m */; };
		5939DE8314A4321E00F01FF2 /* JpMasuidriveTiEvernoteapiNoteFilterProxy.h in Headers */ = {isa = PBXBuildFile; fileRef = 5939DE3E14A4321E00F01FF2 /* JpMasuidriveTiEvernoteapiNoteFilterProxy.h */; };
		5939DE8414A4321E00F01FF2 /* JpMasuidriveTiEvernoteapiNoteFilterProxy.m in Sources */ = {isa = PBXBuildFile; fileRef = 5939DE3F14A4321E00F01FF2 /* JpMasuidriveTiEvernoteapiNoteFilterProxy.m */; };
		5939DE8514A4321E00F01FF2 /* JpMasuidriveTiEvernoteapiNoteListProxy.h in Headers */ = {isa = PBXBuildFile; fileRef = 5939DE4014A4321E00F01FF2 /* JpMasuidriveTiEvernoteapiNoteListProxy.h */; };
		5939DE8614A4321E00F01FF2 /* JpMasuidriveTiEvernoteapiNoteListProxy.m in Sources */ = {isa = PBXBuildFile; fileRef = 5939DE4114A4321E00F01FF2 /* JpMasuidriveTiEvernoteapiNoteListProxy.m */; };
		5939DE8714A4321E00F01FF2 /* JpMasuidriveTiEvernoteapiNoteMetadataProxy.h in Headers */ = {isa = PBXBuildFile; fileRef = 5939DE4214A4321E00F01FF2 /* JpMasuidriveTiEvernoteapiNoteMetadataProxy.h */; };
		5939DE8814A4321E00F01FF2 /* JpMasuidriveTiEvernoteapiNoteMetadataProxy.m in Sources */ = {isa = PBXBuildFile; fileRef = 5939DE4314A4321E00F01FF2 /* JpMasuidriveTiEvernoteapiNoteMetadataProxy.m */; };
		5939DE8914A4321E00F01FF2 /* JpMasuidriveTiEvernoteapiNoteProxy.h in Headers */ = {isa = PBXBuildFile; fileRef = 5939DE4414A4321E00F01FF2 /* JpMasuidriveTiEvernoteapiNoteProxy.h */; };
		5939DE8A14A4321E00F01FF2 /* JpMasuidriveTiEvernoteapiNoteProxy.m in Sources */ = {isa = PBXBuildFile; fileRef = 5939DE4514A4321E00F01FF2 /* JpMasuidriveTiEvernoteapiNoteProxy.m */; };
		5939DE8B14A4321E00F01FF2 /* JpMasuidriveTiEvernoteapiNotesMetadataListProxy.h in Headers */ = {isa = PBXBuildFile; fileRef = 5939DE4614A4321E00F01FF2 /* JpMasuidriveTiEvernoteapiNotesMetadataListProxy.h */; };
		5939DE8C14A4321E00F01FF2 /* JpMasuidriveTiEvernoteapiNotesMetadataListProxy.m in Sources */ = {isa = PBXBuildFile; fileRef = 5939DE4714A4321E00F01FF2 /* JpMasuidriveTiEvernoteapiNotesMetadataListProxy.m */; };
		5939DE8D14A4321E00F01FF2 /* JpMasuidriveTiEvernoteapiNotesMetadataResultSpecProxy.h in Headers */ = {isa = PBXBuildFile; fileRef = 5939DE4814A4321E00F01FF2 /* JpMasuidriveTiEvernoteapiNotesMetadataResultSpecProxy.h */; };
		5939DE8E14A4321E00F01FF2 /* JpMasuidriveTiEvernoteapiNotesMetadataResultSpecProxy.m in Sources */ = {isa = PBXBuildFile; fileRef = 5939DE4914A4321E00F01FF2 /* JpMasuidriveTiEvernoteapiNotesMetadataResultSpecProxy.m */; };
		5939DE8F14A4321E00F01FF2 /* JpMasuidriveTiEvernoteapiNoteStoreClientProxy.h in Headers */ = {isa = PBXBuildFile; fileRef = 5939DE4A14A4321E00F01FF2 /* JpMasuidriveTiEvernoteapiNoteStoreClientProxy.h */; };
		5939DE9014A4321E00F01FF2 /* JpMasuidriveTiEvernoteapiNoteStoreClientProxy.m in Sources */ = {isa = PBXBuildFile; fileRef = 5939DE4B14A4321E00F01FF2 /* JpMasuidriveTiEvernoteapiNoteStoreClientProxy.m */; };
		5939DE9114A4321E00F01FF2 /* JpMasuidriveTiEvernoteapiNoteStoreConsts.m in Sources */ = {isa = PBXBuildFile; fileRef = 5939DE4C14A4321E00F01FF2 /* JpMasuidriveTiEvernoteapiNoteStoreConsts.m */; };
		5939DE9214A4321E00F01FF2 /* JpMasuidriveTiEvernoteapiNoteVersionIdProxy.h in Headers */ = {isa = PBXBuildFile; fileRef = 5939DE4D14A4321E00F01FF2 /* JpMasuidriveTiEvernoteapiNoteVersionIdProxy.h */; };
		5939DE9314A4321E00F01FF2 /* JpMasuidriveTiEvernoteapiNoteVersionIdProxy.m in Sources */ = {isa = PBXBuildFile; fileRef = 5939DE4E14A4321E00F01FF2 /* JpMasuidriveTiEvernoteapiNoteVersionIdProxy.m */; };
		5939DE9414A4321E00F01FF2 /* JpMasuidriveTiEvernoteapiPublicUserInfoProxy.h in Headers */ = {isa = PBXBuildFile; fileRef = 5939DE4F14A4321E00F01FF2 /* JpMasuidriveTiEvernoteapiPublicUserInfoProxy.h */; };
		5939DE9514A4321E00F01FF2 /* JpMasuidriveTiEvernoteapiPublicUserInfoProxy.m in Sources */ = {isa = PBXBuildFile; fileRef = 5939DE5014A4321E00F01FF2 /* JpMasuidriveTiEvernoteapiPublicUserInfoProxy.m */; };
		5939DE9614A4321E00F01FF2 /* JpMasuidriveTiEvernoteapiPublishingProxy.h in Headers */ = {isa = PBXBuildFile; fileRef = 5939DE5114A4321E00F01FF2 /* JpMasuidriveTiEvernoteapiPublishingProxy.h */; };
		5939DE9714A4321E00F01FF2 /* JpMasuidriveTiEvernoteapiPublishingProxy.m in Sources */ = {isa = PBXBuildFile; fileRef = 5939DE5214A4321E00F01FF2 /* JpMasuidriveTiEvernoteapiPublishingProxy.m */; };
		5939DE9814A4321E00F01FF2 /* JpMasuidriveTiEvernoteapiResourceAttributesProxy.h in Headers */ = {isa = PBXBuildFile; fileRef = 5939DE5314A4321E00F01FF2 /* JpMasuidriveTiEvernoteapiResourceAttributesProxy.h */; };
		5939DE9914A4321E00F01FF2 /* JpMasuidriveTiEvernoteapiResourceAttributesProxy.m in Sources */ = {isa = PBXBuildFile; fileRef = 5939DE5414A4321E00F01FF2 /* JpMasuidriveTiEvernoteapiResourceAttributesProxy.m */; };
		5939DE9A14A4321E00F01FF2 /* JpMasuidriveTiEvernoteapiResourceProxy.h in Headers */ = {isa = PBXBuildFile; fileRef = 5939DE5514A4321E00F01FF2 /* JpMasuidriveTiEvernoteapiResourceProxy.h */; };
		5939DE9B14A4321E00F01FF2 /* JpMasuidriveTiEvernoteapiResourceProxy.m in Sources */ = {isa = PBXBuildFile; fileRef = 5939DE5614A4321E00F01FF2 /* JpMasuidriveTiEvernoteapiResourceProxy.m */; };
		5939DE9C14A4321E00F01FF2 /* JpMasuidriveTiEvernoteapiSavedSearchProxy.h in Headers */ = {isa = PBXBuildFile; fileRef = 5939DE5714A4321E00F01FF2 /* JpMasuidriveTiEvernoteapiSavedSearchProxy.h */; };
		5939DE9D14A4321E00F01FF2 /* JpMasuidriveTiEvernoteapiSavedSearchProxy.m in Sources */ = {isa = PBXBuildFile; fileRef = 5939DE5814A4321E00F01FF2 /* JpMasuidriveTiEvernoteapiSavedSearchProxy.m */; };
		5939DE9E14A4321E00F01FF2 /* JpMasuidriveTiEvernoteapiSharedNotebookProxy.h in Headers */ = {isa = PBXBuildFile; fileRef = 5939DE5914A4321E00F01FF2 /* JpMasuidriveTiEvernoteapiSharedNotebookProxy.h */; };
		5939DE9F14A4321E00F01FF2 /* JpMasuidriveTiEvernoteapiSharedNotebookProxy.m in Sources */ = {isa = PBXBuildFile; fileRef = 5939DE5A14A4321E00F01FF2 /* JpMasuidriveTiEvernoteapiSharedNotebookProxy.m */; };
		5939DEA014A4321E00F01FF2 /* JpMasuidriveTiEvernoteapiSyncChunkFilterProxy.h in Headers */ = {isa = PBXBuildFile; fileRef = 5939DE5B14A4321E00F01FF2 /* JpMasuidriveTiEvernoteapiSyncChunkFilterProxy.h */; };
		5939DEA114A4321E00F01FF2 /* JpMasuidriveTiEvernoteapiSyncChunkFilterProxy.m in Sources */ = {isa = PBXBuildFile; fileRef = 5939DE5C14A4321E00F01FF2 /* JpMasuidriveTiEvernoteapiSyncChunkFilterProxy.m */; };
		5939DEA214A4321E00F01FF2 /* JpMasuidriveTiEvernoteapiSyncChunkProxy.h in Headers */ = {isa = PBXBuildFile; fileRef = 5939DE5D14A4321E00F01FF2 /* JpMasuidriveTiEvernoteapiSyncChunkProxy.h */; };
		5939DEA314A4321E00F01FF2 /* JpMasuidriveTiEvernoteapiSyncChunkProxy.m in Sources */ = {isa = PBXBuildFile; fileRef = 5939DE5E14A4321E00F01FF2 /* JpMasuidriveTiEvernoteapiSyncChunkProxy.m */; };
		5939DEA414A4321E00F01FF2 /* JpMasuidriveTiEvernoteapiSyncStateProxy.h in Headers */ = {isa = PBXBuildFile; fileRef = 5939DE5F14A4321E00F01FF2 /* JpMasuidriveTiEvernoteapiSyncStateProxy.h */; };
		5939DEA514A4321E00F01FF2 /* JpMasuidriveTiEvernoteapiSyncStateProxy.m in Sources */ = {isa = PBXBuildFile; fileRef = 5939DE6014A4321E00F01FF2 /* JpMasuidriveTiEvernoteapiSyncStateProxy.m */; };
		5939DEA614A4321E00F01FF2 /* JpMasuidriveTiEvernoteapiTagProxy.h in Headers */ = {isa = PBXBuildFile; fileRef = 5939DE6114A4321E00F01FF2 /* JpMasuidriveTiEvernoteapiTagProxy.h */; };
		5939DEA714A4321E00F01FF2 /* JpMasuidriveTiEvernoteapiTagProxy.m in Sources */ = {isa = PBXBuildFile; fileRef = 5939DE6214A4321E00F01FF2 /* JpMasuidriveTiEvernoteapiTagProxy.m */; };
		5939DEA814A4321E00F01FF2 /* JpMasuidriveTiEvernoteapiTypesConsts.m in Sources */ = {isa = PBXBuildFile; fileRef = 5939DE6314A4321E00F01FF2 /* JpMasuidriveTiEvernoteapiTypesConsts.m */; };
		5939DEA914A4321E00F01FF2 /* JpMasuidriveTiEvernoteapiUserAttributesProxy.h in Headers */ = {isa = PBXBuildFile; fileRef = 5939DE6414A4321E00F01FF2 /* JpMasuidriveTiEvernoteapiUserAttributesProxy.h */; };
		5939DEAA14A4321E00F01FF2 /* JpMasuidriveTiEvernoteapiUserAttributesProxy.m in Sources */ = {isa = PBXBuildFile; fileRef = 5939DE6514A4321E00F01FF2 /* JpMasuidriveTiEvernoteapiUserAttributesProxy.m */; };
		5939DEAB14A4321E00F01FF2 /* JpMasuidriveTiEvernoteapiUserProxy.h in Headers */ = {isa = PBXBuildFile; fileRef = 5939DE6614A4321E00F01FF2 /* JpMasuidriveTiEvernoteapiUserProxy.h */; };
		5939DEAC14A4321E00F01FF2 /* JpMasuidriveTiEvernoteapiUserProxy.m in Sources */ = {isa = PBXBuildFile; fileRef = 5939DE6714A4321E00F01FF2 /* JpMasuidriveTiEvernoteapiUserProxy.m */; };
		5939DEAD14A4321E00F01FF2 /* JpMasuidriveTiEvernoteapiUserStoreClientProxy.h in Headers */ = {isa = PBXBuildFile; fileRef = 5939DE6814A4321E00F01FF2 /* JpMasuidriveTiEvernoteapiUserStoreClientProxy.h */; };
		5939DEAE14A4321E00F01FF2 /* JpMasuidriveTiEvernoteapiUserStoreClientProxy.m in Sources */ = {isa = PBXBuildFile; fileRef = 5939DE6914A4321E00F01FF2 /* JpMasuidriveTiEvernoteapiUserStoreClientProxy.m */; };
		5939DEAF14A4321E00F01FF2 /* JpMasuidriveTiEvernoteapiUserStoreConsts.m in Sources */ = {isa = PBXBuildFile; fileRef = 5939DE6A14A4321E00F01FF2 /* JpMasuidriveTiEvernoteapiUserStoreConsts.m */; };
		596E30EA14A60DF000BDEB87 /* JpMasuidriveTiEvernoteapiEDAMNotFoundExceptionProxy.m in Sources */ = {isa = PBXBuildFile; fileRef = 596E30E714A60DF000BDEB87 /* JpMasuidriveTiEvernoteapiEDAMNotFoundExceptionProxy.m */; };
		596E30EB14A60DF000BDEB87 /* JpMasuidriveTiEvernoteapiEDAMSystemExceptionProxy.m in Sources */ = {isa = PBXBuildFile; fileRef = 596E30E814A60DF000BDEB87 /* JpMasuidriveTiEvernoteapiEDAMSystemExceptionProxy.m */; };
		596E30EC14A60DF000BDEB87 /* JpMasuidriveTiEvernoteapiEDAMUserExceptionProxy.m in Sources */ = {isa = PBXBuildFile; fileRef = 596E30E914A60DF000BDEB87 /* JpMasuidriveTiEvernoteapiEDAMUserExceptionProxy.m */; };
		59A813661498065A0022DD5D /* EDAMLimits.h in Headers */ = {isa = PBXBuildFile; fileRef = 59A813411498065A0022DD5D /* EDAMLimits.h */; };
		59A813671498065A0022DD5D /* EDAMLimits.m in Sources */ = {isa = PBXBuildFile; fileRef = 59A813421498065A0022DD5D /* EDAMLimits.m */; };
		59A813681498065A0022DD5D /* Errors.h in Headers */ = {isa = PBXBuildFile; fileRef = 59A813431498065A0022DD5D /* Errors.h */; };
		59A813691498065A0022DD5D /* Errors.m in Sources */ = {isa = PBXBuildFile; fileRef = 59A813441498065A0022DD5D /* Errors.m */; };
		59A8136A1498065A0022DD5D /* NoteStore.h in Headers */ = {isa = PBXBuildFile; fileRef = 59A813451498065A0022DD5D /* NoteStore.h */; };
		59A8136B1498065A0022DD5D /* NoteStore.m in Sources */ = {isa = PBXBuildFile; fileRef = 59A813461498065A0022DD5D /* NoteStore.m */; };
		59A8136C1498065A0022DD5D /* Types.h in Headers */ = {isa = PBXBuildFile; fileRef = 59A813471498065A0022DD5D /* Types.h */; };
		59A8136D1498065A0022DD5D /* Types.m in Sources */ = {isa = PBXBuildFile; fileRef = 59A813481498065A0022DD5D /* Types.m */; };
		59A8136E1498065A0022DD5D /* UserStore.h in Headers */ = {isa = PBXBuildFile; fileRef = 59A813491498065A0022DD5D /* UserStore.h */; };
		59A8136F1498065A0022DD5D /* UserStore.m in Sources */ = {isa = PBXBuildFile; fileRef = 59A8134A1498065A0022DD5D /* UserStore.m */; };
		59A813701498065A0022DD5D /* TBinaryProtocol.h in Headers */ = {isa = PBXBuildFile; fileRef = 59A8134D1498065A0022DD5D /* TBinaryProtocol.h */; };
		59A813711498065A0022DD5D /* TBinaryProtocol.m in Sources */ = {isa = PBXBuildFile; fileRef = 59A8134E1498065A0022DD5D /* TBinaryProtocol.m */; };
		59A813721498065A0022DD5D /* TProtocol.h in Headers */ = {isa = PBXBuildFile; fileRef = 59A8134F1498065A0022DD5D /* TProtocol.h */; };
		59A813731498065A0022DD5D /* TProtocolException.h in Headers */ = {isa = PBXBuildFile; fileRef = 59A813501498065A0022DD5D /* TProtocolException.h */; };
		59A813741498065A0022DD5D /* TProtocolException.m in Sources */ = {isa = PBXBuildFile; fileRef = 59A813511498065A0022DD5D /* TProtocolException.m */; };
		59A813751498065A0022DD5D /* TProtocolFactory.h in Headers */ = {isa = PBXBuildFile; fileRef = 59A813521498065A0022DD5D /* TProtocolFactory.h */; };
		59A813761498065A0022DD5D /* TProtocolUtil.h in Headers */ = {isa = PBXBuildFile; fileRef = 59A813531498065A0022DD5D /* TProtocolUtil.h */; };
		59A813771498065A0022DD5D /* TProtocolUtil.m in Sources */ = {isa = PBXBuildFile; fileRef = 59A813541498065A0022DD5D /* TProtocolUtil.m */; };
		59A813781498065A0022DD5D /* TApplicationException.h in Headers */ = {isa = PBXBuildFile; fileRef = 59A813561498065A0022DD5D /* TApplicationException.h */; };
		59A813791498065A0022DD5D /* TApplicationException.m in Sources */ = {isa = PBXBuildFile; fileRef = 59A813571498065A0022DD5D /* TApplicationException.m */; };
		59A8137A1498065A0022DD5D /* TException.h in Headers */ = {isa = PBXBuildFile; fileRef = 59A813581498065A0022DD5D /* TException.h */; };
		59A8137B1498065A0022DD5D /* TException.m in Sources */ = {isa = PBXBuildFile; fileRef = 59A813591498065A0022DD5D /* TException.m */; };
		59A8137C1498065A0022DD5D /* TProcessor.h in Headers */ = {isa = PBXBuildFile; fileRef = 59A8135A1498065A0022DD5D /* TProcessor.h */; };
		59A8137D1498065A0022DD5D /* TProcessorFactory.h in Headers */ = {isa = PBXBuildFile; fileRef = 59A8135B1498065A0022DD5D /* TProcessorFactory.h */; };
		59A8137E1498065A0022DD5D /* THTTPClient.h in Headers */ = {isa = PBXBuildFile; fileRef = 59A8135D1498065A0022DD5D /* THTTPClient.h */; };
		59A8137F1498065A0022DD5D /* THTTPClient.m in Sources */ = {isa = PBXBuildFile; fileRef = 59A8135E1498065A0022DD5D /* THTTPClient.m */; };
		59A813801498065A0022DD5D /* TMemoryBuffer.h in Headers */ = {isa = PBXBuildFile; fileRef = 59A8135F1498065A0022DD5D /* TMemoryBuffer.h */; };
		59A813811498065A0022DD5D /* TMemoryBuffer.m in Sources */ = {isa = PBXBuildFile; fileRef = 59A813601498065A0022DD5D /* TMemoryBuffer.m */; };
		59A813821498065A0022DD5D /* TTransport.h in Headers */ = {isa = PBXBuildFile; fileRef = 59A813611498065A0022DD5D /* TTransport.h */; };
		59A813831498065A0022DD5D /* TTransportException.h in Headers */ = {isa = PBXBuildFile; fileRef = 59A813621498065A0022DD5D /* TTransportException.h */; };
		59A813841498065A0022DD5D /* TTransportException.m in Sources */ = {isa = PBXBuildFile; fileRef = 59A813631498065A0022DD5D /* TTransportException.m */; };
		59A813851498065A0022DD5D /* TSharedProcessorFactory.h in Headers */ = {isa = PBXBuildFile; fileRef = 59A813641498065A0022DD5D /* TSharedProcessorFactory.h */; };
		59A813861498065A0022DD5D /* TSharedProcessorFactory.m in Sources */ = {isa = PBXBuildFile; fileRef = 59A813651498065A0022DD5D /* TSharedProcessorFactory.m */; };
		59A8140A1498073B0022DD5D /* TiThriftUtils.h in Headers */ = {isa = PBXBuildFile; fileRef = 59A814081498073B0022DD5D /* TiThriftUtils.h */; };
		59A8140B1498073B0022DD5D /* TiThriftUtils.m in Sources */ = {isa = PBXBuildFile; fileRef = 59A814091498073B0022DD5D /* TiThriftUtils.m */; };
		AA747D9F0F9514B9006C5449 /* JpMasuidriveTiEvernoteapi_Prefix.pch in Headers */ = {isa = PBXBuildFile; fileRef = AA747D9E0F9514B9006C5449 /* JpMasuidriveTiEvernoteapi_Prefix.pch */; };
		AACBBE4A0F95108600F1A2B1 /* Foundation.framework in Frameworks */ = {isa = PBXBuildFile; fileRef = AACBBE490F95108600F1A2B1 /* Foundation.framework */; };
/* End PBXBuildFile section */

/* Begin PBXContainerItemProxy section */
		24416B8411C4CA280047AFDD /* PBXContainerItemProxy */ = {
			isa = PBXContainerItemProxy;
			containerPortal = 0867D690FE84028FC02AAC07 /* Project object */;
			proxyType = 1;
			remoteGlobalIDString = D2AAC07D0554694100DB518D;
			remoteInfo = evernoteapi;
		};
/* End PBXContainerItemProxy section */

/* Begin PBXFileReference section */
		24DD6CF71134B3F500162E58 /* JpMasuidriveTiEvernoteapiModule.h */ = {isa = PBXFileReference; fileEncoding = 4; lastKnownFileType = sourcecode.c.h; name = JpMasuidriveTiEvernoteapiModule.h; path = Classes/JpMasuidriveTiEvernoteapiModule.h; sourceTree = "<group>"; };
		24DD6CF81134B3F500162E58 /* JpMasuidriveTiEvernoteapiModule.m */ = {isa = PBXFileReference; fileEncoding = 4; lastKnownFileType = sourcecode.c.objc; name = JpMasuidriveTiEvernoteapiModule.m; path = Classes/JpMasuidriveTiEvernoteapiModule.m; sourceTree = "<group>"; };
		24DD6D1B1134B66800162E58 /* titanium.xcconfig */ = {isa = PBXFileReference; fileEncoding = 4; lastKnownFileType = text.xcconfig; path = titanium.xcconfig; sourceTree = "<group>"; };
		24DE9E0F11C5FE74003F90F6 /* JpMasuidriveTiEvernoteapiModuleAssets.h */ = {isa = PBXFileReference; fileEncoding = 4; lastKnownFileType = sourcecode.c.h; name = JpMasuidriveTiEvernoteapiModuleAssets.h; path = Classes/JpMasuidriveTiEvernoteapiModuleAssets.h; sourceTree = "<group>"; };
		24DE9E1011C5FE74003F90F6 /* JpMasuidriveTiEvernoteapiModuleAssets.m */ = {isa = PBXFileReference; fileEncoding = 4; lastKnownFileType = sourcecode.c.objc; name = JpMasuidriveTiEvernoteapiModuleAssets.m; path = Classes/JpMasuidriveTiEvernoteapiModuleAssets.m; sourceTree = "<group>"; };
		5939DE2014A42D8400F01FF2 /* JpMasuidriveTiEvernoteapiClientProxy.h */ = {isa = PBXFileReference; fileEncoding = 4; lastKnownFileType = sourcecode.c.h; name = JpMasuidriveTiEvernoteapiClientProxy.h; path = Classes/JpMasuidriveTiEvernoteapiClientProxy.h; sourceTree = "<group>"; };
		5939DE2114A42D8400F01FF2 /* JpMasuidriveTiEvernoteapiClientProxy.m */ = {isa = PBXFileReference; fileEncoding = 4; lastKnownFileType = sourcecode.c.objc; name = JpMasuidriveTiEvernoteapiClientProxy.m; path = Classes/JpMasuidriveTiEvernoteapiClientProxy.m; sourceTree = "<group>"; };
		5939DE2614A4321E00F01FF2 /* JpMasuidriveTiEvernoteapiAccountingProxy.h */ = {isa = PBXFileReference; fileEncoding = 4; lastKnownFileType = sourcecode.c.h; path = JpMasuidriveTiEvernoteapiAccountingProxy.h; sourceTree = "<group>"; };
		5939DE2714A4321E00F01FF2 /* JpMasuidriveTiEvernoteapiAccountingProxy.m */ = {isa = PBXFileReference; fileEncoding = 4; lastKnownFileType = sourcecode.c.objc; path = JpMasuidriveTiEvernoteapiAccountingProxy.m; sourceTree = "<group>"; };
		5939DE2814A4321E00F01FF2 /* JpMasuidriveTiEvernoteapiAdImpressionsProxy.h */ = {isa = PBXFileReference; fileEncoding = 4; lastKnownFileType = sourcecode.c.h; path = JpMasuidriveTiEvernoteapiAdImpressionsProxy.h; sourceTree = "<group>"; };
		5939DE2914A4321E00F01FF2 /* JpMasuidriveTiEvernoteapiAdImpressionsProxy.m */ = {isa = PBXFileReference; fileEncoding = 4; lastKnownFileType = sourcecode.c.objc; path = JpMasuidriveTiEvernoteapiAdImpressionsProxy.m; sourceTree = "<group>"; };
		5939DE2A14A4321E00F01FF2 /* JpMasuidriveTiEvernoteapiAdParametersProxy.h */ = {isa = PBXFileReference; fileEncoding = 4; lastKnownFileType = sourcecode.c.h; path = JpMasuidriveTiEvernoteapiAdParametersProxy.h; sourceTree = "<group>"; };
		5939DE2B14A4321E00F01FF2 /* JpMasuidriveTiEvernoteapiAdParametersProxy.m */ = {isa = PBXFileReference; fileEncoding = 4; lastKnownFileType = sourcecode.c.objc; path = JpMasuidriveTiEvernoteapiAdParametersProxy.m; sourceTree = "<group>"; };
		5939DE2C14A4321E00F01FF2 /* JpMasuidriveTiEvernoteapiAdProxy.h */ = {isa = PBXFileReference; fileEncoding = 4; lastKnownFileType = sourcecode.c.h; path = JpMasuidriveTiEvernoteapiAdProxy.h; sourceTree = "<group>"; };
		5939DE2D14A4321E00F01FF2 /* JpMasuidriveTiEvernoteapiAdProxy.m */ = {isa = PBXFileReference; fileEncoding = 4; lastKnownFileType = sourcecode.c.objc; path = JpMasuidriveTiEvernoteapiAdProxy.m; sourceTree = "<group>"; };
		5939DE2E14A4321E00F01FF2 /* JpMasuidriveTiEvernoteapiAuthenticationResultProxy.h */ = {isa = PBXFileReference; fileEncoding = 4; lastKnownFileType = sourcecode.c.h; path = JpMasuidriveTiEvernoteapiAuthenticationResultProxy.h; sourceTree = "<group>"; };
		5939DE2F14A4321E00F01FF2 /* JpMasuidriveTiEvernoteapiAuthenticationResultProxy.m */ = {isa = PBXFileReference; fileEncoding = 4; lastKnownFileType = sourcecode.c.objc; path = JpMasuidriveTiEvernoteapiAuthenticationResultProxy.m; sourceTree = "<group>"; };
		5939DE3014A4321E00F01FF2 /* JpMasuidriveTiEvernoteapiDataProxy.h */ = {isa = PBXFileReference; fileEncoding = 4; lastKnownFileType = sourcecode.c.h; path = JpMasuidriveTiEvernoteapiDataProxy.h; sourceTree = "<group>"; };
		5939DE3114A4321E00F01FF2 /* JpMasuidriveTiEvernoteapiDataProxy.m */ = {isa = PBXFileReference; fileEncoding = 4; lastKnownFileType = sourcecode.c.objc; path = JpMasuidriveTiEvernoteapiDataProxy.m; sourceTree = "<group>"; };
		5939DE3214A4321E00F01FF2 /* JpMasuidriveTiEvernoteapiErrorsConsts.m */ = {isa = PBXFileReference; fileEncoding = 4; lastKnownFileType = sourcecode.c.objc; path = JpMasuidriveTiEvernoteapiErrorsConsts.m; sourceTree = "<group>"; };
		5939DE3314A4321E00F01FF2 /* JpMasuidriveTiEvernoteapiLimitsConsts.m */ = {isa = PBXFileReference; fileEncoding = 4; lastKnownFileType = sourcecode.c.objc; path = JpMasuidriveTiEvernoteapiLimitsConsts.m; sourceTree = "<group>"; };
		5939DE3414A4321E00F01FF2 /* JpMasuidriveTiEvernoteapiLinkedNotebookProxy.h */ = {isa = PBXFileReference; fileEncoding = 4; lastKnownFileType = sourcecode.c.h; path = JpMasuidriveTiEvernoteapiLinkedNotebookProxy.h; sourceTree = "<group>"; };
		5939DE3514A4321E00F01FF2 /* JpMasuidriveTiEvernoteapiLinkedNotebookProxy.m */ = {isa = PBXFileReference; fileEncoding = 4; lastKnownFileType = sourcecode.c.objc; path = JpMasuidriveTiEvernoteapiLinkedNotebookProxy.m; sourceTree = "<group>"; };
		5939DE3614A4321E00F01FF2 /* JpMasuidriveTiEvernoteapiNoteAttributesProxy.h */ = {isa = PBXFileReference; fileEncoding = 4; lastKnownFileType = sourcecode.c.h; path = JpMasuidriveTiEvernoteapiNoteAttributesProxy.h; sourceTree = "<group>"; };
		5939DE3714A4321E00F01FF2 /* JpMasuidriveTiEvernoteapiNoteAttributesProxy.m */ = {isa = PBXFileReference; fileEncoding = 4; lastKnownFileType = sourcecode.c.objc; path = JpMasuidriveTiEvernoteapiNoteAttributesProxy.m; sourceTree = "<group>"; };
		5939DE3814A4321E00F01FF2 /* JpMasuidriveTiEvernoteapiNotebookProxy.h */ = {isa = PBXFileReference; fileEncoding = 4; lastKnownFileType = sourcecode.c.h; path = JpMasuidriveTiEvernoteapiNotebookProxy.h; sourceTree = "<group>"; };
		5939DE3914A4321E00F01FF2 /* JpMasuidriveTiEvernoteapiNotebookProxy.m */ = {isa = PBXFileReference; fileEncoding = 4; lastKnownFileType = sourcecode.c.objc; path = JpMasuidriveTiEvernoteapiNotebookProxy.m; sourceTree = "<group>"; };
		5939DE3A14A4321E00F01FF2 /* JpMasuidriveTiEvernoteapiNoteCollectionCountsProxy.h */ = {isa = PBXFileReference; fileEncoding = 4; lastKnownFileType = sourcecode.c.h; path = JpMasuidriveTiEvernoteapiNoteCollectionCountsProxy.h; sourceTree = "<group>"; };
		5939DE3B14A4321E00F01FF2 /* JpMasuidriveTiEvernoteapiNoteCollectionCountsProxy.m */ = {isa = PBXFileReference; fileEncoding = 4; lastKnownFileType = sourcecode.c.objc; path = JpMasuidriveTiEvernoteapiNoteCollectionCountsProxy.m; sourceTree = "<group>"; };
		5939DE3C14A4321E00F01FF2 /* JpMasuidriveTiEvernoteapiNoteEmailParametersProxy.h */ = {isa = PBXFileReference; fileEncoding = 4; lastKnownFileType = sourcecode.c.h; path = JpMasuidriveTiEvernoteapiNoteEmailParametersProxy.h; sourceTree = "<group>"; };
		5939DE3D14A4321E00F01FF2 /* JpMasuidriveTiEvernoteapiNoteEmailParametersProxy.m */ = {isa = PBXFileReference; fileEncoding = 4; lastKnownFileType = sourcecode.c.objc; path = JpMasuidriveTiEvernoteapiNoteEmailParametersProxy.m; sourceTree = "<group>"; };
		5939DE3E14A4321E00F01FF2 /* JpMasuidriveTiEvernoteapiNoteFilterProxy.h */ = {isa = PBXFileReference; fileEncoding = 4; lastKnownFileType = sourcecode.c.h; path = JpMasuidriveTiEvernoteapiNoteFilterProxy.h; sourceTree = "<group>"; };
		5939DE3F14A4321E00F01FF2 /* JpMasuidriveTiEvernoteapiNoteFilterProxy.m */ = {isa = PBXFileReference; fileEncoding = 4; lastKnownFileType = sourcecode.c.objc; path = JpMasuidriveTiEvernoteapiNoteFilterProxy.m; sourceTree = "<group>"; };
		5939DE4014A4321E00F01FF2 /* JpMasuidriveTiEvernoteapiNoteListProxy.h */ = {isa = PBXFileReference; fileEncoding = 4; lastKnownFileType = sourcecode.c.h; path = JpMasuidriveTiEvernoteapiNoteListProxy.h; sourceTree = "<group>"; };
		5939DE4114A4321E00F01FF2 /* JpMasuidriveTiEvernoteapiNoteListProxy.m */ = {isa = PBXFileReference; fileEncoding = 4; lastKnownFileType = sourcecode.c.objc; path = JpMasuidriveTiEvernoteapiNoteListProxy.m; sourceTree = "<group>"; };
		5939DE4214A4321E00F01FF2 /* JpMasuidriveTiEvernoteapiNoteMetadataProxy.h */ = {isa = PBXFileReference; fileEncoding = 4; lastKnownFileType = sourcecode.c.h; path = JpMasuidriveTiEvernoteapiNoteMetadataProxy.h; sourceTree = "<group>"; };
		5939DE4314A4321E00F01FF2 /* JpMasuidriveTiEvernoteapiNoteMetadataProxy.m */ = {isa = PBXFileReference; fileEncoding = 4; lastKnownFileType = sourcecode.c.objc; path = JpMasuidriveTiEvernoteapiNoteMetadataProxy.m; sourceTree = "<group>"; };
		5939DE4414A4321E00F01FF2 /* JpMasuidriveTiEvernoteapiNoteProxy.h */ = {isa = PBXFileReference; fileEncoding = 4; lastKnownFileType = sourcecode.c.h; path = JpMasuidriveTiEvernoteapiNoteProxy.h; sourceTree = "<group>"; };
		5939DE4514A4321E00F01FF2 /* JpMasuidriveTiEvernoteapiNoteProxy.m */ = {isa = PBXFileReference; fileEncoding = 4; lastKnownFileType = sourcecode.c.objc; path = JpMasuidriveTiEvernoteapiNoteProxy.m; sourceTree = "<group>"; };
		5939DE4614A4321E00F01FF2 /* JpMasuidriveTiEvernoteapiNotesMetadataListProxy.h */ = {isa = PBXFileReference; fileEncoding = 4; lastKnownFileType = sourcecode.c.h; path = JpMasuidriveTiEvernoteapiNotesMetadataListProxy.h; sourceTree = "<group>"; };
		5939DE4714A4321E00F01FF2 /* JpMasuidriveTiEvernoteapiNotesMetadataListProxy.m */ = {isa = PBXFileReference; fileEncoding = 4; lastKnownFileType = sourcecode.c.objc; path = JpMasuidriveTiEvernoteapiNotesMetadataListProxy.m; sourceTree = "<group>"; };
		5939DE4814A4321E00F01FF2 /* JpMasuidriveTiEvernoteapiNotesMetadataResultSpecProxy.h */ = {isa = PBXFileReference; fileEncoding = 4; lastKnownFileType = sourcecode.c.h; path = JpMasuidriveTiEvernoteapiNotesMetadataResultSpecProxy.h; sourceTree = "<group>"; };
		5939DE4914A4321E00F01FF2 /* JpMasuidriveTiEvernoteapiNotesMetadataResultSpecProxy.m */ = {isa = PBXFileReference; fileEncoding = 4; lastKnownFileType = sourcecode.c.objc; path = JpMasuidriveTiEvernoteapiNotesMetadataResultSpecProxy.m; sourceTree = "<group>"; };
		5939DE4A14A4321E00F01FF2 /* JpMasuidriveTiEvernoteapiNoteStoreClientProxy.h */ = {isa = PBXFileReference; fileEncoding = 4; lastKnownFileType = sourcecode.c.h; path = JpMasuidriveTiEvernoteapiNoteStoreClientProxy.h; sourceTree = "<group>"; };
		5939DE4B14A4321E00F01FF2 /* JpMasuidriveTiEvernoteapiNoteStoreClientProxy.m */ = {isa = PBXFileReference; fileEncoding = 4; lastKnownFileType = sourcecode.c.objc; path = JpMasuidriveTiEvernoteapiNoteStoreClientProxy.m; sourceTree = "<group>"; };
		5939DE4C14A4321E00F01FF2 /* JpMasuidriveTiEvernoteapiNoteStoreConsts.m */ = {isa = PBXFileReference; fileEncoding = 4; lastKnownFileType = sourcecode.c.objc; path = JpMasuidriveTiEvernoteapiNoteStoreConsts.m; sourceTree = "<group>"; };
		5939DE4D14A4321E00F01FF2 /* JpMasuidriveTiEvernoteapiNoteVersionIdProxy.h */ = {isa = PBXFileReference; fileEncoding = 4; lastKnownFileType = sourcecode.c.h; path = JpMasuidriveTiEvernoteapiNoteVersionIdProxy.h; sourceTree = "<group>"; };
		5939DE4E14A4321E00F01FF2 /* JpMasuidriveTiEvernoteapiNoteVersionIdProxy.m */ = {isa = PBXFileReference; fileEncoding = 4; lastKnownFileType = sourcecode.c.objc; path = JpMasuidriveTiEvernoteapiNoteVersionIdProxy.m; sourceTree = "<group>"; };
		5939DE4F14A4321E00F01FF2 /* JpMasuidriveTiEvernoteapiPublicUserInfoProxy.h */ = {isa = PBXFileReference; fileEncoding = 4; lastKnownFileType = sourcecode.c.h; path = JpMasuidriveTiEvernoteapiPublicUserInfoProxy.h; sourceTree = "<group>"; };
		5939DE5014A4321E00F01FF2 /* JpMasuidriveTiEvernoteapiPublicUserInfoProxy.m */ = {isa = PBXFileReference; fileEncoding = 4; lastKnownFileType = sourcecode.c.objc; path = JpMasuidriveTiEvernoteapiPublicUserInfoProxy.m; sourceTree = "<group>"; };
		5939DE5114A4321E00F01FF2 /* JpMasuidriveTiEvernoteapiPublishingProxy.h */ = {isa = PBXFileReference; fileEncoding = 4; lastKnownFileType = sourcecode.c.h; path = JpMasuidriveTiEvernoteapiPublishingProxy.h; sourceTree = "<group>"; };
		5939DE5214A4321E00F01FF2 /* JpMasuidriveTiEvernoteapiPublishingProxy.m */ = {isa = PBXFileReference; fileEncoding = 4; lastKnownFileType = sourcecode.c.objc; path = JpMasuidriveTiEvernoteapiPublishingProxy.m; sourceTree = "<group>"; };
		5939DE5314A4321E00F01FF2 /* JpMasuidriveTiEvernoteapiResourceAttributesProxy.h */ = {isa = PBXFileReference; fileEncoding = 4; lastKnownFileType = sourcecode.c.h; path = JpMasuidriveTiEvernoteapiResourceAttributesProxy.h; sourceTree = "<group>"; };
		5939DE5414A4321E00F01FF2 /* JpMasuidriveTiEvernoteapiResourceAttributesProxy.m */ = {isa = PBXFileReference; fileEncoding = 4; lastKnownFileType = sourcecode.c.objc; path = JpMasuidriveTiEvernoteapiResourceAttributesProxy.m; sourceTree = "<group>"; };
		5939DE5514A4321E00F01FF2 /* JpMasuidriveTiEvernoteapiResourceProxy.h */ = {isa = PBXFileReference; fileEncoding = 4; lastKnownFileType = sourcecode.c.h; path = JpMasuidriveTiEvernoteapiResourceProxy.h; sourceTree = "<group>"; };
		5939DE5614A4321E00F01FF2 /* JpMasuidriveTiEvernoteapiResourceProxy.m */ = {isa = PBXFileReference; fileEncoding = 4; lastKnownFileType = sourcecode.c.objc; path = JpMasuidriveTiEvernoteapiResourceProxy.m; sourceTree = "<group>"; };
		5939DE5714A4321E00F01FF2 /* JpMasuidriveTiEvernoteapiSavedSearchProxy.h */ = {isa = PBXFileReference; fileEncoding = 4; lastKnownFileType = sourcecode.c.h; path = JpMasuidriveTiEvernoteapiSavedSearchProxy.h; sourceTree = "<group>"; };
		5939DE5814A4321E00F01FF2 /* JpMasuidriveTiEvernoteapiSavedSearchProxy.m */ = {isa = PBXFileReference; fileEncoding = 4; lastKnownFileType = sourcecode.c.objc; path = JpMasuidriveTiEvernoteapiSavedSearchProxy.m; sourceTree = "<group>"; };
		5939DE5914A4321E00F01FF2 /* JpMasuidriveTiEvernoteapiSharedNotebookProxy.h */ = {isa = PBXFileReference; fileEncoding = 4; lastKnownFileType = sourcecode.c.h; path = JpMasuidriveTiEvernoteapiSharedNotebookProxy.h; sourceTree = "<group>"; };
		5939DE5A14A4321E00F01FF2 /* JpMasuidriveTiEvernoteapiSharedNotebookProxy.m */ = {isa = PBXFileReference; fileEncoding = 4; lastKnownFileType = sourcecode.c.objc; path = JpMasuidriveTiEvernoteapiSharedNotebookProxy.m; sourceTree = "<group>"; };
		5939DE5B14A4321E00F01FF2 /* JpMasuidriveTiEvernoteapiSyncChunkFilterProxy.h */ = {isa = PBXFileReference; fileEncoding = 4; lastKnownFileType = sourcecode.c.h; path = JpMasuidriveTiEvernoteapiSyncChunkFilterProxy.h; sourceTree = "<group>"; };
		5939DE5C14A4321E00F01FF2 /* JpMasuidriveTiEvernoteapiSyncChunkFilterProxy.m */ = {isa = PBXFileReference; fileEncoding = 4; lastKnownFileType = sourcecode.c.objc; path = JpMasuidriveTiEvernoteapiSyncChunkFilterProxy.m; sourceTree = "<group>"; };
		5939DE5D14A4321E00F01FF2 /* JpMasuidriveTiEvernoteapiSyncChunkProxy.h */ = {isa = PBXFileReference; fileEncoding = 4; lastKnownFileType = sourcecode.c.h; path = JpMasuidriveTiEvernoteapiSyncChunkProxy.h; sourceTree = "<group>"; };
		5939DE5E14A4321E00F01FF2 /* JpMasuidriveTiEvernoteapiSyncChunkProxy.m */ = {isa = PBXFileReference; fileEncoding = 4; lastKnownFileType = sourcecode.c.objc; path = JpMasuidriveTiEvernoteapiSyncChunkProxy.m; sourceTree = "<group>"; };
		5939DE5F14A4321E00F01FF2 /* JpMasuidriveTiEvernoteapiSyncStateProxy.h */ = {isa = PBXFileReference; fileEncoding = 4; lastKnownFileType = sourcecode.c.h; path = JpMasuidriveTiEvernoteapiSyncStateProxy.h; sourceTree = "<group>"; };
		5939DE6014A4321E00F01FF2 /* JpMasuidriveTiEvernoteapiSyncStateProxy.m */ = {isa = PBXFileReference; fileEncoding = 4; lastKnownFileType = sourcecode.c.objc; path = JpMasuidriveTiEvernoteapiSyncStateProxy.m; sourceTree = "<group>"; };
		5939DE6114A4321E00F01FF2 /* JpMasuidriveTiEvernoteapiTagProxy.h */ = {isa = PBXFileReference; fileEncoding = 4; lastKnownFileType = sourcecode.c.h; path = JpMasuidriveTiEvernoteapiTagProxy.h; sourceTree = "<group>"; };
		5939DE6214A4321E00F01FF2 /* JpMasuidriveTiEvernoteapiTagProxy.m */ = {isa = PBXFileReference; fileEncoding = 4; lastKnownFileType = sourcecode.c.objc; path = JpMasuidriveTiEvernoteapiTagProxy.m; sourceTree = "<group>"; };
		5939DE6314A4321E00F01FF2 /* JpMasuidriveTiEvernoteapiTypesConsts.m */ = {isa = PBXFileReference; fileEncoding = 4; lastKnownFileType = sourcecode.c.objc; path = JpMasuidriveTiEvernoteapiTypesConsts.m; sourceTree = "<group>"; };
		5939DE6414A4321E00F01FF2 /* JpMasuidriveTiEvernoteapiUserAttributesProxy.h */ = {isa = PBXFileReference; fileEncoding = 4; lastKnownFileType = sourcecode.c.h; path = JpMasuidriveTiEvernoteapiUserAttributesProxy.h; sourceTree = "<group>"; };
		5939DE6514A4321E00F01FF2 /* JpMasuidriveTiEvernoteapiUserAttributesProxy.m */ = {isa = PBXFileReference; fileEncoding = 4; lastKnownFileType = sourcecode.c.objc; path = JpMasuidriveTiEvernoteapiUserAttributesProxy.m; sourceTree = "<group>"; };
		5939DE6614A4321E00F01FF2 /* JpMasuidriveTiEvernoteapiUserProxy.h */ = {isa = PBXFileReference; fileEncoding = 4; lastKnownFileType = sourcecode.c.h; path = JpMasuidriveTiEvernoteapiUserProxy.h; sourceTree = "<group>"; };
		5939DE6714A4321E00F01FF2 /* JpMasuidriveTiEvernoteapiUserProxy.m */ = {isa = PBXFileReference; fileEncoding = 4; lastKnownFileType = sourcecode.c.objc; path = JpMasuidriveTiEvernoteapiUserProxy.m; sourceTree = "<group>"; };
		5939DE6814A4321E00F01FF2 /* JpMasuidriveTiEvernoteapiUserStoreClientProxy.h */ = {isa = PBXFileReference; fileEncoding = 4; lastKnownFileType = sourcecode.c.h; path = JpMasuidriveTiEvernoteapiUserStoreClientProxy.h; sourceTree = "<group>"; };
		5939DE6914A4321E00F01FF2 /* JpMasuidriveTiEvernoteapiUserStoreClientProxy.m */ = {isa = PBXFileReference; fileEncoding = 4; lastKnownFileType = sourcecode.c.objc; path = JpMasuidriveTiEvernoteapiUserStoreClientProxy.m; sourceTree = "<group>"; };
		5939DE6A14A4321E00F01FF2 /* JpMasuidriveTiEvernoteapiUserStoreConsts.m */ = {isa = PBXFileReference; fileEncoding = 4; lastKnownFileType = sourcecode.c.objc; path = JpMasuidriveTiEvernoteapiUserStoreConsts.m; sourceTree = "<group>"; };
		596E30E714A60DF000BDEB87 /* JpMasuidriveTiEvernoteapiEDAMNotFoundExceptionProxy.m */ = {isa = PBXFileReference; fileEncoding = 4; lastKnownFileType = sourcecode.c.objc; path = JpMasuidriveTiEvernoteapiEDAMNotFoundExceptionProxy.m; sourceTree = "<group>"; };
		596E30E814A60DF000BDEB87 /* JpMasuidriveTiEvernoteapiEDAMSystemExceptionProxy.m */ = {isa = PBXFileReference; fileEncoding = 4; lastKnownFileType = sourcecode.c.objc; path = JpMasuidriveTiEvernoteapiEDAMSystemExceptionProxy.m; sourceTree = "<group>"; };
		596E30E914A60DF000BDEB87 /* JpMasuidriveTiEvernoteapiEDAMUserExceptionProxy.m */ = {isa = PBXFileReference; fileEncoding = 4; lastKnownFileType = sourcecode.c.objc; path = JpMasuidriveTiEvernoteapiEDAMUserExceptionProxy.m; sourceTree = "<group>"; };
		59A813411498065A0022DD5D /* EDAMLimits.h */ = {isa = PBXFileReference; fileEncoding = 4; lastKnownFileType = sourcecode.c.h; path = EDAMLimits.h; sourceTree = "<group>"; };
		59A813421498065A0022DD5D /* EDAMLimits.m */ = {isa = PBXFileReference; fileEncoding = 4; lastKnownFileType = sourcecode.c.objc; path = EDAMLimits.m; sourceTree = "<group>"; };
		59A813431498065A0022DD5D /* Errors.h */ = {isa = PBXFileReference; fileEncoding = 4; lastKnownFileType = sourcecode.c.h; path = Errors.h; sourceTree = "<group>"; };
		59A813441498065A0022DD5D /* Errors.m */ = {isa = PBXFileReference; fileEncoding = 4; lastKnownFileType = sourcecode.c.objc; path = Errors.m; sourceTree = "<group>"; };
		59A813451498065A0022DD5D /* NoteStore.h */ = {isa = PBXFileReference; fileEncoding = 4; lastKnownFileType = sourcecode.c.h; path = NoteStore.h; sourceTree = "<group>"; };
		59A813461498065A0022DD5D /* NoteStore.m */ = {isa = PBXFileReference; fileEncoding = 4; lastKnownFileType = sourcecode.c.objc; path = NoteStore.m; sourceTree = "<group>"; };
		59A813471498065A0022DD5D /* Types.h */ = {isa = PBXFileReference; fileEncoding = 4; lastKnownFileType = sourcecode.c.h; path = Types.h; sourceTree = "<group>"; };
		59A813481498065A0022DD5D /* Types.m */ = {isa = PBXFileReference; fileEncoding = 4; lastKnownFileType = sourcecode.c.objc; path = Types.m; sourceTree = "<group>"; };
		59A813491498065A0022DD5D /* UserStore.h */ = {isa = PBXFileReference; fileEncoding = 4; lastKnownFileType = sourcecode.c.h; path = UserStore.h; sourceTree = "<group>"; };
		59A8134A1498065A0022DD5D /* UserStore.m */ = {isa = PBXFileReference; fileEncoding = 4; lastKnownFileType = sourcecode.c.objc; path = UserStore.m; sourceTree = "<group>"; };
		59A8134D1498065A0022DD5D /* TBinaryProtocol.h */ = {isa = PBXFileReference; fileEncoding = 4; lastKnownFileType = sourcecode.c.h; path = TBinaryProtocol.h; sourceTree = "<group>"; };
		59A8134E1498065A0022DD5D /* TBinaryProtocol.m */ = {isa = PBXFileReference; fileEncoding = 4; lastKnownFileType = sourcecode.c.objc; path = TBinaryProtocol.m; sourceTree = "<group>"; };
		59A8134F1498065A0022DD5D /* TProtocol.h */ = {isa = PBXFileReference; fileEncoding = 4; lastKnownFileType = sourcecode.c.h; path = TProtocol.h; sourceTree = "<group>"; };
		59A813501498065A0022DD5D /* TProtocolException.h */ = {isa = PBXFileReference; fileEncoding = 4; lastKnownFileType = sourcecode.c.h; path = TProtocolException.h; sourceTree = "<group>"; };
		59A813511498065A0022DD5D /* TProtocolException.m */ = {isa = PBXFileReference; fileEncoding = 4; lastKnownFileType = sourcecode.c.objc; path = TProtocolException.m; sourceTree = "<group>"; };
		59A813521498065A0022DD5D /* TProtocolFactory.h */ = {isa = PBXFileReference; fileEncoding = 4; lastKnownFileType = sourcecode.c.h; path = TProtocolFactory.h; sourceTree = "<group>"; };
		59A813531498065A0022DD5D /* TProtocolUtil.h */ = {isa = PBXFileReference; fileEncoding = 4; lastKnownFileType = sourcecode.c.h; path = TProtocolUtil.h; sourceTree = "<group>"; };
		59A813541498065A0022DD5D /* TProtocolUtil.m */ = {isa = PBXFileReference; fileEncoding = 4; lastKnownFileType = sourcecode.c.objc; path = TProtocolUtil.m; sourceTree = "<group>"; };
		59A813561498065A0022DD5D /* TApplicationException.h */ = {isa = PBXFileReference; fileEncoding = 4; lastKnownFileType = sourcecode.c.h; path = TApplicationException.h; sourceTree = "<group>"; };
		59A813571498065A0022DD5D /* TApplicationException.m */ = {isa = PBXFileReference; fileEncoding = 4; lastKnownFileType = sourcecode.c.objc; path = TApplicationException.m; sourceTree = "<group>"; };
		59A813581498065A0022DD5D /* TException.h */ = {isa = PBXFileReference; fileEncoding = 4; lastKnownFileType = sourcecode.c.h; path = TException.h; sourceTree = "<group>"; };
		59A813591498065A0022DD5D /* TException.m */ = {isa = PBXFileReference; fileEncoding = 4; lastKnownFileType = sourcecode.c.objc; path = TException.m; sourceTree = "<group>"; };
		59A8135A1498065A0022DD5D /* TProcessor.h */ = {isa = PBXFileReference; fileEncoding = 4; lastKnownFileType = sourcecode.c.h; path = TProcessor.h; sourceTree = "<group>"; };
		59A8135B1498065A0022DD5D /* TProcessorFactory.h */ = {isa = PBXFileReference; fileEncoding = 4; lastKnownFileType = sourcecode.c.h; path = TProcessorFactory.h; sourceTree = "<group>"; };
		59A8135D1498065A0022DD5D /* THTTPClient.h */ = {isa = PBXFileReference; fileEncoding = 4; lastKnownFileType = sourcecode.c.h; path = THTTPClient.h; sourceTree = "<group>"; };
		59A8135E1498065A0022DD5D /* THTTPClient.m */ = {isa = PBXFileReference; fileEncoding = 4; lastKnownFileType = sourcecode.c.objc; path = THTTPClient.m; sourceTree = "<group>"; };
		59A8135F1498065A0022DD5D /* TMemoryBuffer.h */ = {isa = PBXFileReference; fileEncoding = 4; lastKnownFileType = sourcecode.c.h; path = TMemoryBuffer.h; sourceTree = "<group>"; };
		59A813601498065A0022DD5D /* TMemoryBuffer.m */ = {isa = PBXFileReference; fileEncoding = 4; lastKnownFileType = sourcecode.c.objc; path = TMemoryBuffer.m; sourceTree = "<group>"; };
		59A813611498065A0022DD5D /* TTransport.h */ = {isa = PBXFileReference; fileEncoding = 4; lastKnownFileType = sourcecode.c.h; path = TTransport.h; sourceTree = "<group>"; };
		59A813621498065A0022DD5D /* TTransportException.h */ = {isa = PBXFileReference; fileEncoding = 4; lastKnownFileType = sourcecode.c.h; path = TTransportException.h; sourceTree = "<group>"; };
		59A813631498065A0022DD5D /* TTransportException.m */ = {isa = PBXFileReference; fileEncoding = 4; lastKnownFileType = sourcecode.c.objc; path = TTransportException.m; sourceTree = "<group>"; };
		59A813641498065A0022DD5D /* TSharedProcessorFactory.h */ = {isa = PBXFileReference; fileEncoding = 4; lastKnownFileType = sourcecode.c.h; path = TSharedProcessorFactory.h; sourceTree = "<group>"; };
		59A813651498065A0022DD5D /* TSharedProcessorFactory.m */ = {isa = PBXFileReference; fileEncoding = 4; lastKnownFileType = sourcecode.c.objc; path = TSharedProcessorFactory.m; sourceTree = "<group>"; };
		59A814081498073B0022DD5D /* TiThriftUtils.h */ = {isa = PBXFileReference; fileEncoding = 4; lastKnownFileType = sourcecode.c.h; name = TiThriftUtils.h; path = Classes/TiThriftUtils.h; sourceTree = "<group>"; };
		59A814091498073B0022DD5D /* TiThriftUtils.m */ = {isa = PBXFileReference; fileEncoding = 4; lastKnownFileType = sourcecode.c.objc; name = TiThriftUtils.m; path = Classes/TiThriftUtils.m; sourceTree = "<group>"; };
		AA747D9E0F9514B9006C5449 /* JpMasuidriveTiEvernoteapi_Prefix.pch */ = {isa = PBXFileReference; fileEncoding = 4; lastKnownFileType = sourcecode.c.h; path = JpMasuidriveTiEvernoteapi_Prefix.pch; sourceTree = SOURCE_ROOT; };
		AACBBE490F95108600F1A2B1 /* Foundation.framework */ = {isa = PBXFileReference; lastKnownFileType = wrapper.framework; name = Foundation.framework; path = System/Library/Frameworks/Foundation.framework; sourceTree = SDKROOT; };
		D2AAC07E0554694100DB518D /* libJpMasuidriveTiEvernoteapi.a */ = {isa = PBXFileReference; explicitFileType = archive.ar; includeInIndex = 0; path = libJpMasuidriveTiEvernoteapi.a; sourceTree = BUILT_PRODUCTS_DIR; };
/* End PBXFileReference section */

/* Begin PBXFrameworksBuildPhase section */
		D2AAC07C0554694100DB518D /* Frameworks */ = {
			isa = PBXFrameworksBuildPhase;
			buildActionMask = 2147483647;
			files = (
				AACBBE4A0F95108600F1A2B1 /* Foundation.framework in Frameworks */,
			);
			runOnlyForDeploymentPostprocessing = 0;
		};
/* End PBXFrameworksBuildPhase section */

/* Begin PBXGroup section */
		034768DFFF38A50411DB9C8B /* Products */ = {
			isa = PBXGroup;
			children = (
				D2AAC07E0554694100DB518D /* libJpMasuidriveTiEvernoteapi.a */,
			);
			name = Products;
			sourceTree = "<group>";
		};
		0867D691FE84028FC02AAC07 /* evernoteapi */ = {
			isa = PBXGroup;
			children = (
				08FB77AEFE84172EC02AAC07 /* Classes */,
				32C88DFF0371C24200C91783 /* Other Sources */,
				0867D69AFE84028FC02AAC07 /* Frameworks */,
				034768DFFF38A50411DB9C8B /* Products */,
			);
			name = evernoteapi;
			sourceTree = "<group>";
		};
		0867D69AFE84028FC02AAC07 /* Frameworks */ = {
			isa = PBXGroup;
			children = (
				AACBBE490F95108600F1A2B1 /* Foundation.framework */,
			);
			name = Frameworks;
			sourceTree = "<group>";
		};
		08FB77AEFE84172EC02AAC07 /* Classes */ = {
			isa = PBXGroup;
			children = (
				5939DE2514A4321E00F01FF2 /* EvernoteProxy */,
				24DE9E0F11C5FE74003F90F6 /* JpMasuidriveTiEvernoteapiModuleAssets.h */,
				24DE9E1011C5FE74003F90F6 /* JpMasuidriveTiEvernoteapiModuleAssets.m */,
				24DD6CF71134B3F500162E58 /* JpMasuidriveTiEvernoteapiModule.h */,
				24DD6CF81134B3F500162E58 /* JpMasuidriveTiEvernoteapiModule.m */,
				5939DE2014A42D8400F01FF2 /* JpMasuidriveTiEvernoteapiClientProxy.h */,
				5939DE2114A42D8400F01FF2 /* JpMasuidriveTiEvernoteapiClientProxy.m */,
				59A814081498073B0022DD5D /* TiThriftUtils.h */,
				59A814091498073B0022DD5D /* TiThriftUtils.m */,
			);
			name = Classes;
			sourceTree = "<group>";
		};
		32C88DFF0371C24200C91783 /* Other Sources */ = {
			isa = PBXGroup;
			children = (
				59A8133F149806350022DD5D /* EvernoteAPI */,
				AA747D9E0F9514B9006C5449 /* JpMasuidriveTiEvernoteapi_Prefix.pch */,
				24DD6D1B1134B66800162E58 /* titanium.xcconfig */,
			);
			name = "Other Sources";
			sourceTree = "<group>";
		};
		5939DE2514A4321E00F01FF2 /* EvernoteProxy */ = {
			isa = PBXGroup;
			children = (
				596E30E714A60DF000BDEB87 /* JpMasuidriveTiEvernoteapiEDAMNotFoundExceptionProxy.m */,
				596E30E814A60DF000BDEB87 /* JpMasuidriveTiEvernoteapiEDAMSystemExceptionProxy.m */,
				596E30E914A60DF000BDEB87 /* JpMasuidriveTiEvernoteapiEDAMUserExceptionProxy.m */,
				5939DE2614A4321E00F01FF2 /* JpMasuidriveTiEvernoteapiAccountingProxy.h */,
				5939DE2714A4321E00F01FF2 /* JpMasuidriveTiEvernoteapiAccountingProxy.m */,
				5939DE2814A4321E00F01FF2 /* JpMasuidriveTiEvernoteapiAdImpressionsProxy.h */,
				5939DE2914A4321E00F01FF2 /* JpMasuidriveTiEvernoteapiAdImpressionsProxy.m */,
				5939DE2A14A4321E00F01FF2 /* JpMasuidriveTiEvernoteapiAdParametersProxy.h */,
				5939DE2B14A4321E00F01FF2 /* JpMasuidriveTiEvernoteapiAdParametersProxy.m */,
				5939DE2C14A4321E00F01FF2 /* JpMasuidriveTiEvernoteapiAdProxy.h */,
				5939DE2D14A4321E00F01FF2 /* JpMasuidriveTiEvernoteapiAdProxy.m */,
				5939DE2E14A4321E00F01FF2 /* JpMasuidriveTiEvernoteapiAuthenticationResultProxy.h */,
				5939DE2F14A4321E00F01FF2 /* JpMasuidriveTiEvernoteapiAuthenticationResultProxy.m */,
				5939DE3014A4321E00F01FF2 /* JpMasuidriveTiEvernoteapiDataProxy.h */,
				5939DE3114A4321E00F01FF2 /* JpMasuidriveTiEvernoteapiDataProxy.m */,
				5939DE3214A4321E00F01FF2 /* JpMasuidriveTiEvernoteapiErrorsConsts.m */,
				5939DE3314A4321E00F01FF2 /* JpMasuidriveTiEvernoteapiLimitsConsts.m */,
				5939DE3414A4321E00F01FF2 /* JpMasuidriveTiEvernoteapiLinkedNotebookProxy.h */,
				5939DE3514A4321E00F01FF2 /* JpMasuidriveTiEvernoteapiLinkedNotebookProxy.m */,
				5939DE3614A4321E00F01FF2 /* JpMasuidriveTiEvernoteapiNoteAttributesProxy.h */,
				5939DE3714A4321E00F01FF2 /* JpMasuidriveTiEvernoteapiNoteAttributesProxy.m */,
				5939DE3814A4321E00F01FF2 /* JpMasuidriveTiEvernoteapiNotebookProxy.h */,
				5939DE3914A4321E00F01FF2 /* JpMasuidriveTiEvernoteapiNotebookProxy.m */,
				5939DE3A14A4321E00F01FF2 /* JpMasuidriveTiEvernoteapiNoteCollectionCountsProxy.h */,
				5939DE3B14A4321E00F01FF2 /* JpMasuidriveTiEvernoteapiNoteCollectionCountsProxy.m */,
				5939DE3C14A4321E00F01FF2 /* JpMasuidriveTiEvernoteapiNoteEmailParametersProxy.h */,
				5939DE3D14A4321E00F01FF2 /* JpMasuidriveTiEvernoteapiNoteEmailParametersProxy.m */,
				5939DE3E14A4321E00F01FF2 /* JpMasuidriveTiEvernoteapiNoteFilterProxy.h */,
				5939DE3F14A4321E00F01FF2 /* JpMasuidriveTiEvernoteapiNoteFilterProxy.m */,
				5939DE4014A4321E00F01FF2 /* JpMasuidriveTiEvernoteapiNoteListProxy.h */,
				5939DE4114A4321E00F01FF2 /* JpMasuidriveTiEvernoteapiNoteListProxy.m */,
				5939DE4214A4321E00F01FF2 /* JpMasuidriveTiEvernoteapiNoteMetadataProxy.h */,
				5939DE4314A4321E00F01FF2 /* JpMasuidriveTiEvernoteapiNoteMetadataProxy.m */,
				5939DE4414A4321E00F01FF2 /* JpMasuidriveTiEvernoteapiNoteProxy.h */,
				5939DE4514A4321E00F01FF2 /* JpMasuidriveTiEvernoteapiNoteProxy.m */,
				5939DE4614A4321E00F01FF2 /* JpMasuidriveTiEvernoteapiNotesMetadataListProxy.h */,
				5939DE4714A4321E00F01FF2 /* JpMasuidriveTiEvernoteapiNotesMetadataListProxy.m */,
				5939DE4814A4321E00F01FF2 /* JpMasuidriveTiEvernoteapiNotesMetadataResultSpecProxy.h */,
				5939DE4914A4321E00F01FF2 /* JpMasuidriveTiEvernoteapiNotesMetadataResultSpecProxy.m */,
				5939DE4A14A4321E00F01FF2 /* JpMasuidriveTiEvernoteapiNoteStoreClientProxy.h */,
				5939DE4B14A4321E00F01FF2 /* JpMasuidriveTiEvernoteapiNoteStoreClientProxy.m */,
				5939DE4C14A4321E00F01FF2 /* JpMasuidriveTiEvernoteapiNoteStoreConsts.m */,
				5939DE4D14A4321E00F01FF2 /* JpMasuidriveTiEvernoteapiNoteVersionIdProxy.h */,
				5939DE4E14A4321E00F01FF2 /* JpMasuidriveTiEvernoteapiNoteVersionIdProxy.m */,
				5939DE4F14A4321E00F01FF2 /* JpMasuidriveTiEvernoteapiPublicUserInfoProxy.h */,
				5939DE5014A4321E00F01FF2 /* JpMasuidriveTiEvernoteapiPublicUserInfoProxy.m */,
				5939DE5114A4321E00F01FF2 /* JpMasuidriveTiEvernoteapiPublishingProxy.h */,
				5939DE5214A4321E00F01FF2 /* JpMasuidriveTiEvernoteapiPublishingProxy.m */,
				5939DE5314A4321E00F01FF2 /* JpMasuidriveTiEvernoteapiResourceAttributesProxy.h */,
				5939DE5414A4321E00F01FF2 /* JpMasuidriveTiEvernoteapiResourceAttributesProxy.m */,
				5939DE5514A4321E00F01FF2 /* JpMasuidriveTiEvernoteapiResourceProxy.h */,
				5939DE5614A4321E00F01FF2 /* JpMasuidriveTiEvernoteapiResourceProxy.m */,
				5939DE5714A4321E00F01FF2 /* JpMasuidriveTiEvernoteapiSavedSearchProxy.h */,
				5939DE5814A4321E00F01FF2 /* JpMasuidriveTiEvernoteapiSavedSearchProxy.m */,
				5939DE5914A4321E00F01FF2 /* JpMasuidriveTiEvernoteapiSharedNotebookProxy.h */,
				5939DE5A14A4321E00F01FF2 /* JpMasuidriveTiEvernoteapiSharedNotebookProxy.m */,
				5939DE5B14A4321E00F01FF2 /* JpMasuidriveTiEvernoteapiSyncChunkFilterProxy.h */,
				5939DE5C14A4321E00F01FF2 /* JpMasuidriveTiEvernoteapiSyncChunkFilterProxy.m */,
				5939DE5D14A4321E00F01FF2 /* JpMasuidriveTiEvernoteapiSyncChunkProxy.h */,
				5939DE5E14A4321E00F01FF2 /* JpMasuidriveTiEvernoteapiSyncChunkProxy.m */,
				5939DE5F14A4321E00F01FF2 /* JpMasuidriveTiEvernoteapiSyncStateProxy.h */,
				5939DE6014A4321E00F01FF2 /* JpMasuidriveTiEvernoteapiSyncStateProxy.m */,
				5939DE6114A4321E00F01FF2 /* JpMasuidriveTiEvernoteapiTagProxy.h */,
				5939DE6214A4321E00F01FF2 /* JpMasuidriveTiEvernoteapiTagProxy.m */,
				5939DE6314A4321E00F01FF2 /* JpMasuidriveTiEvernoteapiTypesConsts.m */,
				5939DE6414A4321E00F01FF2 /* JpMasuidriveTiEvernoteapiUserAttributesProxy.h */,
				5939DE6514A4321E00F01FF2 /* JpMasuidriveTiEvernoteapiUserAttributesProxy.m */,
				5939DE6614A4321E00F01FF2 /* JpMasuidriveTiEvernoteapiUserProxy.h */,
				5939DE6714A4321E00F01FF2 /* JpMasuidriveTiEvernoteapiUserProxy.m */,
				5939DE6814A4321E00F01FF2 /* JpMasuidriveTiEvernoteapiUserStoreClientProxy.h */,
				5939DE6914A4321E00F01FF2 /* JpMasuidriveTiEvernoteapiUserStoreClientProxy.m */,
				5939DE6A14A4321E00F01FF2 /* JpMasuidriveTiEvernoteapiUserStoreConsts.m */,
			);
			name = EvernoteProxy;
			path = Classes/EvernoteProxy;
			sourceTree = "<group>";
		};
		59A8133F149806350022DD5D /* EvernoteAPI */ = {
			isa = PBXGroup;
			children = (
				59A813401498065A0022DD5D /* edam */,
				59A8134B1498065A0022DD5D /* thrift */,
			);
			name = EvernoteAPI;
			sourceTree = "<group>";
		};
		59A813401498065A0022DD5D /* edam */ = {
			isa = PBXGroup;
			children = (
				59A813411498065A0022DD5D /* EDAMLimits.h */,
				59A813421498065A0022DD5D /* EDAMLimits.m */,
				59A813431498065A0022DD5D /* Errors.h */,
				59A813441498065A0022DD5D /* Errors.m */,
				59A813451498065A0022DD5D /* NoteStore.h */,
				59A813461498065A0022DD5D /* NoteStore.m */,
				59A813471498065A0022DD5D /* Types.h */,
				59A813481498065A0022DD5D /* Types.m */,
				59A813491498065A0022DD5D /* UserStore.h */,
				59A8134A1498065A0022DD5D /* UserStore.m */,
			);
			name = edam;
			path = "../evernote-api-1.19/cocoa/src/edam";
			sourceTree = "<group>";
		};
		59A8134B1498065A0022DD5D /* thrift */ = {
			isa = PBXGroup;
			children = (
				59A8134C1498065A0022DD5D /* protocol */,
				59A813551498065A0022DD5D /* server */,
				59A813561498065A0022DD5D /* TApplicationException.h */,
				59A813571498065A0022DD5D /* TApplicationException.m */,
				59A813581498065A0022DD5D /* TException.h */,
				59A813591498065A0022DD5D /* TException.m */,
				59A8135A1498065A0022DD5D /* TProcessor.h */,
				59A8135B1498065A0022DD5D /* TProcessorFactory.h */,
				59A8135C1498065A0022DD5D /* transport */,
				59A813641498065A0022DD5D /* TSharedProcessorFactory.h */,
				59A813651498065A0022DD5D /* TSharedProcessorFactory.m */,
			);
			name = thrift;
			path = "../evernote-api-1.19/cocoa/src/thrift";
			sourceTree = "<group>";
		};
		59A8134C1498065A0022DD5D /* protocol */ = {
			isa = PBXGroup;
			children = (
				59A8134D1498065A0022DD5D /* TBinaryProtocol.h */,
				59A8134E1498065A0022DD5D /* TBinaryProtocol.m */,
				59A8134F1498065A0022DD5D /* TProtocol.h */,
				59A813501498065A0022DD5D /* TProtocolException.h */,
				59A813511498065A0022DD5D /* TProtocolException.m */,
				59A813521498065A0022DD5D /* TProtocolFactory.h */,
				59A813531498065A0022DD5D /* TProtocolUtil.h */,
				59A813541498065A0022DD5D /* TProtocolUtil.m */,
			);
			path = protocol;
			sourceTree = "<group>";
		};
		59A813551498065A0022DD5D /* server */ = {
			isa = PBXGroup;
			children = (
			);
			path = server;
			sourceTree = "<group>";
		};
		59A8135C1498065A0022DD5D /* transport */ = {
			isa = PBXGroup;
			children = (
				59A8135D1498065A0022DD5D /* THTTPClient.h */,
				59A8135E1498065A0022DD5D /* THTTPClient.m */,
				59A8135F1498065A0022DD5D /* TMemoryBuffer.h */,
				59A813601498065A0022DD5D /* TMemoryBuffer.m */,
				59A813611498065A0022DD5D /* TTransport.h */,
				59A813621498065A0022DD5D /* TTransportException.h */,
				59A813631498065A0022DD5D /* TTransportException.m */,
			);
			path = transport;
			sourceTree = "<group>";
		};
/* End PBXGroup section */

/* Begin PBXHeadersBuildPhase section */
		D2AAC07A0554694100DB518D /* Headers */ = {
			isa = PBXHeadersBuildPhase;
			buildActionMask = 2147483647;
			files = (
				AA747D9F0F9514B9006C5449 /* JpMasuidriveTiEvernoteapi_Prefix.pch in Headers */,
				24DD6CF91134B3F500162E58 /* JpMasuidriveTiEvernoteapiModule.h in Headers */,
				24DE9E1111C5FE74003F90F6 /* JpMasuidriveTiEvernoteapiModuleAssets.h in Headers */,
				59A813661498065A0022DD5D /* EDAMLimits.h in Headers */,
				59A813681498065A0022DD5D /* Errors.h in Headers */,
				59A8136A1498065A0022DD5D /* NoteStore.h in Headers */,
				59A8136C1498065A0022DD5D /* Types.h in Headers */,
				59A8136E1498065A0022DD5D /* UserStore.h in Headers */,
				59A813701498065A0022DD5D /* TBinaryProtocol.h in Headers */,
				59A813721498065A0022DD5D /* TProtocol.h in Headers */,
				59A813731498065A0022DD5D /* TProtocolException.h in Headers */,
				59A813751498065A0022DD5D /* TProtocolFactory.h in Headers */,
				59A813761498065A0022DD5D /* TProtocolUtil.h in Headers */,
				59A813781498065A0022DD5D /* TApplicationException.h in Headers */,
				59A8137A1498065A0022DD5D /* TException.h in Headers */,
				59A8137C1498065A0022DD5D /* TProcessor.h in Headers */,
				59A8137D1498065A0022DD5D /* TProcessorFactory.h in Headers */,
				59A8137E1498065A0022DD5D /* THTTPClient.h in Headers */,
				59A813801498065A0022DD5D /* TMemoryBuffer.h in Headers */,
				59A813821498065A0022DD5D /* TTransport.h in Headers */,
				59A813831498065A0022DD5D /* TTransportException.h in Headers */,
				59A813851498065A0022DD5D /* TSharedProcessorFactory.h in Headers */,
				59A8140A1498073B0022DD5D /* TiThriftUtils.h in Headers */,
				5939DE2214A42D8400F01FF2 /* JpMasuidriveTiEvernoteapiClientProxy.h in Headers */,
				5939DE6B14A4321E00F01FF2 /* JpMasuidriveTiEvernoteapiAccountingProxy.h in Headers */,
				5939DE6D14A4321E00F01FF2 /* JpMasuidriveTiEvernoteapiAdImpressionsProxy.h in Headers */,
				5939DE6F14A4321E00F01FF2 /* JpMasuidriveTiEvernoteapiAdParametersProxy.h in Headers */,
				5939DE7114A4321E00F01FF2 /* JpMasuidriveTiEvernoteapiAdProxy.h in Headers */,
				5939DE7314A4321E00F01FF2 /* JpMasuidriveTiEvernoteapiAuthenticationResultProxy.h in Headers */,
				5939DE7514A4321E00F01FF2 /* JpMasuidriveTiEvernoteapiDataProxy.h in Headers */,
				5939DE7914A4321E00F01FF2 /* JpMasuidriveTiEvernoteapiLinkedNotebookProxy.h in Headers */,
				5939DE7B14A4321E00F01FF2 /* JpMasuidriveTiEvernoteapiNoteAttributesProxy.h in Headers */,
				5939DE7D14A4321E00F01FF2 /* JpMasuidriveTiEvernoteapiNotebookProxy.h in Headers */,
				5939DE7F14A4321E00F01FF2 /* JpMasuidriveTiEvernoteapiNoteCollectionCountsProxy.h in Headers */,
				5939DE8114A4321E00F01FF2 /* JpMasuidriveTiEvernoteapiNoteEmailParametersProxy.h in Headers */,
				5939DE8314A4321E00F01FF2 /* JpMasuidriveTiEvernoteapiNoteFilterProxy.h in Headers */,
				5939DE8514A4321E00F01FF2 /* JpMasuidriveTiEvernoteapiNoteListProxy.h in Headers */,
				5939DE8714A4321E00F01FF2 /* JpMasuidriveTiEvernoteapiNoteMetadataProxy.h in Headers */,
				5939DE8914A4321E00F01FF2 /* JpMasuidriveTiEvernoteapiNoteProxy.h in Headers */,
				5939DE8B14A4321E00F01FF2 /* JpMasuidriveTiEvernoteapiNotesMetadataListProxy.h in Headers */,
				5939DE8D14A4321E00F01FF2 /* JpMasuidriveTiEvernoteapiNotesMetadataResultSpecProxy.h in Headers */,
				5939DE8F14A4321E00F01FF2 /* JpMasuidriveTiEvernoteapiNoteStoreClientProxy.h in Headers */,
				5939DE9214A4321E00F01FF2 /* JpMasuidriveTiEvernoteapiNoteVersionIdProxy.h in Headers */,
				5939DE9414A4321E00F01FF2 /* JpMasuidriveTiEvernoteapiPublicUserInfoProxy.h in Headers */,
				5939DE9614A4321E00F01FF2 /* JpMasuidriveTiEvernoteapiPublishingProxy.h in Headers */,
				5939DE9814A4321E00F01FF2 /* JpMasuidriveTiEvernoteapiResourceAttributesProxy.h in Headers */,
				5939DE9A14A4321E00F01FF2 /* JpMasuidriveTiEvernoteapiResourceProxy.h in Headers */,
				5939DE9C14A4321E00F01FF2 /* JpMasuidriveTiEvernoteapiSavedSearchProxy.h in Headers */,
				5939DE9E14A4321E00F01FF2 /* JpMasuidriveTiEvernoteapiSharedNotebookProxy.h in Headers */,
				5939DEA014A4321E00F01FF2 /* JpMasuidriveTiEvernoteapiSyncChunkFilterProxy.h in Headers */,
				5939DEA214A4321E00F01FF2 /* JpMasuidriveTiEvernoteapiSyncChunkProxy.h in Headers */,
				5939DEA414A4321E00F01FF2 /* JpMasuidriveTiEvernoteapiSyncStateProxy.h in Headers */,
				5939DEA614A4321E00F01FF2 /* JpMasuidriveTiEvernoteapiTagProxy.h in Headers */,
				5939DEA914A4321E00F01FF2 /* JpMasuidriveTiEvernoteapiUserAttributesProxy.h in Headers */,
				5939DEAB14A4321E00F01FF2 /* JpMasuidriveTiEvernoteapiUserProxy.h in Headers */,
				5939DEAD14A4321E00F01FF2 /* JpMasuidriveTiEvernoteapiUserStoreClientProxy.h in Headers */,
			);
			runOnlyForDeploymentPostprocessing = 0;
		};
/* End PBXHeadersBuildPhase section */

/* Begin PBXNativeTarget section */
		D2AAC07D0554694100DB518D /* evernoteapi */ = {
			isa = PBXNativeTarget;
			buildConfigurationList = 1DEB921E08733DC00010E9CD /* Build configuration list for PBXNativeTarget "evernoteapi" */;
			buildPhases = (
				D2AAC07A0554694100DB518D /* Headers */,
				D2AAC07B0554694100DB518D /* Sources */,
				D2AAC07C0554694100DB518D /* Frameworks */,
			);
			buildRules = (
			);
			dependencies = (
			);
			name = evernoteapi;
			productName = evernoteapi;
			productReference = D2AAC07E0554694100DB518D /* libJpMasuidriveTiEvernoteapi.a */;
			productType = "com.apple.product-type.library.static";
		};
/* End PBXNativeTarget section */

/* Begin PBXProject section */
		0867D690FE84028FC02AAC07 /* Project object */ = {
			isa = PBXProject;
			buildConfigurationList = 1DEB922208733DC00010E9CD /* Build configuration list for PBXProject "evernoteapi" */;
			compatibilityVersion = "Xcode 3.1";
			developmentRegion = English;
			hasScannedForEncodings = 1;
			knownRegions = (
				English,
				Japanese,
				French,
				German,
			);
			mainGroup = 0867D691FE84028FC02AAC07 /* evernoteapi */;
			productRefGroup = 034768DFFF38A50411DB9C8B /* Products */;
			projectDirPath = "";
			projectRoot = "";
			targets = (
				D2AAC07D0554694100DB518D /* evernoteapi */,
				24416B8111C4CA220047AFDD /* Build & Test */,
			);
		};
/* End PBXProject section */

/* Begin PBXShellScriptBuildPhase section */
		24416B8011C4CA220047AFDD /* ShellScript */ = {
			isa = PBXShellScriptBuildPhase;
			buildActionMask = 2147483647;
			files = (
			);
			inputPaths = (
			);
			outputPaths = (
			);
			runOnlyForDeploymentPostprocessing = 0;
			shellPath = /bin/sh;
			shellScript = "# shell script goes here\n\npython \"${TITANIUM_SDK}/titanium.py\" run --dir=\"${PROJECT_DIR}\"\nexit $?\n";
		};
/* End PBXShellScriptBuildPhase section */

/* Begin PBXSourcesBuildPhase section */
		D2AAC07B0554694100DB518D /* Sources */ = {
			isa = PBXSourcesBuildPhase;
			buildActionMask = 2147483647;
			files = (
				24DD6CFA1134B3F500162E58 /* JpMasuidriveTiEvernoteapiModule.m in Sources */,
				24DE9E1211C5FE74003F90F6 /* JpMasuidriveTiEvernoteapiModuleAssets.m in Sources */,
				59A813671498065A0022DD5D /* EDAMLimits.m in Sources */,
				59A813691498065A0022DD5D /* Errors.m in Sources */,
				59A8136B1498065A0022DD5D /* NoteStore.m in Sources */,
				59A8136D1498065A0022DD5D /* Types.m in Sources */,
				59A8136F1498065A0022DD5D /* UserStore.m in Sources */,
				59A813711498065A0022DD5D /* TBinaryProtocol.m in Sources */,
				59A813741498065A0022DD5D /* TProtocolException.m in Sources */,
				59A813771498065A0022DD5D /* TProtocolUtil.m in Sources */,
				59A813791498065A0022DD5D /* TApplicationException.m in Sources */,
				59A8137B1498065A0022DD5D /* TException.m in Sources */,
				59A8137F1498065A0022DD5D /* THTTPClient.m in Sources */,
				59A813811498065A0022DD5D /* TMemoryBuffer.m in Sources */,
				59A813841498065A0022DD5D /* TTransportException.m in Sources */,
				59A813861498065A0022DD5D /* TSharedProcessorFactory.m in Sources */,
				59A8140B1498073B0022DD5D /* TiThriftUtils.m in Sources */,
				5939DE2314A42D8400F01FF2 /* JpMasuidriveTiEvernoteapiClientProxy.m in Sources */,
				5939DE6C14A4321E00F01FF2 /* JpMasuidriveTiEvernoteapiAccountingProxy.m in Sources */,
				5939DE6E14A4321E00F01FF2 /* JpMasuidriveTiEvernoteapiAdImpressionsProxy.m in Sources */,
				5939DE7014A4321E00F01FF2 /* JpMasuidriveTiEvernoteapiAdParametersProxy.m in Sources */,
				5939DE7214A4321E00F01FF2 /* JpMasuidriveTiEvernoteapiAdProxy.m in Sources */,
				5939DE7414A4321E00F01FF2 /* JpMasuidriveTiEvernoteapiAuthenticationResultProxy.m in Sources */,
				5939DE7614A4321E00F01FF2 /* JpMasuidriveTiEvernoteapiDataProxy.m in Sources */,
				5939DE7714A4321E00F01FF2 /* JpMasuidriveTiEvernoteapiErrorsConsts.m in Sources */,
				5939DE7814A4321E00F01FF2 /* JpMasuidriveTiEvernoteapiLimitsConsts.m in Sources */,
				5939DE7A14A4321E00F01FF2 /* JpMasuidriveTiEvernoteapiLinkedNotebookProxy.m in Sources */,
				5939DE7C14A4321E00F01FF2 /* JpMasuidriveTiEvernoteapiNoteAttributesProxy.m in Sources */,
				5939DE7E14A4321E00F01FF2 /* JpMasuidriveTiEvernoteapiNotebookProxy.m in Sources */,
				5939DE8014A4321E00F01FF2 /* JpMasuidriveTiEvernoteapiNoteCollectionCountsProxy.m in Sources */,
				5939DE8214A4321E00F01FF2 /* JpMasuidriveTiEvernoteapiNoteEmailParametersProxy.m in Sources */,
				5939DE8414A4321E00F01FF2 /* JpMasuidriveTiEvernoteapiNoteFilterProxy.m in Sources */,
				5939DE8614A4321E00F01FF2 /* JpMasuidriveTiEvernoteapiNoteListProxy.m in Sources */,
				5939DE8814A4321E00F01FF2 /* JpMasuidriveTiEvernoteapiNoteMetadataProxy.m in Sources */,
				5939DE8A14A4321E00F01FF2 /* JpMasuidriveTiEvernoteapiNoteProxy.m in Sources */,
				5939DE8C14A4321E00F01FF2 /* JpMasuidriveTiEvernoteapiNotesMetadataListProxy.m in Sources */,
				5939DE8E14A4321E00F01FF2 /* JpMasuidriveTiEvernoteapiNotesMetadataResultSpecProxy.m in Sources */,
				5939DE9014A4321E00F01FF2 /* JpMasuidriveTiEvernoteapiNoteStoreClientProxy.m in Sources */,
				5939DE9114A4321E00F01FF2 /* JpMasuidriveTiEvernoteapiNoteStoreConsts.m in Sources */,
				5939DE9314A4321E00F01FF2 /* JpMasuidriveTiEvernoteapiNoteVersionIdProxy.m in Sources */,
				5939DE9514A4321E00F01FF2 /* JpMasuidriveTiEvernoteapiPublicUserInfoProxy.m in Sources */,
				5939DE9714A4321E00F01FF2 /* JpMasuidriveTiEvernoteapiPublishingProxy.m in Sources */,
				5939DE9914A4321E00F01FF2 /* JpMasuidriveTiEvernoteapiResourceAttributesProxy.m in Sources */,
				5939DE9B14A4321E00F01FF2 /* JpMasuidriveTiEvernoteapiResourceProxy.m in Sources */,
				5939DE9D14A4321E00F01FF2 /* JpMasuidriveTiEvernoteapiSavedSearchProxy.m in Sources */,
				5939DE9F14A4321E00F01FF2 /* JpMasuidriveTiEvernoteapiSharedNotebookProxy.m in Sources */,
				5939DEA114A4321E00F01FF2 /* JpMasuidriveTiEvernoteapiSyncChunkFilterProxy.m in Sources */,
				5939DEA314A4321E00F01FF2 /* JpMasuidriveTiEvernoteapiSyncChunkProxy.m in Sources */,
				5939DEA514A4321E00F01FF2 /* JpMasuidriveTiEvernoteapiSyncStateProxy.m in Sources */,
				5939DEA714A4321E00F01FF2 /* JpMasuidriveTiEvernoteapiTagProxy.m in Sources */,
				5939DEA814A4321E00F01FF2 /* JpMasuidriveTiEvernoteapiTypesConsts.m in Sources */,
				5939DEAA14A4321E00F01FF2 /* JpMasuidriveTiEvernoteapiUserAttributesProxy.m in Sources */,
				5939DEAC14A4321E00F01FF2 /* JpMasuidriveTiEvernoteapiUserProxy.m in Sources */,
				5939DEAE14A4321E00F01FF2 /* JpMasuidriveTiEvernoteapiUserStoreClientProxy.m in Sources */,
				5939DEAF14A4321E00F01FF2 /* JpMasuidriveTiEvernoteapiUserStoreConsts.m in Sources */,
				596E30EA14A60DF000BDEB87 /* JpMasuidriveTiEvernoteapiEDAMNotFoundExceptionProxy.m in Sources */,
				596E30EB14A60DF000BDEB87 /* JpMasuidriveTiEvernoteapiEDAMSystemExceptionProxy.m in Sources */,
				596E30EC14A60DF000BDEB87 /* JpMasuidriveTiEvernoteapiEDAMUserExceptionProxy.m in Sources */,
			);
			runOnlyForDeploymentPostprocessing = 0;
		};
/* End PBXSourcesBuildPhase section */

/* Begin PBXTargetDependency section */
		24416B8511C4CA280047AFDD /* PBXTargetDependency */ = {
			isa = PBXTargetDependency;
			target = D2AAC07D0554694100DB518D /* evernoteapi */;
			targetProxy = 24416B8411C4CA280047AFDD /* PBXContainerItemProxy */;
		};
/* End PBXTargetDependency section */

/* Begin XCBuildConfiguration section */
		1DEB921F08733DC00010E9CD /* Debug */ = {
			isa = XCBuildConfiguration;
			baseConfigurationReference = 24DD6D1B1134B66800162E58 /* titanium.xcconfig */;
			buildSettings = {
				ALWAYS_SEARCH_USER_PATHS = NO;
				ARCHS = "$(ARCHS_STANDARD_32_BIT)";
				COPY_PHASE_STRIP = NO;
				DSTROOT = /tmp/JpMasuidriveTiEvernoteapi.dst;
				GCC_DYNAMIC_NO_PIC = NO;
				GCC_ENABLE_FIX_AND_CONTINUE = YES;
				GCC_MODEL_TUNING = G5;
				GCC_OPTIMIZATION_LEVEL = 0;
				GCC_PRECOMPILE_PREFIX_HEADER = YES;
				GCC_PREFIX_HEADER = JpMasuidriveTiEvernoteapi_Prefix.pch;
				INSTALL_PATH = /usr/local/lib;
				PRODUCT_NAME = JpMasuidriveTiEvernoteapi;
			};
			name = Debug;
		};
		1DEB922008733DC00010E9CD /* Release */ = {
			isa = XCBuildConfiguration;
			baseConfigurationReference = 24DD6D1B1134B66800162E58 /* titanium.xcconfig */;
			buildSettings = {
				ALWAYS_SEARCH_USER_PATHS = NO;
				ARCHS = "$(ARCHS_STANDARD_32_BIT)";
				DSTROOT = /tmp/JpMasuidriveTiEvernoteapi.dst;
				GCC_MODEL_TUNING = G5;
				GCC_PRECOMPILE_PREFIX_HEADER = YES;
				GCC_PREFIX_HEADER = JpMasuidriveTiEvernoteapi_Prefix.pch;
				INSTALL_PATH = /usr/local/lib;
				PRODUCT_NAME = JpMasuidriveTiEvernoteapi;
			};
			name = Release;
		};
		1DEB922308733DC00010E9CD /* Debug */ = {
			isa = XCBuildConfiguration;
			baseConfigurationReference = 24DD6D1B1134B66800162E58 /* titanium.xcconfig */;
			buildSettings = {
				ARCHS = "$(ARCHS_STANDARD_32_BIT)";
				GCC_C_LANGUAGE_STANDARD = c99;
				GCC_OPTIMIZATION_LEVEL = 0;
				GCC_WARN_ABOUT_RETURN_TYPE = YES;
				GCC_WARN_UNUSED_VARIABLE = YES;
				OTHER_LDFLAGS = "";
				PREBINDING = NO;
				SDKROOT = iphoneos4.0;
			};
			name = Debug;
		};
		1DEB922408733DC00010E9CD /* Release */ = {
			isa = XCBuildConfiguration;
			baseConfigurationReference = 24DD6D1B1134B66800162E58 /* titanium.xcconfig */;
			buildSettings = {
				ARCHS = "$(ARCHS_STANDARD_32_BIT)";
				GCC_C_LANGUAGE_STANDARD = c99;
				GCC_WARN_ABOUT_RETURN_TYPE = YES;
				GCC_WARN_UNUSED_VARIABLE = YES;
				OTHER_LDFLAGS = "";
				PREBINDING = NO;
				SDKROOT = iphoneos4.0;
			};
			name = Release;
		};
		24416B8211C4CA220047AFDD /* Debug */ = {
			isa = XCBuildConfiguration;
			baseConfigurationReference = 24DD6D1B1134B66800162E58 /* titanium.xcconfig */;
			buildSettings = {
				COPY_PHASE_STRIP = NO;
				GCC_DYNAMIC_NO_PIC = NO;
				GCC_OPTIMIZATION_LEVEL = 0;
				PRODUCT_NAME = "Build & test";
			};
			name = Debug;
		};
		24416B8311C4CA220047AFDD /* Release */ = {
			isa = XCBuildConfiguration;
			baseConfigurationReference = 24DD6D1B1134B66800162E58 /* titanium.xcconfig */;
			buildSettings = {
				COPY_PHASE_STRIP = YES;
				DEBUG_INFORMATION_FORMAT = "dwarf-with-dsym";
				GCC_ENABLE_FIX_AND_CONTINUE = NO;
				PRODUCT_NAME = "Build & test";
				ZERO_LINK = NO;
			};
			name = Release;
		};
/* End XCBuildConfiguration section */

/* Begin XCConfigurationList section */
		1DEB921E08733DC00010E9CD /* Build configuration list for PBXNativeTarget "evernoteapi" */ = {
			isa = XCConfigurationList;
			buildConfigurations = (
				1DEB921F08733DC00010E9CD /* Debug */,
				1DEB922008733DC00010E9CD /* Release */,
			);
			defaultConfigurationIsVisible = 0;
			defaultConfigurationName = Release;
		};
		1DEB922208733DC00010E9CD /* Build configuration list for PBXProject "evernoteapi" */ = {
			isa = XCConfigurationList;
			buildConfigurations = (
				1DEB922308733DC00010E9CD /* Debug */,
				1DEB922408733DC00010E9CD /* Release */,
			);
			defaultConfigurationIsVisible = 0;
			defaultConfigurationName = Release;
		};
		24416B8A11C4CA520047AFDD /* Build configuration list for PBXAggregateTarget "Build & Test" */ = {
			isa = XCConfigurationList;
			buildConfigurations = (
				24416B8211C4CA220047AFDD /* Debug */,
				24416B8311C4CA220047AFDD /* Release */,
			);
			defaultConfigurationIsVisible = 0;
			defaultConfigurationName = Release;
		};
/* End XCConfigurationList section */
	};
	rootObject = 0867D690FE84028FC02AAC07 /* Project object */;
}
