// !$*UTF8*$!
{
	archiveVersion = 1;
	classes = {
	};
	objectVersion = 45;
	objects = {

/* Begin PBXAggregateTarget section */
		24416B8111C4CA220047AFDD /* Build & Test */ = {
			isa = PBXAggregateTarget;
			buildConfigurationList = 24416B8A11C4CA520047AFDD /* Build configuration list for PBXAggregateTarget "Build & Test" */;
			buildPhases = (
				24416B8011C4CA220047AFDD /* ShellScript */,
			);
			dependencies = (
				24416B8511C4CA280047AFDD /* PBXTargetDependency */,
			);
			name = "Build & Test";
			productName = "Build & test";
		};
/* End PBXAggregateTarget section */

/* Begin PBXBuildFile section */
		24DD6CF91134B3F500162E58 /* JpMasuidriveTiEvernoteapiModule.h in Headers */ = {isa = PBXBuildFile; fileRef = 24DD6CF71134B3F500162E58 /* JpMasuidriveTiEvernoteapiModule.h */; };
		24DD6CFA1134B3F500162E58 /* JpMasuidriveTiEvernoteapiModule.m in Sources */ = {isa = PBXBuildFile; fileRef = 24DD6CF81134B3F500162E58 /* JpMasuidriveTiEvernoteapiModule.m */; };
		24DE9E1111C5FE74003F90F6 /* JpMasuidriveTiEvernoteapiModuleAssets.h in Headers */ = {isa = PBXBuildFile; fileRef = 24DE9E0F11C5FE74003F90F6 /* JpMasuidriveTiEvernoteapiModuleAssets.h */; };
		24DE9E1211C5FE74003F90F6 /* JpMasuidriveTiEvernoteapiModuleAssets.m in Sources */ = {isa = PBXBuildFile; fileRef = 24DE9E1011C5FE74003F90F6 /* JpMasuidriveTiEvernoteapiModuleAssets.m */; };
		59915AA714985907007722A5 /* ErrorsConsts.m in Sources */ = {isa = PBXBuildFile; fileRef = 59915AA214985907007722A5 /* ErrorsConsts.m */; };
		59915AA814985907007722A5 /* LimitsConsts.m in Sources */ = {isa = PBXBuildFile; fileRef = 59915AA314985907007722A5 /* LimitsConsts.m */; };
		59915AA914985907007722A5 /* NoteStoreConsts.m in Sources */ = {isa = PBXBuildFile; fileRef = 59915AA414985907007722A5 /* NoteStoreConsts.m */; };
		59915AAA14985907007722A5 /* TypesConsts.m in Sources */ = {isa = PBXBuildFile; fileRef = 59915AA514985907007722A5 /* TypesConsts.m */; };
		59915AAB14985907007722A5 /* UserStoreConsts.m in Sources */ = {isa = PBXBuildFile; fileRef = 59915AA614985907007722A5 /* UserStoreConsts.m */; };
		599634BF149B30D2005AC1A3 /* JpMasuidriveTiEvernoteapiEDAMAccountingProxy.h in Headers */ = {isa = PBXBuildFile; fileRef = 59963443149B301C005AC1A3 /* JpMasuidriveTiEvernoteapiEDAMAccountingProxy.h */; };
		599634C0149B30D2005AC1A3 /* JpMasuidriveTiEvernoteapiEDAMAccountingProxy.m in Sources */ = {isa = PBXBuildFile; fileRef = 59963444149B301E005AC1A3 /* JpMasuidriveTiEvernoteapiEDAMAccountingProxy.m */; };
		599634C1149B30D2005AC1A3 /* JpMasuidriveTiEvernoteapiEDAMAdImpressionsProxy.h in Headers */ = {isa = PBXBuildFile; fileRef = 59963445149B301F005AC1A3 /* JpMasuidriveTiEvernoteapiEDAMAdImpressionsProxy.h */; };
		599634C2149B30D2005AC1A3 /* JpMasuidriveTiEvernoteapiEDAMAdImpressionsProxy.m in Sources */ = {isa = PBXBuildFile; fileRef = 59963446149B3021005AC1A3 /* JpMasuidriveTiEvernoteapiEDAMAdImpressionsProxy.m */; };
		599634C3149B30D2005AC1A3 /* JpMasuidriveTiEvernoteapiEDAMAdParametersProxy.h in Headers */ = {isa = PBXBuildFile; fileRef = 59963447149B3023005AC1A3 /* JpMasuidriveTiEvernoteapiEDAMAdParametersProxy.h */; };
		599634C4149B30D2005AC1A3 /* JpMasuidriveTiEvernoteapiEDAMAdParametersProxy.m in Sources */ = {isa = PBXBuildFile; fileRef = 59963448149B3024005AC1A3 /* JpMasuidriveTiEvernoteapiEDAMAdParametersProxy.m */; };
		599634C5149B30D2005AC1A3 /* JpMasuidriveTiEvernoteapiEDAMAdProxy.h in Headers */ = {isa = PBXBuildFile; fileRef = 59963449149B3026005AC1A3 /* JpMasuidriveTiEvernoteapiEDAMAdProxy.h */; };
		599634C6149B30D2005AC1A3 /* JpMasuidriveTiEvernoteapiEDAMAdProxy.m in Sources */ = {isa = PBXBuildFile; fileRef = 5996344A149B3028005AC1A3 /* JpMasuidriveTiEvernoteapiEDAMAdProxy.m */; };
		599634C7149B30D2005AC1A3 /* JpMasuidriveTiEvernoteapiEDAMAuthenticationResultProxy.h in Headers */ = {isa = PBXBuildFile; fileRef = 5996344B149B302A005AC1A3 /* JpMasuidriveTiEvernoteapiEDAMAuthenticationResultProxy.h */; };
		599634C8149B30D2005AC1A3 /* JpMasuidriveTiEvernoteapiEDAMAuthenticationResultProxy.m in Sources */ = {isa = PBXBuildFile; fileRef = 5996344C149B302B005AC1A3 /* JpMasuidriveTiEvernoteapiEDAMAuthenticationResultProxy.m */; };
		599634C9149B30D2005AC1A3 /* JpMasuidriveTiEvernoteapiEDAMDataProxy.h in Headers */ = {isa = PBXBuildFile; fileRef = 5996344D149B302D005AC1A3 /* JpMasuidriveTiEvernoteapiEDAMDataProxy.h */; };
		599634CA149B30D2005AC1A3 /* JpMasuidriveTiEvernoteapiEDAMDataProxy.m in Sources */ = {isa = PBXBuildFile; fileRef = 5996344E149B302F005AC1A3 /* JpMasuidriveTiEvernoteapiEDAMDataProxy.m */; };
		599634CB149B30D2005AC1A3 /* JpMasuidriveTiEvernoteapiEDAMLinkedNotebookProxy.h in Headers */ = {isa = PBXBuildFile; fileRef = 5996344F149B3031005AC1A3 /* JpMasuidriveTiEvernoteapiEDAMLinkedNotebookProxy.h */; };
		599634CC149B30D2005AC1A3 /* JpMasuidriveTiEvernoteapiEDAMLinkedNotebookProxy.m in Sources */ = {isa = PBXBuildFile; fileRef = 59963450149B3033005AC1A3 /* JpMasuidriveTiEvernoteapiEDAMLinkedNotebookProxy.m */; };
		599634CD149B30D2005AC1A3 /* JpMasuidriveTiEvernoteapiEDAMNoteAttributesProxy.h in Headers */ = {isa = PBXBuildFile; fileRef = 59963451149B3035005AC1A3 /* JpMasuidriveTiEvernoteapiEDAMNoteAttributesProxy.h */; };
		599634CE149B30D2005AC1A3 /* JpMasuidriveTiEvernoteapiEDAMNoteAttributesProxy.m in Sources */ = {isa = PBXBuildFile; fileRef = 59963452149B3038005AC1A3 /* JpMasuidriveTiEvernoteapiEDAMNoteAttributesProxy.m */; };
		599634CF149B30D2005AC1A3 /* JpMasuidriveTiEvernoteapiEDAMNotebookProxy.h in Headers */ = {isa = PBXBuildFile; fileRef = 59963453149B303A005AC1A3 /* JpMasuidriveTiEvernoteapiEDAMNotebookProxy.h */; };
		599634D0149B30D2005AC1A3 /* JpMasuidriveTiEvernoteapiEDAMNotebookProxy.m in Sources */ = {isa = PBXBuildFile; fileRef = 59963454149B303D005AC1A3 /* JpMasuidriveTiEvernoteapiEDAMNotebookProxy.m */; };
		599634D1149B30D2005AC1A3 /* JpMasuidriveTiEvernoteapiEDAMNoteCollectionCountsProxy.h in Headers */ = {isa = PBXBuildFile; fileRef = 59963455149B303F005AC1A3 /* JpMasuidriveTiEvernoteapiEDAMNoteCollectionCountsProxy.h */; };
		599634D2149B30D2005AC1A3 /* JpMasuidriveTiEvernoteapiEDAMNoteCollectionCountsProxy.m in Sources */ = {isa = PBXBuildFile; fileRef = 59963456149B3041005AC1A3 /* JpMasuidriveTiEvernoteapiEDAMNoteCollectionCountsProxy.m */; };
		599634D3149B30D2005AC1A3 /* JpMasuidriveTiEvernoteapiEDAMNoteEmailParametersProxy.h in Headers */ = {isa = PBXBuildFile; fileRef = 59963457149B3044005AC1A3 /* JpMasuidriveTiEvernoteapiEDAMNoteEmailParametersProxy.h */; };
		599634D4149B30D2005AC1A3 /* JpMasuidriveTiEvernoteapiEDAMNoteEmailParametersProxy.m in Sources */ = {isa = PBXBuildFile; fileRef = 59963458149B3047005AC1A3 /* JpMasuidriveTiEvernoteapiEDAMNoteEmailParametersProxy.m */; };
		599634D5149B30D2005AC1A3 /* JpMasuidriveTiEvernoteapiEDAMNoteFilterProxy.h in Headers */ = {isa = PBXBuildFile; fileRef = 59963459149B304A005AC1A3 /* JpMasuidriveTiEvernoteapiEDAMNoteFilterProxy.h */; };
		599634D6149B30D2005AC1A3 /* JpMasuidriveTiEvernoteapiEDAMNoteFilterProxy.m in Sources */ = {isa = PBXBuildFile; fileRef = 5996345A149B304C005AC1A3 /* JpMasuidriveTiEvernoteapiEDAMNoteFilterProxy.m */; };
		599634D7149B30D2005AC1A3 /* JpMasuidriveTiEvernoteapiEDAMNoteListProxy.h in Headers */ = {isa = PBXBuildFile; fileRef = 5996345B149B304E005AC1A3 /* JpMasuidriveTiEvernoteapiEDAMNoteListProxy.h */; };
		599634D8149B30D2005AC1A3 /* JpMasuidriveTiEvernoteapiEDAMNoteListProxy.m in Sources */ = {isa = PBXBuildFile; fileRef = 5996345C149B3051005AC1A3 /* JpMasuidriveTiEvernoteapiEDAMNoteListProxy.m */; };
		599634D9149B30D2005AC1A3 /* JpMasuidriveTiEvernoteapiEDAMNoteMetadataProxy.h in Headers */ = {isa = PBXBuildFile; fileRef = 5996345D149B3053005AC1A3 /* JpMasuidriveTiEvernoteapiEDAMNoteMetadataProxy.h */; };
		599634DA149B30D2005AC1A3 /* JpMasuidriveTiEvernoteapiEDAMNoteMetadataProxy.m in Sources */ = {isa = PBXBuildFile; fileRef = 5996345E149B3055005AC1A3 /* JpMasuidriveTiEvernoteapiEDAMNoteMetadataProxy.m */; };
		599634DB149B30D2005AC1A3 /* JpMasuidriveTiEvernoteapiEDAMNoteProxy.h in Headers */ = {isa = PBXBuildFile; fileRef = 5996345F149B3057005AC1A3 /* JpMasuidriveTiEvernoteapiEDAMNoteProxy.h */; };
		599634DC149B30D2005AC1A3 /* JpMasuidriveTiEvernoteapiEDAMNoteProxy.m in Sources */ = {isa = PBXBuildFile; fileRef = 59963460149B305A005AC1A3 /* JpMasuidriveTiEvernoteapiEDAMNoteProxy.m */; };
		599634DD149B30D2005AC1A3 /* JpMasuidriveTiEvernoteapiEDAMNotesMetadataListProxy.h in Headers */ = {isa = PBXBuildFile; fileRef = 59963461149B305D005AC1A3 /* JpMasuidriveTiEvernoteapiEDAMNotesMetadataListProxy.h */; };
		599634DE149B30D2005AC1A3 /* JpMasuidriveTiEvernoteapiEDAMNotesMetadataListProxy.m in Sources */ = {isa = PBXBuildFile; fileRef = 59963462149B305F005AC1A3 /* JpMasuidriveTiEvernoteapiEDAMNotesMetadataListProxy.m */; };
		599634DF149B30D2005AC1A3 /* JpMasuidriveTiEvernoteapiEDAMNotesMetadataResultSpecProxy.h in Headers */ = {isa = PBXBuildFile; fileRef = 59963463149B3062005AC1A3 /* JpMasuidriveTiEvernoteapiEDAMNotesMetadataResultSpecProxy.h */; };
		599634E0149B30D2005AC1A3 /* JpMasuidriveTiEvernoteapiEDAMNotesMetadataResultSpecProxy.m in Sources */ = {isa = PBXBuildFile; fileRef = 59963464149B3065005AC1A3 /* JpMasuidriveTiEvernoteapiEDAMNotesMetadataResultSpecProxy.m */; };
		599634E1149B30D2005AC1A3 /* JpMasuidriveTiEvernoteapiEDAMNoteStoreClientProxy.h in Headers */ = {isa = PBXBuildFile; fileRef = 59963465149B3068005AC1A3 /* JpMasuidriveTiEvernoteapiEDAMNoteStoreClientProxy.h */; };
		599634E2149B30D2005AC1A3 /* JpMasuidriveTiEvernoteapiEDAMNoteStoreClientProxy.m in Sources */ = {isa = PBXBuildFile; fileRef = 59963466149B306C005AC1A3 /* JpMasuidriveTiEvernoteapiEDAMNoteStoreClientProxy.m */; };
		599634E3149B30D2005AC1A3 /* JpMasuidriveTiEvernoteapiEDAMNoteVersionIdProxy.h in Headers */ = {isa = PBXBuildFile; fileRef = 59963467149B306F005AC1A3 /* JpMasuidriveTiEvernoteapiEDAMNoteVersionIdProxy.h */; };
		599634E4149B30D2005AC1A3 /* JpMasuidriveTiEvernoteapiEDAMNoteVersionIdProxy.m in Sources */ = {isa = PBXBuildFile; fileRef = 59963468149B3072005AC1A3 /* JpMasuidriveTiEvernoteapiEDAMNoteVersionIdProxy.m */; };
		599634E5149B30D2005AC1A3 /* JpMasuidriveTiEvernoteapiEDAMPublicUserInfoProxy.h in Headers */ = {isa = PBXBuildFile; fileRef = 59963469149B3075005AC1A3 /* JpMasuidriveTiEvernoteapiEDAMPublicUserInfoProxy.h */; };
		599634E6149B30D2005AC1A3 /* JpMasuidriveTiEvernoteapiEDAMPublicUserInfoProxy.m in Sources */ = {isa = PBXBuildFile; fileRef = 5996346A149B3078005AC1A3 /* JpMasuidriveTiEvernoteapiEDAMPublicUserInfoProxy.m */; };
		599634E7149B30D2005AC1A3 /* JpMasuidriveTiEvernoteapiEDAMPublishingProxy.h in Headers */ = {isa = PBXBuildFile; fileRef = 5996346B149B307B005AC1A3 /* JpMasuidriveTiEvernoteapiEDAMPublishingProxy.h */; };
		599634E8149B30D2005AC1A3 /* JpMasuidriveTiEvernoteapiEDAMPublishingProxy.m in Sources */ = {isa = PBXBuildFile; fileRef = 5996346C149B307E005AC1A3 /* JpMasuidriveTiEvernoteapiEDAMPublishingProxy.m */; };
		599634E9149B30D2005AC1A3 /* JpMasuidriveTiEvernoteapiEDAMResourceAttributesProxy.h in Headers */ = {isa = PBXBuildFile; fileRef = 5996346D149B3082005AC1A3 /* JpMasuidriveTiEvernoteapiEDAMResourceAttributesProxy.h */; };
		599634EA149B30D2005AC1A3 /* JpMasuidriveTiEvernoteapiEDAMResourceAttributesProxy.m in Sources */ = {isa = PBXBuildFile; fileRef = 5996346E149B3085005AC1A3 /* JpMasuidriveTiEvernoteapiEDAMResourceAttributesProxy.m */; };
		599634EB149B30D2005AC1A3 /* JpMasuidriveTiEvernoteapiEDAMResourceProxy.h in Headers */ = {isa = PBXBuildFile; fileRef = 5996346F149B3088005AC1A3 /* JpMasuidriveTiEvernoteapiEDAMResourceProxy.h */; };
		599634EC149B30D2005AC1A3 /* JpMasuidriveTiEvernoteapiEDAMResourceProxy.m in Sources */ = {isa = PBXBuildFile; fileRef = 59963470149B308C005AC1A3 /* JpMasuidriveTiEvernoteapiEDAMResourceProxy.m */; };
		599634ED149B30D2005AC1A3 /* JpMasuidriveTiEvernoteapiEDAMSavedSearchProxy.h in Headers */ = {isa = PBXBuildFile; fileRef = 59963471149B308F005AC1A3 /* JpMasuidriveTiEvernoteapiEDAMSavedSearchProxy.h */; };
		599634EE149B30D2005AC1A3 /* JpMasuidriveTiEvernoteapiEDAMSavedSearchProxy.m in Sources */ = {isa = PBXBuildFile; fileRef = 59963472149B3093005AC1A3 /* JpMasuidriveTiEvernoteapiEDAMSavedSearchProxy.m */; };
		599634EF149B30D2005AC1A3 /* JpMasuidriveTiEvernoteapiEDAMSharedNotebookProxy.h in Headers */ = {isa = PBXBuildFile; fileRef = 59963473149B3096005AC1A3 /* JpMasuidriveTiEvernoteapiEDAMSharedNotebookProxy.h */; };
		599634F0149B30D2005AC1A3 /* JpMasuidriveTiEvernoteapiEDAMSharedNotebookProxy.m in Sources */ = {isa = PBXBuildFile; fileRef = 59963474149B3099005AC1A3 /* JpMasuidriveTiEvernoteapiEDAMSharedNotebookProxy.m */; };
		599634F1149B30D2005AC1A3 /* JpMasuidriveTiEvernoteapiEDAMSyncChunkFilterProxy.h in Headers */ = {isa = PBXBuildFile; fileRef = 59963475149B309D005AC1A3 /* JpMasuidriveTiEvernoteapiEDAMSyncChunkFilterProxy.h */; };
		599634F2149B30D2005AC1A3 /* JpMasuidriveTiEvernoteapiEDAMSyncChunkFilterProxy.m in Sources */ = {isa = PBXBuildFile; fileRef = 59963476149B30A0005AC1A3 /* JpMasuidriveTiEvernoteapiEDAMSyncChunkFilterProxy.m */; };
		599634F3149B30D2005AC1A3 /* JpMasuidriveTiEvernoteapiEDAMSyncChunkProxy.h in Headers */ = {isa = PBXBuildFile; fileRef = 59963477149B30A4005AC1A3 /* JpMasuidriveTiEvernoteapiEDAMSyncChunkProxy.h */; };
		599634F4149B30D2005AC1A3 /* JpMasuidriveTiEvernoteapiEDAMSyncChunkProxy.m in Sources */ = {isa = PBXBuildFile; fileRef = 59963478149B30A8005AC1A3 /* JpMasuidriveTiEvernoteapiEDAMSyncChunkProxy.m */; };
		599634F5149B30D2005AC1A3 /* JpMasuidriveTiEvernoteapiEDAMSyncStateProxy.h in Headers */ = {isa = PBXBuildFile; fileRef = 59963479149B30AB005AC1A3 /* JpMasuidriveTiEvernoteapiEDAMSyncStateProxy.h */; };
		599634F6149B30D2005AC1A3 /* JpMasuidriveTiEvernoteapiEDAMSyncStateProxy.m in Sources */ = {isa = PBXBuildFile; fileRef = 5996347A149B30AF005AC1A3 /* JpMasuidriveTiEvernoteapiEDAMSyncStateProxy.m */; };
		599634F7149B30D2005AC1A3 /* JpMasuidriveTiEvernoteapiEDAMTagProxy.h in Headers */ = {isa = PBXBuildFile; fileRef = 5996347B149B30B3005AC1A3 /* JpMasuidriveTiEvernoteapiEDAMTagProxy.h */; };
		599634F8149B30D2005AC1A3 /* JpMasuidriveTiEvernoteapiEDAMTagProxy.m in Sources */ = {isa = PBXBuildFile; fileRef = 5996347C149B30B7005AC1A3 /* JpMasuidriveTiEvernoteapiEDAMTagProxy.m */; };
		599634F9149B30D2005AC1A3 /* JpMasuidriveTiEvernoteapiEDAMUserAttributesProxy.h in Headers */ = {isa = PBXBuildFile; fileRef = 5996347D149B30BA005AC1A3 /* JpMasuidriveTiEvernoteapiEDAMUserAttributesProxy.h */; };
		599634FA149B30D2005AC1A3 /* JpMasuidriveTiEvernoteapiEDAMUserAttributesProxy.m in Sources */ = {isa = PBXBuildFile; fileRef = 5996347E149B30BE005AC1A3 /* JpMasuidriveTiEvernoteapiEDAMUserAttributesProxy.m */; };
		599634FB149B30D2005AC1A3 /* JpMasuidriveTiEvernoteapiEDAMUserProxy.h in Headers */ = {isa = PBXBuildFile; fileRef = 5996347F149B30C2005AC1A3 /* JpMasuidriveTiEvernoteapiEDAMUserProxy.h */; };
		599634FC149B30D2005AC1A3 /* JpMasuidriveTiEvernoteapiEDAMUserProxy.m in Sources */ = {isa = PBXBuildFile; fileRef = 59963480149B30C6005AC1A3 /* JpMasuidriveTiEvernoteapiEDAMUserProxy.m */; };
		599634FD149B30D2005AC1A3 /* JpMasuidriveTiEvernoteapiEDAMUserStoreClientProxy.h in Headers */ = {isa = PBXBuildFile; fileRef = 59963481149B30CA005AC1A3 /* JpMasuidriveTiEvernoteapiEDAMUserStoreClientProxy.h */; };
		599634FE149B30D2005AC1A3 /* JpMasuidriveTiEvernoteapiEDAMUserStoreClientProxy.m in Sources */ = {isa = PBXBuildFile; fileRef = 59963482149B30CE005AC1A3 /* JpMasuidriveTiEvernoteapiEDAMUserStoreClientProxy.m */; };
		59A813661498065A0022DD5D /* EDAMLimits.h in Headers */ = {isa = PBXBuildFile; fileRef = 59A813411498065A0022DD5D /* EDAMLimits.h */; };
		59A813671498065A0022DD5D /* EDAMLimits.m in Sources */ = {isa = PBXBuildFile; fileRef = 59A813421498065A0022DD5D /* EDAMLimits.m */; };
		59A813681498065A0022DD5D /* Errors.h in Headers */ = {isa = PBXBuildFile; fileRef = 59A813431498065A0022DD5D /* Errors.h */; };
		59A813691498065A0022DD5D /* Errors.m in Sources */ = {isa = PBXBuildFile; fileRef = 59A813441498065A0022DD5D /* Errors.m */; };
		59A8136A1498065A0022DD5D /* NoteStore.h in Headers */ = {isa = PBXBuildFile; fileRef = 59A813451498065A0022DD5D /* NoteStore.h */; };
		59A8136B1498065A0022DD5D /* NoteStore.m in Sources */ = {isa = PBXBuildFile; fileRef = 59A813461498065A0022DD5D /* NoteStore.m */; };
		59A8136C1498065A0022DD5D /* Types.h in Headers */ = {isa = PBXBuildFile; fileRef = 59A813471498065A0022DD5D /* Types.h */; };
		59A8136D1498065A0022DD5D /* Types.m in Sources */ = {isa = PBXBuildFile; fileRef = 59A813481498065A0022DD5D /* Types.m */; };
		59A8136E1498065A0022DD5D /* UserStore.h in Headers */ = {isa = PBXBuildFile; fileRef = 59A813491498065A0022DD5D /* UserStore.h */; };
		59A8136F1498065A0022DD5D /* UserStore.m in Sources */ = {isa = PBXBuildFile; fileRef = 59A8134A1498065A0022DD5D /* UserStore.m */; };
		59A813701498065A0022DD5D /* TBinaryProtocol.h in Headers */ = {isa = PBXBuildFile; fileRef = 59A8134D1498065A0022DD5D /* TBinaryProtocol.h */; };
		59A813711498065A0022DD5D /* TBinaryProtocol.m in Sources */ = {isa = PBXBuildFile; fileRef = 59A8134E1498065A0022DD5D /* TBinaryProtocol.m */; };
		59A813721498065A0022DD5D /* TProtocol.h in Headers */ = {isa = PBXBuildFile; fileRef = 59A8134F1498065A0022DD5D /* TProtocol.h */; };
		59A813731498065A0022DD5D /* TProtocolException.h in Headers */ = {isa = PBXBuildFile; fileRef = 59A813501498065A0022DD5D /* TProtocolException.h */; };
		59A813741498065A0022DD5D /* TProtocolException.m in Sources */ = {isa = PBXBuildFile; fileRef = 59A813511498065A0022DD5D /* TProtocolException.m */; };
		59A813751498065A0022DD5D /* TProtocolFactory.h in Headers */ = {isa = PBXBuildFile; fileRef = 59A813521498065A0022DD5D /* TProtocolFactory.h */; };
		59A813761498065A0022DD5D /* TProtocolUtil.h in Headers */ = {isa = PBXBuildFile; fileRef = 59A813531498065A0022DD5D /* TProtocolUtil.h */; };
		59A813771498065A0022DD5D /* TProtocolUtil.m in Sources */ = {isa = PBXBuildFile; fileRef = 59A813541498065A0022DD5D /* TProtocolUtil.m */; };
		59A813781498065A0022DD5D /* TApplicationException.h in Headers */ = {isa = PBXBuildFile; fileRef = 59A813561498065A0022DD5D /* TApplicationException.h */; };
		59A813791498065A0022DD5D /* TApplicationException.m in Sources */ = {isa = PBXBuildFile; fileRef = 59A813571498065A0022DD5D /* TApplicationException.m */; };
		59A8137A1498065A0022DD5D /* TException.h in Headers */ = {isa = PBXBuildFile; fileRef = 59A813581498065A0022DD5D /* TException.h */; };
		59A8137B1498065A0022DD5D /* TException.m in Sources */ = {isa = PBXBuildFile; fileRef = 59A813591498065A0022DD5D /* TException.m */; };
		59A8137C1498065A0022DD5D /* TProcessor.h in Headers */ = {isa = PBXBuildFile; fileRef = 59A8135A1498065A0022DD5D /* TProcessor.h */; };
		59A8137D1498065A0022DD5D /* TProcessorFactory.h in Headers */ = {isa = PBXBuildFile; fileRef = 59A8135B1498065A0022DD5D /* TProcessorFactory.h */; };
		59A8137E1498065A0022DD5D /* THTTPClient.h in Headers */ = {isa = PBXBuildFile; fileRef = 59A8135D1498065A0022DD5D /* THTTPClient.h */; };
		59A8137F1498065A0022DD5D /* THTTPClient.m in Sources */ = {isa = PBXBuildFile; fileRef = 59A8135E1498065A0022DD5D /* THTTPClient.m */; };
		59A813801498065A0022DD5D /* TMemoryBuffer.h in Headers */ = {isa = PBXBuildFile; fileRef = 59A8135F1498065A0022DD5D /* TMemoryBuffer.h */; };
		59A813811498065A0022DD5D /* TMemoryBuffer.m in Sources */ = {isa = PBXBuildFile; fileRef = 59A813601498065A0022DD5D /* TMemoryBuffer.m */; };
		59A813821498065A0022DD5D /* TTransport.h in Headers */ = {isa = PBXBuildFile; fileRef = 59A813611498065A0022DD5D /* TTransport.h */; };
		59A813831498065A0022DD5D /* TTransportException.h in Headers */ = {isa = PBXBuildFile; fileRef = 59A813621498065A0022DD5D /* TTransportException.h */; };
		59A813841498065A0022DD5D /* TTransportException.m in Sources */ = {isa = PBXBuildFile; fileRef = 59A813631498065A0022DD5D /* TTransportException.m */; };
		59A813851498065A0022DD5D /* TSharedProcessorFactory.h in Headers */ = {isa = PBXBuildFile; fileRef = 59A813641498065A0022DD5D /* TSharedProcessorFactory.h */; };
		59A813861498065A0022DD5D /* TSharedProcessorFactory.m in Sources */ = {isa = PBXBuildFile; fileRef = 59A813651498065A0022DD5D /* TSharedProcessorFactory.m */; };
		59A8140A1498073B0022DD5D /* TiThriftUtils.h in Headers */ = {isa = PBXBuildFile; fileRef = 59A814081498073B0022DD5D /* TiThriftUtils.h */; };
		59A8140B1498073B0022DD5D /* TiThriftUtils.m in Sources */ = {isa = PBXBuildFile; fileRef = 59A814091498073B0022DD5D /* TiThriftUtils.m */; };
		AA747D9F0F9514B9006C5449 /* JpMasuidriveTiEvernoteapi_Prefix.pch in Headers */ = {isa = PBXBuildFile; fileRef = AA747D9E0F9514B9006C5449 /* JpMasuidriveTiEvernoteapi_Prefix.pch */; };
		AACBBE4A0F95108600F1A2B1 /* Foundation.framework in Frameworks */ = {isa = PBXBuildFile; fileRef = AACBBE490F95108600F1A2B1 /* Foundation.framework */; };
/* End PBXBuildFile section */

/* Begin PBXContainerItemProxy section */
		24416B8411C4CA280047AFDD /* PBXContainerItemProxy */ = {
			isa = PBXContainerItemProxy;
			containerPortal = 0867D690FE84028FC02AAC07 /* Project object */;
			proxyType = 1;
			remoteGlobalIDString = D2AAC07D0554694100DB518D;
			remoteInfo = evernoteapi;
		};
/* End PBXContainerItemProxy section */

/* Begin PBXFileReference section */
		24DD6CF71134B3F500162E58 /* JpMasuidriveTiEvernoteapiModule.h */ = {isa = PBXFileReference; fileEncoding = 4; lastKnownFileType = sourcecode.c.h; name = JpMasuidriveTiEvernoteapiModule.h; path = Classes/JpMasuidriveTiEvernoteapiModule.h; sourceTree = "<group>"; };
		24DD6CF81134B3F500162E58 /* JpMasuidriveTiEvernoteapiModule.m */ = {isa = PBXFileReference; fileEncoding = 4; lastKnownFileType = sourcecode.c.objc; name = JpMasuidriveTiEvernoteapiModule.m; path = Classes/JpMasuidriveTiEvernoteapiModule.m; sourceTree = "<group>"; };
		24DD6D1B1134B66800162E58 /* titanium.xcconfig */ = {isa = PBXFileReference; fileEncoding = 4; lastKnownFileType = text.xcconfig; path = titanium.xcconfig; sourceTree = "<group>"; };
		24DE9E0F11C5FE74003F90F6 /* JpMasuidriveTiEvernoteapiModuleAssets.h */ = {isa = PBXFileReference; fileEncoding = 4; lastKnownFileType = sourcecode.c.h; name = JpMasuidriveTiEvernoteapiModuleAssets.h; path = Classes/JpMasuidriveTiEvernoteapiModuleAssets.h; sourceTree = "<group>"; };
		24DE9E1011C5FE74003F90F6 /* JpMasuidriveTiEvernoteapiModuleAssets.m */ = {isa = PBXFileReference; fileEncoding = 4; lastKnownFileType = sourcecode.c.objc; name = JpMasuidriveTiEvernoteapiModuleAssets.m; path = Classes/JpMasuidriveTiEvernoteapiModuleAssets.m; sourceTree = "<group>"; };
		59915AA214985907007722A5 /* ErrorsConsts.m */ = {isa = PBXFileReference; fileEncoding = 4; lastKnownFileType = sourcecode.c.objc; path = ErrorsConsts.m; sourceTree = "<group>"; };
		59915AA314985907007722A5 /* LimitsConsts.m */ = {isa = PBXFileReference; fileEncoding = 4; lastKnownFileType = sourcecode.c.objc; path = LimitsConsts.m; sourceTree = "<group>"; };
		59915AA414985907007722A5 /* NoteStoreConsts.m */ = {isa = PBXFileReference; fileEncoding = 4; lastKnownFileType = sourcecode.c.objc; path = NoteStoreConsts.m; sourceTree = "<group>"; };
		59915AA514985907007722A5 /* TypesConsts.m */ = {isa = PBXFileReference; fileEncoding = 4; lastKnownFileType = sourcecode.c.objc; path = TypesConsts.m; sourceTree = "<group>"; };
		59915AA614985907007722A5 /* UserStoreConsts.m */ = {isa = PBXFileReference; fileEncoding = 4; lastKnownFileType = sourcecode.c.objc; path = UserStoreConsts.m; sourceTree = "<group>"; };
		59963443149B301C005AC1A3 /* JpMasuidriveTiEvernoteapiEDAMAccountingProxy.h */ = {isa = PBXFileReference; fileEncoding = 4; lastKnownFileType = sourcecode.c.h; path = JpMasuidriveTiEvernoteapiEDAMAccountingProxy.h; sourceTree = "<group>"; };
		59963444149B301E005AC1A3 /* JpMasuidriveTiEvernoteapiEDAMAccountingProxy.m */ = {isa = PBXFileReference; fileEncoding = 4; lastKnownFileType = sourcecode.c.objc; path = JpMasuidriveTiEvernoteapiEDAMAccountingProxy.m; sourceTree = "<group>"; };
		59963445149B301F005AC1A3 /* JpMasuidriveTiEvernoteapiEDAMAdImpressionsProxy.h */ = {isa = PBXFileReference; fileEncoding = 4; lastKnownFileType = sourcecode.c.h; path = JpMasuidriveTiEvernoteapiEDAMAdImpressionsProxy.h; sourceTree = "<group>"; };
		59963446149B3021005AC1A3 /* JpMasuidriveTiEvernoteapiEDAMAdImpressionsProxy.m */ = {isa = PBXFileReference; fileEncoding = 4; lastKnownFileType = sourcecode.c.objc; path = JpMasuidriveTiEvernoteapiEDAMAdImpressionsProxy.m; sourceTree = "<group>"; };
		59963447149B3023005AC1A3 /* JpMasuidriveTiEvernoteapiEDAMAdParametersProxy.h */ = {isa = PBXFileReference; fileEncoding = 4; lastKnownFileType = sourcecode.c.h; path = JpMasuidriveTiEvernoteapiEDAMAdParametersProxy.h; sourceTree = "<group>"; };
		59963448149B3024005AC1A3 /* JpMasuidriveTiEvernoteapiEDAMAdParametersProxy.m */ = {isa = PBXFileReference; fileEncoding = 4; lastKnownFileType = sourcecode.c.objc; path = JpMasuidriveTiEvernoteapiEDAMAdParametersProxy.m; sourceTree = "<group>"; };
		59963449149B3026005AC1A3 /* JpMasuidriveTiEvernoteapiEDAMAdProxy.h */ = {isa = PBXFileReference; fileEncoding = 4; lastKnownFileType = sourcecode.c.h; path = JpMasuidriveTiEvernoteapiEDAMAdProxy.h; sourceTree = "<group>"; };
		5996344A149B3028005AC1A3 /* JpMasuidriveTiEvernoteapiEDAMAdProxy.m */ = {isa = PBXFileReference; fileEncoding = 4; lastKnownFileType = sourcecode.c.objc; path = JpMasuidriveTiEvernoteapiEDAMAdProxy.m; sourceTree = "<group>"; };
		5996344B149B302A005AC1A3 /* JpMasuidriveTiEvernoteapiEDAMAuthenticationResultProxy.h */ = {isa = PBXFileReference; fileEncoding = 4; lastKnownFileType = sourcecode.c.h; path = JpMasuidriveTiEvernoteapiEDAMAuthenticationResultProxy.h; sourceTree = "<group>"; };
		5996344C149B302B005AC1A3 /* JpMasuidriveTiEvernoteapiEDAMAuthenticationResultProxy.m */ = {isa = PBXFileReference; fileEncoding = 4; lastKnownFileType = sourcecode.c.objc; path = JpMasuidriveTiEvernoteapiEDAMAuthenticationResultProxy.m; sourceTree = "<group>"; };
		5996344D149B302D005AC1A3 /* JpMasuidriveTiEvernoteapiEDAMDataProxy.h */ = {isa = PBXFileReference; fileEncoding = 4; lastKnownFileType = sourcecode.c.h; path = JpMasuidriveTiEvernoteapiEDAMDataProxy.h; sourceTree = "<group>"; };
		5996344E149B302F005AC1A3 /* JpMasuidriveTiEvernoteapiEDAMDataProxy.m */ = {isa = PBXFileReference; fileEncoding = 4; lastKnownFileType = sourcecode.c.objc; path = JpMasuidriveTiEvernoteapiEDAMDataProxy.m; sourceTree = "<group>"; };
		5996344F149B3031005AC1A3 /* JpMasuidriveTiEvernoteapiEDAMLinkedNotebookProxy.h */ = {isa = PBXFileReference; fileEncoding = 4; lastKnownFileType = sourcecode.c.h; path = JpMasuidriveTiEvernoteapiEDAMLinkedNotebookProxy.h; sourceTree = "<group>"; };
		59963450149B3033005AC1A3 /* JpMasuidriveTiEvernoteapiEDAMLinkedNotebookProxy.m */ = {isa = PBXFileReference; fileEncoding = 4; lastKnownFileType = sourcecode.c.objc; path = JpMasuidriveTiEvernoteapiEDAMLinkedNotebookProxy.m; sourceTree = "<group>"; };
		59963451149B3035005AC1A3 /* JpMasuidriveTiEvernoteapiEDAMNoteAttributesProxy.h */ = {isa = PBXFileReference; fileEncoding = 4; lastKnownFileType = sourcecode.c.h; path = JpMasuidriveTiEvernoteapiEDAMNoteAttributesProxy.h; sourceTree = "<group>"; };
		59963452149B3038005AC1A3 /* JpMasuidriveTiEvernoteapiEDAMNoteAttributesProxy.m */ = {isa = PBXFileReference; fileEncoding = 4; lastKnownFileType = sourcecode.c.objc; path = JpMasuidriveTiEvernoteapiEDAMNoteAttributesProxy.m; sourceTree = "<group>"; };
		59963453149B303A005AC1A3 /* JpMasuidriveTiEvernoteapiEDAMNotebookProxy.h */ = {isa = PBXFileReference; fileEncoding = 4; lastKnownFileType = sourcecode.c.h; path = JpMasuidriveTiEvernoteapiEDAMNotebookProxy.h; sourceTree = "<group>"; };
		59963454149B303D005AC1A3 /* JpMasuidriveTiEvernoteapiEDAMNotebookProxy.m */ = {isa = PBXFileReference; fileEncoding = 4; lastKnownFileType = sourcecode.c.objc; path = JpMasuidriveTiEvernoteapiEDAMNotebookProxy.m; sourceTree = "<group>"; };
		59963455149B303F005AC1A3 /* JpMasuidriveTiEvernoteapiEDAMNoteCollectionCountsProxy.h */ = {isa = PBXFileReference; fileEncoding = 4; lastKnownFileType = sourcecode.c.h; path = JpMasuidriveTiEvernoteapiEDAMNoteCollectionCountsProxy.h; sourceTree = "<group>"; };
		59963456149B3041005AC1A3 /* JpMasuidriveTiEvernoteapiEDAMNoteCollectionCountsProxy.m */ = {isa = PBXFileReference; fileEncoding = 4; lastKnownFileType = sourcecode.c.objc; path = JpMasuidriveTiEvernoteapiEDAMNoteCollectionCountsProxy.m; sourceTree = "<group>"; };
		59963457149B3044005AC1A3 /* JpMasuidriveTiEvernoteapiEDAMNoteEmailParametersProxy.h */ = {isa = PBXFileReference; fileEncoding = 4; lastKnownFileType = sourcecode.c.h; path = JpMasuidriveTiEvernoteapiEDAMNoteEmailParametersProxy.h; sourceTree = "<group>"; };
		59963458149B3047005AC1A3 /* JpMasuidriveTiEvernoteapiEDAMNoteEmailParametersProxy.m */ = {isa = PBXFileReference; fileEncoding = 4; lastKnownFileType = sourcecode.c.objc; path = JpMasuidriveTiEvernoteapiEDAMNoteEmailParametersProxy.m; sourceTree = "<group>"; };
		59963459149B304A005AC1A3 /* JpMasuidriveTiEvernoteapiEDAMNoteFilterProxy.h */ = {isa = PBXFileReference; fileEncoding = 4; lastKnownFileType = sourcecode.c.h; path = JpMasuidriveTiEvernoteapiEDAMNoteFilterProxy.h; sourceTree = "<group>"; };
		5996345A149B304C005AC1A3 /* JpMasuidriveTiEvernoteapiEDAMNoteFilterProxy.m */ = {isa = PBXFileReference; fileEncoding = 4; lastKnownFileType = sourcecode.c.objc; path = JpMasuidriveTiEvernoteapiEDAMNoteFilterProxy.m; sourceTree = "<group>"; };
		5996345B149B304E005AC1A3 /* JpMasuidriveTiEvernoteapiEDAMNoteListProxy.h */ = {isa = PBXFileReference; fileEncoding = 4; lastKnownFileType = sourcecode.c.h; path = JpMasuidriveTiEvernoteapiEDAMNoteListProxy.h; sourceTree = "<group>"; };
		5996345C149B3051005AC1A3 /* JpMasuidriveTiEvernoteapiEDAMNoteListProxy.m */ = {isa = PBXFileReference; fileEncoding = 4; lastKnownFileType = sourcecode.c.objc; path = JpMasuidriveTiEvernoteapiEDAMNoteListProxy.m; sourceTree = "<group>"; };
		5996345D149B3053005AC1A3 /* JpMasuidriveTiEvernoteapiEDAMNoteMetadataProxy.h */ = {isa = PBXFileReference; fileEncoding = 4; lastKnownFileType = sourcecode.c.h; path = JpMasuidriveTiEvernoteapiEDAMNoteMetadataProxy.h; sourceTree = "<group>"; };
		5996345E149B3055005AC1A3 /* JpMasuidriveTiEvernoteapiEDAMNoteMetadataProxy.m */ = {isa = PBXFileReference; fileEncoding = 4; lastKnownFileType = sourcecode.c.objc; path = JpMasuidriveTiEvernoteapiEDAMNoteMetadataProxy.m; sourceTree = "<group>"; };
		5996345F149B3057005AC1A3 /* JpMasuidriveTiEvernoteapiEDAMNoteProxy.h */ = {isa = PBXFileReference; fileEncoding = 4; lastKnownFileType = sourcecode.c.h; path = JpMasuidriveTiEvernoteapiEDAMNoteProxy.h; sourceTree = "<group>"; };
		59963460149B305A005AC1A3 /* JpMasuidriveTiEvernoteapiEDAMNoteProxy.m */ = {isa = PBXFileReference; fileEncoding = 4; lastKnownFileType = sourcecode.c.objc; path = JpMasuidriveTiEvernoteapiEDAMNoteProxy.m; sourceTree = "<group>"; };
		59963461149B305D005AC1A3 /* JpMasuidriveTiEvernoteapiEDAMNotesMetadataListProxy.h */ = {isa = PBXFileReference; fileEncoding = 4; lastKnownFileType = sourcecode.c.h; path = JpMasuidriveTiEvernoteapiEDAMNotesMetadataListProxy.h; sourceTree = "<group>"; };
		59963462149B305F005AC1A3 /* JpMasuidriveTiEvernoteapiEDAMNotesMetadataListProxy.m */ = {isa = PBXFileReference; fileEncoding = 4; lastKnownFileType = sourcecode.c.objc; path = JpMasuidriveTiEvernoteapiEDAMNotesMetadataListProxy.m; sourceTree = "<group>"; };
		59963463149B3062005AC1A3 /* JpMasuidriveTiEvernoteapiEDAMNotesMetadataResultSpecProxy.h */ = {isa = PBXFileReference; fileEncoding = 4; lastKnownFileType = sourcecode.c.h; path = JpMasuidriveTiEvernoteapiEDAMNotesMetadataResultSpecProxy.h; sourceTree = "<group>"; };
		59963464149B3065005AC1A3 /* JpMasuidriveTiEvernoteapiEDAMNotesMetadataResultSpecProxy.m */ = {isa = PBXFileReference; fileEncoding = 4; lastKnownFileType = sourcecode.c.objc; path = JpMasuidriveTiEvernoteapiEDAMNotesMetadataResultSpecProxy.m; sourceTree = "<group>"; };
		59963465149B3068005AC1A3 /* JpMasuidriveTiEvernoteapiEDAMNoteStoreClientProxy.h */ = {isa = PBXFileReference; fileEncoding = 4; lastKnownFileType = sourcecode.c.h; path = JpMasuidriveTiEvernoteapiEDAMNoteStoreClientProxy.h; sourceTree = "<group>"; };
		59963466149B306C005AC1A3 /* JpMasuidriveTiEvernoteapiEDAMNoteStoreClientProxy.m */ = {isa = PBXFileReference; fileEncoding = 4; lastKnownFileType = sourcecode.c.objc; path = JpMasuidriveTiEvernoteapiEDAMNoteStoreClientProxy.m; sourceTree = "<group>"; };
		59963467149B306F005AC1A3 /* JpMasuidriveTiEvernoteapiEDAMNoteVersionIdProxy.h */ = {isa = PBXFileReference; fileEncoding = 4; lastKnownFileType = sourcecode.c.h; path = JpMasuidriveTiEvernoteapiEDAMNoteVersionIdProxy.h; sourceTree = "<group>"; };
		59963468149B3072005AC1A3 /* JpMasuidriveTiEvernoteapiEDAMNoteVersionIdProxy.m */ = {isa = PBXFileReference; fileEncoding = 4; lastKnownFileType = sourcecode.c.objc; path = JpMasuidriveTiEvernoteapiEDAMNoteVersionIdProxy.m; sourceTree = "<group>"; };
		59963469149B3075005AC1A3 /* JpMasuidriveTiEvernoteapiEDAMPublicUserInfoProxy.h */ = {isa = PBXFileReference; fileEncoding = 4; lastKnownFileType = sourcecode.c.h; path = JpMasuidriveTiEvernoteapiEDAMPublicUserInfoProxy.h; sourceTree = "<group>"; };
		5996346A149B3078005AC1A3 /* JpMasuidriveTiEvernoteapiEDAMPublicUserInfoProxy.m */ = {isa = PBXFileReference; fileEncoding = 4; lastKnownFileType = sourcecode.c.objc; path = JpMasuidriveTiEvernoteapiEDAMPublicUserInfoProxy.m; sourceTree = "<group>"; };
		5996346B149B307B005AC1A3 /* JpMasuidriveTiEvernoteapiEDAMPublishingProxy.h */ = {isa = PBXFileReference; fileEncoding = 4; lastKnownFileType = sourcecode.c.h; path = JpMasuidriveTiEvernoteapiEDAMPublishingProxy.h; sourceTree = "<group>"; };
		5996346C149B307E005AC1A3 /* JpMasuidriveTiEvernoteapiEDAMPublishingProxy.m */ = {isa = PBXFileReference; fileEncoding = 4; lastKnownFileType = sourcecode.c.objc; path = JpMasuidriveTiEvernoteapiEDAMPublishingProxy.m; sourceTree = "<group>"; };
		5996346D149B3082005AC1A3 /* JpMasuidriveTiEvernoteapiEDAMResourceAttributesProxy.h */ = {isa = PBXFileReference; fileEncoding = 4; lastKnownFileType = sourcecode.c.h; path = JpMasuidriveTiEvernoteapiEDAMResourceAttributesProxy.h; sourceTree = "<group>"; };
		5996346E149B3085005AC1A3 /* JpMasuidriveTiEvernoteapiEDAMResourceAttributesProxy.m */ = {isa = PBXFileReference; fileEncoding = 4; lastKnownFileType = sourcecode.c.objc; path = JpMasuidriveTiEvernoteapiEDAMResourceAttributesProxy.m; sourceTree = "<group>"; };
		5996346F149B3088005AC1A3 /* JpMasuidriveTiEvernoteapiEDAMResourceProxy.h */ = {isa = PBXFileReference; fileEncoding = 4; lastKnownFileType = sourcecode.c.h; path = JpMasuidriveTiEvernoteapiEDAMResourceProxy.h; sourceTree = "<group>"; };
		59963470149B308C005AC1A3 /* JpMasuidriveTiEvernoteapiEDAMResourceProxy.m */ = {isa = PBXFileReference; fileEncoding = 4; lastKnownFileType = sourcecode.c.objc; path = JpMasuidriveTiEvernoteapiEDAMResourceProxy.m; sourceTree = "<group>"; };
		59963471149B308F005AC1A3 /* JpMasuidriveTiEvernoteapiEDAMSavedSearchProxy.h */ = {isa = PBXFileReference; fileEncoding = 4; lastKnownFileType = sourcecode.c.h; path = JpMasuidriveTiEvernoteapiEDAMSavedSearchProxy.h; sourceTree = "<group>"; };
		59963472149B3093005AC1A3 /* JpMasuidriveTiEvernoteapiEDAMSavedSearchProxy.m */ = {isa = PBXFileReference; fileEncoding = 4; lastKnownFileType = sourcecode.c.objc; path = JpMasuidriveTiEvernoteapiEDAMSavedSearchProxy.m; sourceTree = "<group>"; };
		59963473149B3096005AC1A3 /* JpMasuidriveTiEvernoteapiEDAMSharedNotebookProxy.h */ = {isa = PBXFileReference; fileEncoding = 4; lastKnownFileType = sourcecode.c.h; path = JpMasuidriveTiEvernoteapiEDAMSharedNotebookProxy.h; sourceTree = "<group>"; };
		59963474149B3099005AC1A3 /* JpMasuidriveTiEvernoteapiEDAMSharedNotebookProxy.m */ = {isa = PBXFileReference; fileEncoding = 4; lastKnownFileType = sourcecode.c.objc; path = JpMasuidriveTiEvernoteapiEDAMSharedNotebookProxy.m; sourceTree = "<group>"; };
		59963475149B309D005AC1A3 /* JpMasuidriveTiEvernoteapiEDAMSyncChunkFilterProxy.h */ = {isa = PBXFileReference; fileEncoding = 4; lastKnownFileType = sourcecode.c.h; path = JpMasuidriveTiEvernoteapiEDAMSyncChunkFilterProxy.h; sourceTree = "<group>"; };
		59963476149B30A0005AC1A3 /* JpMasuidriveTiEvernoteapiEDAMSyncChunkFilterProxy.m */ = {isa = PBXFileReference; fileEncoding = 4; lastKnownFileType = sourcecode.c.objc; path = JpMasuidriveTiEvernoteapiEDAMSyncChunkFilterProxy.m; sourceTree = "<group>"; };
		59963477149B30A4005AC1A3 /* JpMasuidriveTiEvernoteapiEDAMSyncChunkProxy.h */ = {isa = PBXFileReference; fileEncoding = 4; lastKnownFileType = sourcecode.c.h; path = JpMasuidriveTiEvernoteapiEDAMSyncChunkProxy.h; sourceTree = "<group>"; };
		59963478149B30A8005AC1A3 /* JpMasuidriveTiEvernoteapiEDAMSyncChunkProxy.m */ = {isa = PBXFileReference; fileEncoding = 4; lastKnownFileType = sourcecode.c.objc; path = JpMasuidriveTiEvernoteapiEDAMSyncChunkProxy.m; sourceTree = "<group>"; };
		59963479149B30AB005AC1A3 /* JpMasuidriveTiEvernoteapiEDAMSyncStateProxy.h */ = {isa = PBXFileReference; fileEncoding = 4; lastKnownFileType = sourcecode.c.h; path = JpMasuidriveTiEvernoteapiEDAMSyncStateProxy.h; sourceTree = "<group>"; };
		5996347A149B30AF005AC1A3 /* JpMasuidriveTiEvernoteapiEDAMSyncStateProxy.m */ = {isa = PBXFileReference; fileEncoding = 4; lastKnownFileType = sourcecode.c.objc; path = JpMasuidriveTiEvernoteapiEDAMSyncStateProxy.m; sourceTree = "<group>"; };
		5996347B149B30B3005AC1A3 /* JpMasuidriveTiEvernoteapiEDAMTagProxy.h */ = {isa = PBXFileReference; fileEncoding = 4; lastKnownFileType = sourcecode.c.h; path = JpMasuidriveTiEvernoteapiEDAMTagProxy.h; sourceTree = "<group>"; };
		5996347C149B30B7005AC1A3 /* JpMasuidriveTiEvernoteapiEDAMTagProxy.m */ = {isa = PBXFileReference; fileEncoding = 4; lastKnownFileType = sourcecode.c.objc; path = JpMasuidriveTiEvernoteapiEDAMTagProxy.m; sourceTree = "<group>"; };
		5996347D149B30BA005AC1A3 /* JpMasuidriveTiEvernoteapiEDAMUserAttributesProxy.h */ = {isa = PBXFileReference; fileEncoding = 4; lastKnownFileType = sourcecode.c.h; path = JpMasuidriveTiEvernoteapiEDAMUserAttributesProxy.h; sourceTree = "<group>"; };
		5996347E149B30BE005AC1A3 /* JpMasuidriveTiEvernoteapiEDAMUserAttributesProxy.m */ = {isa = PBXFileReference; fileEncoding = 4; lastKnownFileType = sourcecode.c.objc; path = JpMasuidriveTiEvernoteapiEDAMUserAttributesProxy.m; sourceTree = "<group>"; };
		5996347F149B30C2005AC1A3 /* JpMasuidriveTiEvernoteapiEDAMUserProxy.h */ = {isa = PBXFileReference; fileEncoding = 4; lastKnownFileType = sourcecode.c.h; path = JpMasuidriveTiEvernoteapiEDAMUserProxy.h; sourceTree = "<group>"; };
		59963480149B30C6005AC1A3 /* JpMasuidriveTiEvernoteapiEDAMUserProxy.m */ = {isa = PBXFileReference; fileEncoding = 4; lastKnownFileType = sourcecode.c.objc; path = JpMasuidriveTiEvernoteapiEDAMUserProxy.m; sourceTree = "<group>"; };
		59963481149B30CA005AC1A3 /* JpMasuidriveTiEvernoteapiEDAMUserStoreClientProxy.h */ = {isa = PBXFileReference; fileEncoding = 4; lastKnownFileType = sourcecode.c.h; path = JpMasuidriveTiEvernoteapiEDAMUserStoreClientProxy.h; sourceTree = "<group>"; };
		59963482149B30CE005AC1A3 /* JpMasuidriveTiEvernoteapiEDAMUserStoreClientProxy.m */ = {isa = PBXFileReference; fileEncoding = 4; lastKnownFileType = sourcecode.c.objc; path = JpMasuidriveTiEvernoteapiEDAMUserStoreClientProxy.m; sourceTree = "<group>"; };
		59A813411498065A0022DD5D /* EDAMLimits.h */ = {isa = PBXFileReference; fileEncoding = 4; lastKnownFileType = sourcecode.c.h; path = EDAMLimits.h; sourceTree = "<group>"; };
		59A813421498065A0022DD5D /* EDAMLimits.m */ = {isa = PBXFileReference; fileEncoding = 4; lastKnownFileType = sourcecode.c.objc; path = EDAMLimits.m; sourceTree = "<group>"; };
		59A813431498065A0022DD5D /* Errors.h */ = {isa = PBXFileReference; fileEncoding = 4; lastKnownFileType = sourcecode.c.h; path = Errors.h; sourceTree = "<group>"; };
		59A813441498065A0022DD5D /* Errors.m */ = {isa = PBXFileReference; fileEncoding = 4; lastKnownFileType = sourcecode.c.objc; path = Errors.m; sourceTree = "<group>"; };
		59A813451498065A0022DD5D /* NoteStore.h */ = {isa = PBXFileReference; fileEncoding = 4; lastKnownFileType = sourcecode.c.h; path = NoteStore.h; sourceTree = "<group>"; };
		59A813461498065A0022DD5D /* NoteStore.m */ = {isa = PBXFileReference; fileEncoding = 4; lastKnownFileType = sourcecode.c.objc; path = NoteStore.m; sourceTree = "<group>"; };
		59A813471498065A0022DD5D /* Types.h */ = {isa = PBXFileReference; fileEncoding = 4; lastKnownFileType = sourcecode.c.h; path = Types.h; sourceTree = "<group>"; };
		59A813481498065A0022DD5D /* Types.m */ = {isa = PBXFileReference; fileEncoding = 4; lastKnownFileType = sourcecode.c.objc; path = Types.m; sourceTree = "<group>"; };
		59A813491498065A0022DD5D /* UserStore.h */ = {isa = PBXFileReference; fileEncoding = 4; lastKnownFileType = sourcecode.c.h; path = UserStore.h; sourceTree = "<group>"; };
		59A8134A1498065A0022DD5D /* UserStore.m */ = {isa = PBXFileReference; fileEncoding = 4; lastKnownFileType = sourcecode.c.objc; path = UserStore.m; sourceTree = "<group>"; };
		59A8134D1498065A0022DD5D /* TBinaryProtocol.h */ = {isa = PBXFileReference; fileEncoding = 4; lastKnownFileType = sourcecode.c.h; path = TBinaryProtocol.h; sourceTree = "<group>"; };
		59A8134E1498065A0022DD5D /* TBinaryProtocol.m */ = {isa = PBXFileReference; fileEncoding = 4; lastKnownFileType = sourcecode.c.objc; path = TBinaryProtocol.m; sourceTree = "<group>"; };
		59A8134F1498065A0022DD5D /* TProtocol.h */ = {isa = PBXFileReference; fileEncoding = 4; lastKnownFileType = sourcecode.c.h; path = TProtocol.h; sourceTree = "<group>"; };
		59A813501498065A0022DD5D /* TProtocolException.h */ = {isa = PBXFileReference; fileEncoding = 4; lastKnownFileType = sourcecode.c.h; path = TProtocolException.h; sourceTree = "<group>"; };
		59A813511498065A0022DD5D /* TProtocolException.m */ = {isa = PBXFileReference; fileEncoding = 4; lastKnownFileType = sourcecode.c.objc; path = TProtocolException.m; sourceTree = "<group>"; };
		59A813521498065A0022DD5D /* TProtocolFactory.h */ = {isa = PBXFileReference; fileEncoding = 4; lastKnownFileType = sourcecode.c.h; path = TProtocolFactory.h; sourceTree = "<group>"; };
		59A813531498065A0022DD5D /* TProtocolUtil.h */ = {isa = PBXFileReference; fileEncoding = 4; lastKnownFileType = sourcecode.c.h; path = TProtocolUtil.h; sourceTree = "<group>"; };
		59A813541498065A0022DD5D /* TProtocolUtil.m */ = {isa = PBXFileReference; fileEncoding = 4; lastKnownFileType = sourcecode.c.objc; path = TProtocolUtil.m; sourceTree = "<group>"; };
		59A813561498065A0022DD5D /* TApplicationException.h */ = {isa = PBXFileReference; fileEncoding = 4; lastKnownFileType = sourcecode.c.h; path = TApplicationException.h; sourceTree = "<group>"; };
		59A813571498065A0022DD5D /* TApplicationException.m */ = {isa = PBXFileReference; fileEncoding = 4; lastKnownFileType = sourcecode.c.objc; path = TApplicationException.m; sourceTree = "<group>"; };
		59A813581498065A0022DD5D /* TException.h */ = {isa = PBXFileReference; fileEncoding = 4; lastKnownFileType = sourcecode.c.h; path = TException.h; sourceTree = "<group>"; };
		59A813591498065A0022DD5D /* TException.m */ = {isa = PBXFileReference; fileEncoding = 4; lastKnownFileType = sourcecode.c.objc; path = TException.m; sourceTree = "<group>"; };
		59A8135A1498065A0022DD5D /* TProcessor.h */ = {isa = PBXFileReference; fileEncoding = 4; lastKnownFileType = sourcecode.c.h; path = TProcessor.h; sourceTree = "<group>"; };
		59A8135B1498065A0022DD5D /* TProcessorFactory.h */ = {isa = PBXFileReference; fileEncoding = 4; lastKnownFileType = sourcecode.c.h; path = TProcessorFactory.h; sourceTree = "<group>"; };
		59A8135D1498065A0022DD5D /* THTTPClient.h */ = {isa = PBXFileReference; fileEncoding = 4; lastKnownFileType = sourcecode.c.h; path = THTTPClient.h; sourceTree = "<group>"; };
		59A8135E1498065A0022DD5D /* THTTPClient.m */ = {isa = PBXFileReference; fileEncoding = 4; lastKnownFileType = sourcecode.c.objc; path = THTTPClient.m; sourceTree = "<group>"; };
		59A8135F1498065A0022DD5D /* TMemoryBuffer.h */ = {isa = PBXFileReference; fileEncoding = 4; lastKnownFileType = sourcecode.c.h; path = TMemoryBuffer.h; sourceTree = "<group>"; };
		59A813601498065A0022DD5D /* TMemoryBuffer.m */ = {isa = PBXFileReference; fileEncoding = 4; lastKnownFileType = sourcecode.c.objc; path = TMemoryBuffer.m; sourceTree = "<group>"; };
		59A813611498065A0022DD5D /* TTransport.h */ = {isa = PBXFileReference; fileEncoding = 4; lastKnownFileType = sourcecode.c.h; path = TTransport.h; sourceTree = "<group>"; };
		59A813621498065A0022DD5D /* TTransportException.h */ = {isa = PBXFileReference; fileEncoding = 4; lastKnownFileType = sourcecode.c.h; path = TTransportException.h; sourceTree = "<group>"; };
		59A813631498065A0022DD5D /* TTransportException.m */ = {isa = PBXFileReference; fileEncoding = 4; lastKnownFileType = sourcecode.c.objc; path = TTransportException.m; sourceTree = "<group>"; };
		59A813641498065A0022DD5D /* TSharedProcessorFactory.h */ = {isa = PBXFileReference; fileEncoding = 4; lastKnownFileType = sourcecode.c.h; path = TSharedProcessorFactory.h; sourceTree = "<group>"; };
		59A813651498065A0022DD5D /* TSharedProcessorFactory.m */ = {isa = PBXFileReference; fileEncoding = 4; lastKnownFileType = sourcecode.c.objc; path = TSharedProcessorFactory.m; sourceTree = "<group>"; };
		59A814081498073B0022DD5D /* TiThriftUtils.h */ = {isa = PBXFileReference; fileEncoding = 4; lastKnownFileType = sourcecode.c.h; name = TiThriftUtils.h; path = Classes/TiThriftUtils.h; sourceTree = "<group>"; };
		59A814091498073B0022DD5D /* TiThriftUtils.m */ = {isa = PBXFileReference; fileEncoding = 4; lastKnownFileType = sourcecode.c.objc; name = TiThriftUtils.m; path = Classes/TiThriftUtils.m; sourceTree = "<group>"; };
		AA747D9E0F9514B9006C5449 /* JpMasuidriveTiEvernoteapi_Prefix.pch */ = {isa = PBXFileReference; fileEncoding = 4; lastKnownFileType = sourcecode.c.h; path = JpMasuidriveTiEvernoteapi_Prefix.pch; sourceTree = SOURCE_ROOT; };
		AACBBE490F95108600F1A2B1 /* Foundation.framework */ = {isa = PBXFileReference; lastKnownFileType = wrapper.framework; name = Foundation.framework; path = System/Library/Frameworks/Foundation.framework; sourceTree = SDKROOT; };
		D2AAC07E0554694100DB518D /* libJpMasuidriveTiEvernoteapi.a */ = {isa = PBXFileReference; explicitFileType = archive.ar; includeInIndex = 0; path = libJpMasuidriveTiEvernoteapi.a; sourceTree = BUILT_PRODUCTS_DIR; };
/* End PBXFileReference section */

/* Begin PBXFrameworksBuildPhase section */
		D2AAC07C0554694100DB518D /* Frameworks */ = {
			isa = PBXFrameworksBuildPhase;
			buildActionMask = 2147483647;
			files = (
				AACBBE4A0F95108600F1A2B1 /* Foundation.framework in Frameworks */,
			);
			runOnlyForDeploymentPostprocessing = 0;
		};
/* End PBXFrameworksBuildPhase section */

/* Begin PBXGroup section */
		034768DFFF38A50411DB9C8B /* Products */ = {
			isa = PBXGroup;
			children = (
				D2AAC07E0554694100DB518D /* libJpMasuidriveTiEvernoteapi.a */,
			);
			name = Products;
			sourceTree = "<group>";
		};
		0867D691FE84028FC02AAC07 /* evernoteapi */ = {
			isa = PBXGroup;
			children = (
				08FB77AEFE84172EC02AAC07 /* Classes */,
				32C88DFF0371C24200C91783 /* Other Sources */,
				0867D69AFE84028FC02AAC07 /* Frameworks */,
				034768DFFF38A50411DB9C8B /* Products */,
			);
			name = evernoteapi;
			sourceTree = "<group>";
		};
		0867D69AFE84028FC02AAC07 /* Frameworks */ = {
			isa = PBXGroup;
			children = (
				AACBBE490F95108600F1A2B1 /* Foundation.framework */,
			);
			name = Frameworks;
			sourceTree = "<group>";
		};
		08FB77AEFE84172EC02AAC07 /* Classes */ = {
			isa = PBXGroup;
			children = (
				59A813871498072E0022DD5D /* EvernoteAPIProxy */,
				24DE9E0F11C5FE74003F90F6 /* JpMasuidriveTiEvernoteapiModuleAssets.h */,
				24DE9E1011C5FE74003F90F6 /* JpMasuidriveTiEvernoteapiModuleAssets.m */,
				24DD6CF71134B3F500162E58 /* JpMasuidriveTiEvernoteapiModule.h */,
				24DD6CF81134B3F500162E58 /* JpMasuidriveTiEvernoteapiModule.m */,
				59A814081498073B0022DD5D /* TiThriftUtils.h */,
				59A814091498073B0022DD5D /* TiThriftUtils.m */,
			);
			name = Classes;
			sourceTree = "<group>";
		};
		32C88DFF0371C24200C91783 /* Other Sources */ = {
			isa = PBXGroup;
			children = (
				59A8133F149806350022DD5D /* EvernoteAPI */,
				AA747D9E0F9514B9006C5449 /* JpMasuidriveTiEvernoteapi_Prefix.pch */,
				24DD6D1B1134B66800162E58 /* titanium.xcconfig */,
			);
			name = "Other Sources";
			sourceTree = "<group>";
		};
		59A8133F149806350022DD5D /* EvernoteAPI */ = {
			isa = PBXGroup;
			children = (
				59A813401498065A0022DD5D /* edam */,
				59A8134B1498065A0022DD5D /* thrift */,
			);
			name = EvernoteAPI;
			sourceTree = "<group>";
		};
		59A813401498065A0022DD5D /* edam */ = {
			isa = PBXGroup;
			children = (
				59A813411498065A0022DD5D /* EDAMLimits.h */,
				59A813421498065A0022DD5D /* EDAMLimits.m */,
				59A813431498065A0022DD5D /* Errors.h */,
				59A813441498065A0022DD5D /* Errors.m */,
				59A813451498065A0022DD5D /* NoteStore.h */,
				59A813461498065A0022DD5D /* NoteStore.m */,
				59A813471498065A0022DD5D /* Types.h */,
				59A813481498065A0022DD5D /* Types.m */,
				59A813491498065A0022DD5D /* UserStore.h */,
				59A8134A1498065A0022DD5D /* UserStore.m */,
			);
			name = edam;
			path = "../evernote-api-1.19/cocoa/src/edam";
			sourceTree = "<group>";
		};
		59A8134B1498065A0022DD5D /* thrift */ = {
			isa = PBXGroup;
			children = (
				59A8134C1498065A0022DD5D /* protocol */,
				59A813551498065A0022DD5D /* server */,
				59A813561498065A0022DD5D /* TApplicationException.h */,
				59A813571498065A0022DD5D /* TApplicationException.m */,
				59A813581498065A0022DD5D /* TException.h */,
				59A813591498065A0022DD5D /* TException.m */,
				59A8135A1498065A0022DD5D /* TProcessor.h */,
				59A8135B1498065A0022DD5D /* TProcessorFactory.h */,
				59A8135C1498065A0022DD5D /* transport */,
				59A813641498065A0022DD5D /* TSharedProcessorFactory.h */,
				59A813651498065A0022DD5D /* TSharedProcessorFactory.m */,
			);
			name = thrift;
			path = "../evernote-api-1.19/cocoa/src/thrift";
			sourceTree = "<group>";
		};
		59A8134C1498065A0022DD5D /* protocol */ = {
			isa = PBXGroup;
			children = (
				59A8134D1498065A0022DD5D /* TBinaryProtocol.h */,
				59A8134E1498065A0022DD5D /* TBinaryProtocol.m */,
				59A8134F1498065A0022DD5D /* TProtocol.h */,
				59A813501498065A0022DD5D /* TProtocolException.h */,
				59A813511498065A0022DD5D /* TProtocolException.m */,
				59A813521498065A0022DD5D /* TProtocolFactory.h */,
				59A813531498065A0022DD5D /* TProtocolUtil.h */,
				59A813541498065A0022DD5D /* TProtocolUtil.m */,
			);
			path = protocol;
			sourceTree = "<group>";
		};
		59A813551498065A0022DD5D /* server */ = {
			isa = PBXGroup;
			children = (
			);
			path = server;
			sourceTree = "<group>";
		};
		59A8135C1498065A0022DD5D /* transport */ = {
			isa = PBXGroup;
			children = (
				59A8135D1498065A0022DD5D /* THTTPClient.h */,
				59A8135E1498065A0022DD5D /* THTTPClient.m */,
				59A8135F1498065A0022DD5D /* TMemoryBuffer.h */,
				59A813601498065A0022DD5D /* TMemoryBuffer.m */,
				59A813611498065A0022DD5D /* TTransport.h */,
				59A813621498065A0022DD5D /* TTransportException.h */,
				59A813631498065A0022DD5D /* TTransportException.m */,
			);
			path = transport;
			sourceTree = "<group>";
		};
		59A813871498072E0022DD5D /* EvernoteAPIProxy */ = {
			isa = PBXGroup;
			children = (
				59963443149B301C005AC1A3 /* JpMasuidriveTiEvernoteapiEDAMAccountingProxy.h */,
				59963444149B301E005AC1A3 /* JpMasuidriveTiEvernoteapiEDAMAccountingProxy.m */,
				59963445149B301F005AC1A3 /* JpMasuidriveTiEvernoteapiEDAMAdImpressionsProxy.h */,
				59963446149B3021005AC1A3 /* JpMasuidriveTiEvernoteapiEDAMAdImpressionsProxy.m */,
				59963447149B3023005AC1A3 /* JpMasuidriveTiEvernoteapiEDAMAdParametersProxy.h */,
				59963448149B3024005AC1A3 /* JpMasuidriveTiEvernoteapiEDAMAdParametersProxy.m */,
				59963449149B3026005AC1A3 /* JpMasuidriveTiEvernoteapiEDAMAdProxy.h */,
				5996344A149B3028005AC1A3 /* JpMasuidriveTiEvernoteapiEDAMAdProxy.m */,
				5996344B149B302A005AC1A3 /* JpMasuidriveTiEvernoteapiEDAMAuthenticationResultProxy.h */,
				5996344C149B302B005AC1A3 /* JpMasuidriveTiEvernoteapiEDAMAuthenticationResultProxy.m */,
				5996344D149B302D005AC1A3 /* JpMasuidriveTiEvernoteapiEDAMDataProxy.h */,
				5996344E149B302F005AC1A3 /* JpMasuidriveTiEvernoteapiEDAMDataProxy.m */,
				5996344F149B3031005AC1A3 /* JpMasuidriveTiEvernoteapiEDAMLinkedNotebookProxy.h */,
				59963450149B3033005AC1A3 /* JpMasuidriveTiEvernoteapiEDAMLinkedNotebookProxy.m */,
				59963451149B3035005AC1A3 /* JpMasuidriveTiEvernoteapiEDAMNoteAttributesProxy.h */,
				59963452149B3038005AC1A3 /* JpMasuidriveTiEvernoteapiEDAMNoteAttributesProxy.m */,
				59963453149B303A005AC1A3 /* JpMasuidriveTiEvernoteapiEDAMNotebookProxy.h */,
				59963454149B303D005AC1A3 /* JpMasuidriveTiEvernoteapiEDAMNotebookProxy.m */,
				59963455149B303F005AC1A3 /* JpMasuidriveTiEvernoteapiEDAMNoteCollectionCountsProxy.h */,
				59963456149B3041005AC1A3 /* JpMasuidriveTiEvernoteapiEDAMNoteCollectionCountsProxy.m */,
				59963457149B3044005AC1A3 /* JpMasuidriveTiEvernoteapiEDAMNoteEmailParametersProxy.h */,
				59963458149B3047005AC1A3 /* JpMasuidriveTiEvernoteapiEDAMNoteEmailParametersProxy.m */,
				59963459149B304A005AC1A3 /* JpMasuidriveTiEvernoteapiEDAMNoteFilterProxy.h */,
				5996345A149B304C005AC1A3 /* JpMasuidriveTiEvernoteapiEDAMNoteFilterProxy.m */,
				5996345B149B304E005AC1A3 /* JpMasuidriveTiEvernoteapiEDAMNoteListProxy.h */,
				5996345C149B3051005AC1A3 /* JpMasuidriveTiEvernoteapiEDAMNoteListProxy.m */,
				5996345D149B3053005AC1A3 /* JpMasuidriveTiEvernoteapiEDAMNoteMetadataProxy.h */,
				5996345E149B3055005AC1A3 /* JpMasuidriveTiEvernoteapiEDAMNoteMetadataProxy.m */,
				5996345F149B3057005AC1A3 /* JpMasuidriveTiEvernoteapiEDAMNoteProxy.h */,
				59963460149B305A005AC1A3 /* JpMasuidriveTiEvernoteapiEDAMNoteProxy.m */,
				59963461149B305D005AC1A3 /* JpMasuidriveTiEvernoteapiEDAMNotesMetadataListProxy.h */,
				59963462149B305F005AC1A3 /* JpMasuidriveTiEvernoteapiEDAMNotesMetadataListProxy.m */,
				59963463149B3062005AC1A3 /* JpMasuidriveTiEvernoteapiEDAMNotesMetadataResultSpecProxy.h */,
				59963464149B3065005AC1A3 /* JpMasuidriveTiEvernoteapiEDAMNotesMetadataResultSpecProxy.m */,
				59963465149B3068005AC1A3 /* JpMasuidriveTiEvernoteapiEDAMNoteStoreClientProxy.h */,
				59963466149B306C005AC1A3 /* JpMasuidriveTiEvernoteapiEDAMNoteStoreClientProxy.m */,
				59963467149B306F005AC1A3 /* JpMasuidriveTiEvernoteapiEDAMNoteVersionIdProxy.h */,
				59963468149B3072005AC1A3 /* JpMasuidriveTiEvernoteapiEDAMNoteVersionIdProxy.m */,
				59963469149B3075005AC1A3 /* JpMasuidriveTiEvernoteapiEDAMPublicUserInfoProxy.h */,
				5996346A149B3078005AC1A3 /* JpMasuidriveTiEvernoteapiEDAMPublicUserInfoProxy.m */,
				5996346B149B307B005AC1A3 /* JpMasuidriveTiEvernoteapiEDAMPublishingProxy.h */,
				5996346C149B307E005AC1A3 /* JpMasuidriveTiEvernoteapiEDAMPublishingProxy.m */,
				5996346D149B3082005AC1A3 /* JpMasuidriveTiEvernoteapiEDAMResourceAttributesProxy.h */,
				5996346E149B3085005AC1A3 /* JpMasuidriveTiEvernoteapiEDAMResourceAttributesProxy.m */,
				5996346F149B3088005AC1A3 /* JpMasuidriveTiEvernoteapiEDAMResourceProxy.h */,
				59963470149B308C005AC1A3 /* JpMasuidriveTiEvernoteapiEDAMResourceProxy.m */,
				59963471149B308F005AC1A3 /* JpMasuidriveTiEvernoteapiEDAMSavedSearchProxy.h */,
				59963472149B3093005AC1A3 /* JpMasuidriveTiEvernoteapiEDAMSavedSearchProxy.m */,
				59963473149B3096005AC1A3 /* JpMasuidriveTiEvernoteapiEDAMSharedNotebookProxy.h */,
				59963474149B3099005AC1A3 /* JpMasuidriveTiEvernoteapiEDAMSharedNotebookProxy.m */,
				59963475149B309D005AC1A3 /* JpMasuidriveTiEvernoteapiEDAMSyncChunkFilterProxy.h */,
				59963476149B30A0005AC1A3 /* JpMasuidriveTiEvernoteapiEDAMSyncChunkFilterProxy.m */,
				59963477149B30A4005AC1A3 /* JpMasuidriveTiEvernoteapiEDAMSyncChunkProxy.h */,
				59963478149B30A8005AC1A3 /* JpMasuidriveTiEvernoteapiEDAMSyncChunkProxy.m */,
				59963479149B30AB005AC1A3 /* JpMasuidriveTiEvernoteapiEDAMSyncStateProxy.h */,
				5996347A149B30AF005AC1A3 /* JpMasuidriveTiEvernoteapiEDAMSyncStateProxy.m */,
				5996347B149B30B3005AC1A3 /* JpMasuidriveTiEvernoteapiEDAMTagProxy.h */,
				5996347C149B30B7005AC1A3 /* JpMasuidriveTiEvernoteapiEDAMTagProxy.m */,
				5996347D149B30BA005AC1A3 /* JpMasuidriveTiEvernoteapiEDAMUserAttributesProxy.h */,
				5996347E149B30BE005AC1A3 /* JpMasuidriveTiEvernoteapiEDAMUserAttributesProxy.m */,
				5996347F149B30C2005AC1A3 /* JpMasuidriveTiEvernoteapiEDAMUserProxy.h */,
				59963480149B30C6005AC1A3 /* JpMasuidriveTiEvernoteapiEDAMUserProxy.m */,
				59963481149B30CA005AC1A3 /* JpMasuidriveTiEvernoteapiEDAMUserStoreClientProxy.h */,
				59963482149B30CE005AC1A3 /* JpMasuidriveTiEvernoteapiEDAMUserStoreClientProxy.m */,
				59915AA214985907007722A5 /* ErrorsConsts.m */,
				59915AA314985907007722A5 /* LimitsConsts.m */,
				59915AA414985907007722A5 /* NoteStoreConsts.m */,
				59915AA514985907007722A5 /* TypesConsts.m */,
				59915AA614985907007722A5 /* UserStoreConsts.m */,
			);
			path = EvernoteAPIProxy;
			sourceTree = "<group>";
		};
/* End PBXGroup section */

/* Begin PBXHeadersBuildPhase section */
		D2AAC07A0554694100DB518D /* Headers */ = {
			isa = PBXHeadersBuildPhase;
			buildActionMask = 2147483647;
			files = (
				AA747D9F0F9514B9006C5449 /* JpMasuidriveTiEvernoteapi_Prefix.pch in Headers */,
				24DD6CF91134B3F500162E58 /* JpMasuidriveTiEvernoteapiModule.h in Headers */,
				24DE9E1111C5FE74003F90F6 /* JpMasuidriveTiEvernoteapiModuleAssets.h in Headers */,
				59A813661498065A0022DD5D /* EDAMLimits.h in Headers */,
				59A813681498065A0022DD5D /* Errors.h in Headers */,
				59A8136A1498065A0022DD5D /* NoteStore.h in Headers */,
				59A8136C1498065A0022DD5D /* Types.h in Headers */,
				59A8136E1498065A0022DD5D /* UserStore.h in Headers */,
				59A813701498065A0022DD5D /* TBinaryProtocol.h in Headers */,
				59A813721498065A0022DD5D /* TProtocol.h in Headers */,
				59A813731498065A0022DD5D /* TProtocolException.h in Headers */,
				59A813751498065A0022DD5D /* TProtocolFactory.h in Headers */,
				59A813761498065A0022DD5D /* TProtocolUtil.h in Headers */,
				59A813781498065A0022DD5D /* TApplicationException.h in Headers */,
				59A8137A1498065A0022DD5D /* TException.h in Headers */,
				59A8137C1498065A0022DD5D /* TProcessor.h in Headers */,
				59A8137D1498065A0022DD5D /* TProcessorFactory.h in Headers */,
				59A8137E1498065A0022DD5D /* THTTPClient.h in Headers */,
				59A813801498065A0022DD5D /* TMemoryBuffer.h in Headers */,
				59A813821498065A0022DD5D /* TTransport.h in Headers */,
				59A813831498065A0022DD5D /* TTransportException.h in Headers */,
				59A813851498065A0022DD5D /* TSharedProcessorFactory.h in Headers */,
				59A8140A1498073B0022DD5D /* TiThriftUtils.h in Headers */,
				599634BF149B30D2005AC1A3 /* JpMasuidriveTiEvernoteapiEDAMAccountingProxy.h in Headers */,
				599634C1149B30D2005AC1A3 /* JpMasuidriveTiEvernoteapiEDAMAdImpressionsProxy.h in Headers */,
				599634C3149B30D2005AC1A3 /* JpMasuidriveTiEvernoteapiEDAMAdParametersProxy.h in Headers */,
				599634C5149B30D2005AC1A3 /* JpMasuidriveTiEvernoteapiEDAMAdProxy.h in Headers */,
				599634C7149B30D2005AC1A3 /* JpMasuidriveTiEvernoteapiEDAMAuthenticationResultProxy.h in Headers */,
				599634C9149B30D2005AC1A3 /* JpMasuidriveTiEvernoteapiEDAMDataProxy.h in Headers */,
				599634CB149B30D2005AC1A3 /* JpMasuidriveTiEvernoteapiEDAMLinkedNotebookProxy.h in Headers */,
				599634CD149B30D2005AC1A3 /* JpMasuidriveTiEvernoteapiEDAMNoteAttributesProxy.h in Headers */,
				599634CF149B30D2005AC1A3 /* JpMasuidriveTiEvernoteapiEDAMNotebookProxy.h in Headers */,
				599634D1149B30D2005AC1A3 /* JpMasuidriveTiEvernoteapiEDAMNoteCollectionCountsProxy.h in Headers */,
				599634D3149B30D2005AC1A3 /* JpMasuidriveTiEvernoteapiEDAMNoteEmailParametersProxy.h in Headers */,
				599634D5149B30D2005AC1A3 /* JpMasuidriveTiEvernoteapiEDAMNoteFilterProxy.h in Headers */,
				599634D7149B30D2005AC1A3 /* JpMasuidriveTiEvernoteapiEDAMNoteListProxy.h in Headers */,
				599634D9149B30D2005AC1A3 /* JpMasuidriveTiEvernoteapiEDAMNoteMetadataProxy.h in Headers */,
				599634DB149B30D2005AC1A3 /* JpMasuidriveTiEvernoteapiEDAMNoteProxy.h in Headers */,
				599634DD149B30D2005AC1A3 /* JpMasuidriveTiEvernoteapiEDAMNotesMetadataListProxy.h in Headers */,
				599634DF149B30D2005AC1A3 /* JpMasuidriveTiEvernoteapiEDAMNotesMetadataResultSpecProxy.h in Headers */,
				599634E1149B30D2005AC1A3 /* JpMasuidriveTiEvernoteapiEDAMNoteStoreClientProxy.h in Headers */,
				599634E3149B30D2005AC1A3 /* JpMasuidriveTiEvernoteapiEDAMNoteVersionIdProxy.h in Headers */,
				599634E5149B30D2005AC1A3 /* JpMasuidriveTiEvernoteapiEDAMPublicUserInfoProxy.h in Headers */,
				599634E7149B30D2005AC1A3 /* JpMasuidriveTiEvernoteapiEDAMPublishingProxy.h in Headers */,
				599634E9149B30D2005AC1A3 /* JpMasuidriveTiEvernoteapiEDAMResourceAttributesProxy.h in Headers */,
				599634EB149B30D2005AC1A3 /* JpMasuidriveTiEvernoteapiEDAMResourceProxy.h in Headers */,
				599634ED149B30D2005AC1A3 /* JpMasuidriveTiEvernoteapiEDAMSavedSearchProxy.h in Headers */,
				599634EF149B30D2005AC1A3 /* JpMasuidriveTiEvernoteapiEDAMSharedNotebookProxy.h in Headers */,
				599634F1149B30D2005AC1A3 /* JpMasuidriveTiEvernoteapiEDAMSyncChunkFilterProxy.h in Headers */,
				599634F3149B30D2005AC1A3 /* JpMasuidriveTiEvernoteapiEDAMSyncChunkProxy.h in Headers */,
				599634F5149B30D2005AC1A3 /* JpMasuidriveTiEvernoteapiEDAMSyncStateProxy.h in Headers */,
				599634F7149B30D2005AC1A3 /* JpMasuidriveTiEvernoteapiEDAMTagProxy.h in Headers */,
				599634F9149B30D2005AC1A3 /* JpMasuidriveTiEvernoteapiEDAMUserAttributesProxy.h in Headers */,
				599634FB149B30D2005AC1A3 /* JpMasuidriveTiEvernoteapiEDAMUserProxy.h in Headers */,
				599634FD149B30D2005AC1A3 /* JpMasuidriveTiEvernoteapiEDAMUserStoreClientProxy.h in Headers */,
			);
			runOnlyForDeploymentPostprocessing = 0;
		};
/* End PBXHeadersBuildPhase section */

/* Begin PBXNativeTarget section */
		D2AAC07D0554694100DB518D /* evernoteapi */ = {
			isa = PBXNativeTarget;
			buildConfigurationList = 1DEB921E08733DC00010E9CD /* Build configuration list for PBXNativeTarget "evernoteapi" */;
			buildPhases = (
				D2AAC07A0554694100DB518D /* Headers */,
				D2AAC07B0554694100DB518D /* Sources */,
				D2AAC07C0554694100DB518D /* Frameworks */,
			);
			buildRules = (
			);
			dependencies = (
			);
			name = evernoteapi;
			productName = evernoteapi;
			productReference = D2AAC07E0554694100DB518D /* libJpMasuidriveTiEvernoteapi.a */;
			productType = "com.apple.product-type.library.static";
		};
/* End PBXNativeTarget section */

/* Begin PBXProject section */
		0867D690FE84028FC02AAC07 /* Project object */ = {
			isa = PBXProject;
			buildConfigurationList = 1DEB922208733DC00010E9CD /* Build configuration list for PBXProject "evernoteapi" */;
			compatibilityVersion = "Xcode 3.1";
			developmentRegion = English;
			hasScannedForEncodings = 1;
			knownRegions = (
				English,
				Japanese,
				French,
				German,
			);
			mainGroup = 0867D691FE84028FC02AAC07 /* evernoteapi */;
			productRefGroup = 034768DFFF38A50411DB9C8B /* Products */;
			projectDirPath = "";
			projectRoot = "";
			targets = (
				D2AAC07D0554694100DB518D /* evernoteapi */,
				24416B8111C4CA220047AFDD /* Build & Test */,
			);
		};
/* End PBXProject section */

/* Begin PBXShellScriptBuildPhase section */
		24416B8011C4CA220047AFDD /* ShellScript */ = {
			isa = PBXShellScriptBuildPhase;
			buildActionMask = 2147483647;
			files = (
			);
			inputPaths = (
			);
			outputPaths = (
			);
			runOnlyForDeploymentPostprocessing = 0;
			shellPath = /bin/sh;
			shellScript = "# shell script goes here\n\npython \"${TITANIUM_SDK}/titanium.py\" run --dir=\"${PROJECT_DIR}\"\nexit $?\n";
		};
/* End PBXShellScriptBuildPhase section */

/* Begin PBXSourcesBuildPhase section */
		D2AAC07B0554694100DB518D /* Sources */ = {
			isa = PBXSourcesBuildPhase;
			buildActionMask = 2147483647;
			files = (
				24DD6CFA1134B3F500162E58 /* JpMasuidriveTiEvernoteapiModule.m in Sources */,
				24DE9E1211C5FE74003F90F6 /* JpMasuidriveTiEvernoteapiModuleAssets.m in Sources */,
				59A813671498065A0022DD5D /* EDAMLimits.m in Sources */,
				59A813691498065A0022DD5D /* Errors.m in Sources */,
				59A8136B1498065A0022DD5D /* NoteStore.m in Sources */,
				59A8136D1498065A0022DD5D /* Types.m in Sources */,
				59A8136F1498065A0022DD5D /* UserStore.m in Sources */,
				59A813711498065A0022DD5D /* TBinaryProtocol.m in Sources */,
				59A813741498065A0022DD5D /* TProtocolException.m in Sources */,
				59A813771498065A0022DD5D /* TProtocolUtil.m in Sources */,
				59A813791498065A0022DD5D /* TApplicationException.m in Sources */,
				59A8137B1498065A0022DD5D /* TException.m in Sources */,
				59A8137F1498065A0022DD5D /* THTTPClient.m in Sources */,
				59A813811498065A0022DD5D /* TMemoryBuffer.m in Sources */,
				59A813841498065A0022DD5D /* TTransportException.m in Sources */,
				59A813861498065A0022DD5D /* TSharedProcessorFactory.m in Sources */,
				59A8140B1498073B0022DD5D /* TiThriftUtils.m in Sources */,
				59915AA714985907007722A5 /* ErrorsConsts.m in Sources */,
				59915AA814985907007722A5 /* LimitsConsts.m in Sources */,
				59915AA914985907007722A5 /* NoteStoreConsts.m in Sources */,
				59915AAA14985907007722A5 /* TypesConsts.m in Sources */,
				59915AAB14985907007722A5 /* UserStoreConsts.m in Sources */,
				599634C0149B30D2005AC1A3 /* JpMasuidriveTiEvernoteapiEDAMAccountingProxy.m in Sources */,
				599634C2149B30D2005AC1A3 /* JpMasuidriveTiEvernoteapiEDAMAdImpressionsProxy.m in Sources */,
				599634C4149B30D2005AC1A3 /* JpMasuidriveTiEvernoteapiEDAMAdParametersProxy.m in Sources */,
				599634C6149B30D2005AC1A3 /* JpMasuidriveTiEvernoteapiEDAMAdProxy.m in Sources */,
				599634C8149B30D2005AC1A3 /* JpMasuidriveTiEvernoteapiEDAMAuthenticationResultProxy.m in Sources */,
				599634CA149B30D2005AC1A3 /* JpMasuidriveTiEvernoteapiEDAMDataProxy.m in Sources */,
				599634CC149B30D2005AC1A3 /* JpMasuidriveTiEvernoteapiEDAMLinkedNotebookProxy.m in Sources */,
				599634CE149B30D2005AC1A3 /* JpMasuidriveTiEvernoteapiEDAMNoteAttributesProxy.m in Sources */,
				599634D0149B30D2005AC1A3 /* JpMasuidriveTiEvernoteapiEDAMNotebookProxy.m in Sources */,
				599634D2149B30D2005AC1A3 /* JpMasuidriveTiEvernoteapiEDAMNoteCollectionCountsProxy.m in Sources */,
				599634D4149B30D2005AC1A3 /* JpMasuidriveTiEvernoteapiEDAMNoteEmailParametersProxy.m in Sources */,
				599634D6149B30D2005AC1A3 /* JpMasuidriveTiEvernoteapiEDAMNoteFilterProxy.m in Sources */,
				599634D8149B30D2005AC1A3 /* JpMasuidriveTiEvernoteapiEDAMNoteListProxy.m in Sources */,
				599634DA149B30D2005AC1A3 /* JpMasuidriveTiEvernoteapiEDAMNoteMetadataProxy.m in Sources */,
				599634DC149B30D2005AC1A3 /* JpMasuidriveTiEvernoteapiEDAMNoteProxy.m in Sources */,
				599634DE149B30D2005AC1A3 /* JpMasuidriveTiEvernoteapiEDAMNotesMetadataListProxy.m in Sources */,
				599634E0149B30D2005AC1A3 /* JpMasuidriveTiEvernoteapiEDAMNotesMetadataResultSpecProxy.m in Sources */,
				599634E2149B30D2005AC1A3 /* JpMasuidriveTiEvernoteapiEDAMNoteStoreClientProxy.m in Sources */,
				599634E4149B30D2005AC1A3 /* JpMasuidriveTiEvernoteapiEDAMNoteVersionIdProxy.m in Sources */,
				599634E6149B30D2005AC1A3 /* JpMasuidriveTiEvernoteapiEDAMPublicUserInfoProxy.m in Sources */,
				599634E8149B30D2005AC1A3 /* JpMasuidriveTiEvernoteapiEDAMPublishingProxy.m in Sources */,
				599634EA149B30D2005AC1A3 /* JpMasuidriveTiEvernoteapiEDAMResourceAttributesProxy.m in Sources */,
				599634EC149B30D2005AC1A3 /* JpMasuidriveTiEvernoteapiEDAMResourceProxy.m in Sources */,
				599634EE149B30D2005AC1A3 /* JpMasuidriveTiEvernoteapiEDAMSavedSearchProxy.m in Sources */,
				599634F0149B30D2005AC1A3 /* JpMasuidriveTiEvernoteapiEDAMSharedNotebookProxy.m in Sources */,
				599634F2149B30D2005AC1A3 /* JpMasuidriveTiEvernoteapiEDAMSyncChunkFilterProxy.m in Sources */,
				599634F4149B30D2005AC1A3 /* JpMasuidriveTiEvernoteapiEDAMSyncChunkProxy.m in Sources */,
				599634F6149B30D2005AC1A3 /* JpMasuidriveTiEvernoteapiEDAMSyncStateProxy.m in Sources */,
				599634F8149B30D2005AC1A3 /* JpMasuidriveTiEvernoteapiEDAMTagProxy.m in Sources */,
				599634FA149B30D2005AC1A3 /* JpMasuidriveTiEvernoteapiEDAMUserAttributesProxy.m in Sources */,
				599634FC149B30D2005AC1A3 /* JpMasuidriveTiEvernoteapiEDAMUserProxy.m in Sources */,
				599634FE149B30D2005AC1A3 /* JpMasuidriveTiEvernoteapiEDAMUserStoreClientProxy.m in Sources */,
			);
			runOnlyForDeploymentPostprocessing = 0;
		};
/* End PBXSourcesBuildPhase section */

/* Begin PBXTargetDependency section */
		24416B8511C4CA280047AFDD /* PBXTargetDependency */ = {
			isa = PBXTargetDependency;
			target = D2AAC07D0554694100DB518D /* evernoteapi */;
			targetProxy = 24416B8411C4CA280047AFDD /* PBXContainerItemProxy */;
		};
/* End PBXTargetDependency section */

/* Begin XCBuildConfiguration section */
		1DEB921F08733DC00010E9CD /* Debug */ = {
			isa = XCBuildConfiguration;
			baseConfigurationReference = 24DD6D1B1134B66800162E58 /* titanium.xcconfig */;
			buildSettings = {
				ALWAYS_SEARCH_USER_PATHS = NO;
				ARCHS = "$(ARCHS_STANDARD_32_BIT)";
				COPY_PHASE_STRIP = NO;
				DSTROOT = /tmp/JpMasuidriveTiEvernoteapi.dst;
				GCC_DYNAMIC_NO_PIC = NO;
				GCC_ENABLE_FIX_AND_CONTINUE = YES;
				GCC_MODEL_TUNING = G5;
				GCC_OPTIMIZATION_LEVEL = 0;
				GCC_PRECOMPILE_PREFIX_HEADER = YES;
				GCC_PREFIX_HEADER = JpMasuidriveTiEvernoteapi_Prefix.pch;
				INSTALL_PATH = /usr/local/lib;
				PRODUCT_NAME = JpMasuidriveTiEvernoteapi;
			};
			name = Debug;
		};
		1DEB922008733DC00010E9CD /* Release */ = {
			isa = XCBuildConfiguration;
			baseConfigurationReference = 24DD6D1B1134B66800162E58 /* titanium.xcconfig */;
			buildSettings = {
				ALWAYS_SEARCH_USER_PATHS = NO;
				ARCHS = "$(ARCHS_STANDARD_32_BIT)";
				DSTROOT = /tmp/JpMasuidriveTiEvernoteapi.dst;
				GCC_MODEL_TUNING = G5;
				GCC_PRECOMPILE_PREFIX_HEADER = YES;
				GCC_PREFIX_HEADER = JpMasuidriveTiEvernoteapi_Prefix.pch;
				INSTALL_PATH = /usr/local/lib;
				PRODUCT_NAME = JpMasuidriveTiEvernoteapi;
			};
			name = Release;
		};
		1DEB922308733DC00010E9CD /* Debug */ = {
			isa = XCBuildConfiguration;
			baseConfigurationReference = 24DD6D1B1134B66800162E58 /* titanium.xcconfig */;
			buildSettings = {
				ARCHS = "$(ARCHS_STANDARD_32_BIT)";
				GCC_C_LANGUAGE_STANDARD = c99;
				GCC_OPTIMIZATION_LEVEL = 0;
				GCC_WARN_ABOUT_RETURN_TYPE = YES;
				GCC_WARN_UNUSED_VARIABLE = YES;
				OTHER_LDFLAGS = "";
				PREBINDING = NO;
				SDKROOT = iphoneos4.0;
			};
			name = Debug;
		};
		1DEB922408733DC00010E9CD /* Release */ = {
			isa = XCBuildConfiguration;
			baseConfigurationReference = 24DD6D1B1134B66800162E58 /* titanium.xcconfig */;
			buildSettings = {
				ARCHS = "$(ARCHS_STANDARD_32_BIT)";
				GCC_C_LANGUAGE_STANDARD = c99;
				GCC_WARN_ABOUT_RETURN_TYPE = YES;
				GCC_WARN_UNUSED_VARIABLE = YES;
				OTHER_LDFLAGS = "";
				PREBINDING = NO;
				SDKROOT = iphoneos4.0;
			};
			name = Release;
		};
		24416B8211C4CA220047AFDD /* Debug */ = {
			isa = XCBuildConfiguration;
			baseConfigurationReference = 24DD6D1B1134B66800162E58 /* titanium.xcconfig */;
			buildSettings = {
				COPY_PHASE_STRIP = NO;
				GCC_DYNAMIC_NO_PIC = NO;
				GCC_OPTIMIZATION_LEVEL = 0;
				PRODUCT_NAME = "Build & test";
			};
			name = Debug;
		};
		24416B8311C4CA220047AFDD /* Release */ = {
			isa = XCBuildConfiguration;
			baseConfigurationReference = 24DD6D1B1134B66800162E58 /* titanium.xcconfig */;
			buildSettings = {
				COPY_PHASE_STRIP = YES;
				DEBUG_INFORMATION_FORMAT = "dwarf-with-dsym";
				GCC_ENABLE_FIX_AND_CONTINUE = NO;
				PRODUCT_NAME = "Build & test";
				ZERO_LINK = NO;
			};
			name = Release;
		};
/* End XCBuildConfiguration section */

/* Begin XCConfigurationList section */
		1DEB921E08733DC00010E9CD /* Build configuration list for PBXNativeTarget "evernoteapi" */ = {
			isa = XCConfigurationList;
			buildConfigurations = (
				1DEB921F08733DC00010E9CD /* Debug */,
				1DEB922008733DC00010E9CD /* Release */,
			);
			defaultConfigurationIsVisible = 0;
			defaultConfigurationName = Release;
		};
		1DEB922208733DC00010E9CD /* Build configuration list for PBXProject "evernoteapi" */ = {
			isa = XCConfigurationList;
			buildConfigurations = (
				1DEB922308733DC00010E9CD /* Debug */,
				1DEB922408733DC00010E9CD /* Release */,
			);
			defaultConfigurationIsVisible = 0;
			defaultConfigurationName = Release;
		};
		24416B8A11C4CA520047AFDD /* Build configuration list for PBXAggregateTarget "Build & Test" */ = {
			isa = XCConfigurationList;
			buildConfigurations = (
				24416B8211C4CA220047AFDD /* Debug */,
				24416B8311C4CA220047AFDD /* Release */,
			);
			defaultConfigurationIsVisible = 0;
			defaultConfigurationName = Release;
		};
/* End XCConfigurationList section */
	};
	rootObject = 0867D690FE84028FC02AAC07 /* Project object */;
}
