// !$*UTF8*$!
{
	archiveVersion = 1;
	classes = {
	};
	objectVersion = 45;
	objects = {

/* Begin PBXAggregateTarget section */
		24416B8111C4CA220047AFDD /* Build & Test */ = {
			isa = PBXAggregateTarget;
			buildConfigurationList = 24416B8A11C4CA520047AFDD /* Build configuration list for PBXAggregateTarget "Build & Test" */;
			buildPhases = (
				24416B8011C4CA220047AFDD /* ShellScript */,
			);
			dependencies = (
				24416B8511C4CA280047AFDD /* PBXTargetDependency */,
			);
			name = "Build & Test";
			productName = "Build & test";
		};
/* End PBXAggregateTarget section */

/* Begin PBXBuildFile section */
		24DD6CF91134B3F500162E58 /* JpMasuidriveTiEvernoteapiModule.h in Headers */ = {isa = PBXBuildFile; fileRef = 24DD6CF71134B3F500162E58 /* JpMasuidriveTiEvernoteapiModule.h */; };
		24DD6CFA1134B3F500162E58 /* JpMasuidriveTiEvernoteapiModule.m in Sources */ = {isa = PBXBuildFile; fileRef = 24DD6CF81134B3F500162E58 /* JpMasuidriveTiEvernoteapiModule.m */; };
		24DE9E1111C5FE74003F90F6 /* JpMasuidriveTiEvernoteapiModuleAssets.h in Headers */ = {isa = PBXBuildFile; fileRef = 24DE9E0F11C5FE74003F90F6 /* JpMasuidriveTiEvernoteapiModuleAssets.h */; };
		24DE9E1211C5FE74003F90F6 /* JpMasuidriveTiEvernoteapiModuleAssets.m in Sources */ = {isa = PBXBuildFile; fileRef = 24DE9E1011C5FE74003F90F6 /* JpMasuidriveTiEvernoteapiModuleAssets.m */; };
		59915A5A149851C9007722A5 /* EDAMAccountingProxy.h in Headers */ = {isa = PBXBuildFile; fileRef = 59915A1A149851C9007722A5 /* EDAMAccountingProxy.h */; };
		59915A5B149851C9007722A5 /* EDAMAccountingProxy.m in Sources */ = {isa = PBXBuildFile; fileRef = 59915A1B149851C9007722A5 /* EDAMAccountingProxy.m */; };
		59915A5C149851C9007722A5 /* EDAMAdImpressionsProxy.h in Headers */ = {isa = PBXBuildFile; fileRef = 59915A1C149851C9007722A5 /* EDAMAdImpressionsProxy.h */; };
		59915A5D149851C9007722A5 /* EDAMAdImpressionsProxy.m in Sources */ = {isa = PBXBuildFile; fileRef = 59915A1D149851C9007722A5 /* EDAMAdImpressionsProxy.m */; };
		59915A5E149851C9007722A5 /* EDAMAdParametersProxy.h in Headers */ = {isa = PBXBuildFile; fileRef = 59915A1E149851C9007722A5 /* EDAMAdParametersProxy.h */; };
		59915A5F149851C9007722A5 /* EDAMAdParametersProxy.m in Sources */ = {isa = PBXBuildFile; fileRef = 59915A1F149851C9007722A5 /* EDAMAdParametersProxy.m */; };
		59915A60149851C9007722A5 /* EDAMAdProxy.h in Headers */ = {isa = PBXBuildFile; fileRef = 59915A20149851C9007722A5 /* EDAMAdProxy.h */; };
		59915A61149851C9007722A5 /* EDAMAdProxy.m in Sources */ = {isa = PBXBuildFile; fileRef = 59915A21149851C9007722A5 /* EDAMAdProxy.m */; };
		59915A62149851C9007722A5 /* EDAMAuthenticationResultProxy.h in Headers */ = {isa = PBXBuildFile; fileRef = 59915A22149851C9007722A5 /* EDAMAuthenticationResultProxy.h */; };
		59915A63149851C9007722A5 /* EDAMAuthenticationResultProxy.m in Sources */ = {isa = PBXBuildFile; fileRef = 59915A23149851C9007722A5 /* EDAMAuthenticationResultProxy.m */; };
		59915A64149851C9007722A5 /* EDAMDataProxy.h in Headers */ = {isa = PBXBuildFile; fileRef = 59915A24149851C9007722A5 /* EDAMDataProxy.h */; };
		59915A65149851C9007722A5 /* EDAMDataProxy.m in Sources */ = {isa = PBXBuildFile; fileRef = 59915A25149851C9007722A5 /* EDAMDataProxy.m */; };
		59915A66149851C9007722A5 /* EDAMLinkedNotebookProxy.h in Headers */ = {isa = PBXBuildFile; fileRef = 59915A26149851C9007722A5 /* EDAMLinkedNotebookProxy.h */; };
		59915A67149851C9007722A5 /* EDAMLinkedNotebookProxy.m in Sources */ = {isa = PBXBuildFile; fileRef = 59915A27149851C9007722A5 /* EDAMLinkedNotebookProxy.m */; };
		59915A68149851C9007722A5 /* EDAMNoteAttributesProxy.h in Headers */ = {isa = PBXBuildFile; fileRef = 59915A28149851C9007722A5 /* EDAMNoteAttributesProxy.h */; };
		59915A69149851C9007722A5 /* EDAMNoteAttributesProxy.m in Sources */ = {isa = PBXBuildFile; fileRef = 59915A29149851C9007722A5 /* EDAMNoteAttributesProxy.m */; };
		59915A6A149851C9007722A5 /* EDAMNotebookProxy.h in Headers */ = {isa = PBXBuildFile; fileRef = 59915A2A149851C9007722A5 /* EDAMNotebookProxy.h */; };
		59915A6B149851C9007722A5 /* EDAMNotebookProxy.m in Sources */ = {isa = PBXBuildFile; fileRef = 59915A2B149851C9007722A5 /* EDAMNotebookProxy.m */; };
		59915A6C149851C9007722A5 /* EDAMNoteCollectionCountsProxy.h in Headers */ = {isa = PBXBuildFile; fileRef = 59915A2C149851C9007722A5 /* EDAMNoteCollectionCountsProxy.h */; };
		59915A6D149851C9007722A5 /* EDAMNoteCollectionCountsProxy.m in Sources */ = {isa = PBXBuildFile; fileRef = 59915A2D149851C9007722A5 /* EDAMNoteCollectionCountsProxy.m */; };
		59915A6E149851C9007722A5 /* EDAMNoteEmailParametersProxy.h in Headers */ = {isa = PBXBuildFile; fileRef = 59915A2E149851C9007722A5 /* EDAMNoteEmailParametersProxy.h */; };
		59915A6F149851C9007722A5 /* EDAMNoteEmailParametersProxy.m in Sources */ = {isa = PBXBuildFile; fileRef = 59915A2F149851C9007722A5 /* EDAMNoteEmailParametersProxy.m */; };
		59915A70149851C9007722A5 /* EDAMNoteFilterProxy.h in Headers */ = {isa = PBXBuildFile; fileRef = 59915A30149851C9007722A5 /* EDAMNoteFilterProxy.h */; };
		59915A71149851C9007722A5 /* EDAMNoteFilterProxy.m in Sources */ = {isa = PBXBuildFile; fileRef = 59915A31149851C9007722A5 /* EDAMNoteFilterProxy.m */; };
		59915A72149851C9007722A5 /* EDAMNoteListProxy.h in Headers */ = {isa = PBXBuildFile; fileRef = 59915A32149851C9007722A5 /* EDAMNoteListProxy.h */; };
		59915A73149851C9007722A5 /* EDAMNoteListProxy.m in Sources */ = {isa = PBXBuildFile; fileRef = 59915A33149851C9007722A5 /* EDAMNoteListProxy.m */; };
		59915A74149851C9007722A5 /* EDAMNoteMetadataProxy.h in Headers */ = {isa = PBXBuildFile; fileRef = 59915A34149851C9007722A5 /* EDAMNoteMetadataProxy.h */; };
		59915A75149851C9007722A5 /* EDAMNoteMetadataProxy.m in Sources */ = {isa = PBXBuildFile; fileRef = 59915A35149851C9007722A5 /* EDAMNoteMetadataProxy.m */; };
		59915A76149851C9007722A5 /* EDAMNoteProxy.h in Headers */ = {isa = PBXBuildFile; fileRef = 59915A36149851C9007722A5 /* EDAMNoteProxy.h */; };
		59915A77149851C9007722A5 /* EDAMNoteProxy.m in Sources */ = {isa = PBXBuildFile; fileRef = 59915A37149851C9007722A5 /* EDAMNoteProxy.m */; };
		59915A78149851C9007722A5 /* EDAMNotesMetadataListProxy.h in Headers */ = {isa = PBXBuildFile; fileRef = 59915A38149851C9007722A5 /* EDAMNotesMetadataListProxy.h */; };
		59915A79149851C9007722A5 /* EDAMNotesMetadataListProxy.m in Sources */ = {isa = PBXBuildFile; fileRef = 59915A39149851C9007722A5 /* EDAMNotesMetadataListProxy.m */; };
		59915A7A149851C9007722A5 /* EDAMNotesMetadataResultSpecProxy.h in Headers */ = {isa = PBXBuildFile; fileRef = 59915A3A149851C9007722A5 /* EDAMNotesMetadataResultSpecProxy.h */; };
		59915A7B149851C9007722A5 /* EDAMNotesMetadataResultSpecProxy.m in Sources */ = {isa = PBXBuildFile; fileRef = 59915A3B149851C9007722A5 /* EDAMNotesMetadataResultSpecProxy.m */; };
		59915A7C149851C9007722A5 /* EDAMNoteStoreClientProxy.h in Headers */ = {isa = PBXBuildFile; fileRef = 59915A3C149851C9007722A5 /* EDAMNoteStoreClientProxy.h */; };
		59915A7D149851C9007722A5 /* EDAMNoteStoreClientProxy.m in Sources */ = {isa = PBXBuildFile; fileRef = 59915A3D149851C9007722A5 /* EDAMNoteStoreClientProxy.m */; };
		59915A7E149851C9007722A5 /* EDAMNoteVersionIdProxy.h in Headers */ = {isa = PBXBuildFile; fileRef = 59915A3E149851C9007722A5 /* EDAMNoteVersionIdProxy.h */; };
		59915A7F149851C9007722A5 /* EDAMNoteVersionIdProxy.m in Sources */ = {isa = PBXBuildFile; fileRef = 59915A3F149851C9007722A5 /* EDAMNoteVersionIdProxy.m */; };
		59915A80149851C9007722A5 /* EDAMPublicUserInfoProxy.h in Headers */ = {isa = PBXBuildFile; fileRef = 59915A40149851C9007722A5 /* EDAMPublicUserInfoProxy.h */; };
		59915A81149851C9007722A5 /* EDAMPublicUserInfoProxy.m in Sources */ = {isa = PBXBuildFile; fileRef = 59915A41149851C9007722A5 /* EDAMPublicUserInfoProxy.m */; };
		59915A82149851C9007722A5 /* EDAMPublishingProxy.h in Headers */ = {isa = PBXBuildFile; fileRef = 59915A42149851C9007722A5 /* EDAMPublishingProxy.h */; };
		59915A83149851C9007722A5 /* EDAMPublishingProxy.m in Sources */ = {isa = PBXBuildFile; fileRef = 59915A43149851C9007722A5 /* EDAMPublishingProxy.m */; };
		59915A84149851C9007722A5 /* EDAMResourceAttributesProxy.h in Headers */ = {isa = PBXBuildFile; fileRef = 59915A44149851C9007722A5 /* EDAMResourceAttributesProxy.h */; };
		59915A85149851C9007722A5 /* EDAMResourceAttributesProxy.m in Sources */ = {isa = PBXBuildFile; fileRef = 59915A45149851C9007722A5 /* EDAMResourceAttributesProxy.m */; };
		59915A86149851C9007722A5 /* EDAMResourceProxy.h in Headers */ = {isa = PBXBuildFile; fileRef = 59915A46149851C9007722A5 /* EDAMResourceProxy.h */; };
		59915A87149851C9007722A5 /* EDAMResourceProxy.m in Sources */ = {isa = PBXBuildFile; fileRef = 59915A47149851C9007722A5 /* EDAMResourceProxy.m */; };
		59915A88149851C9007722A5 /* EDAMSavedSearchProxy.h in Headers */ = {isa = PBXBuildFile; fileRef = 59915A48149851C9007722A5 /* EDAMSavedSearchProxy.h */; };
		59915A89149851C9007722A5 /* EDAMSavedSearchProxy.m in Sources */ = {isa = PBXBuildFile; fileRef = 59915A49149851C9007722A5 /* EDAMSavedSearchProxy.m */; };
		59915A8A149851C9007722A5 /* EDAMSharedNotebookProxy.h in Headers */ = {isa = PBXBuildFile; fileRef = 59915A4A149851C9007722A5 /* EDAMSharedNotebookProxy.h */; };
		59915A8B149851C9007722A5 /* EDAMSharedNotebookProxy.m in Sources */ = {isa = PBXBuildFile; fileRef = 59915A4B149851C9007722A5 /* EDAMSharedNotebookProxy.m */; };
		59915A8C149851C9007722A5 /* EDAMSyncChunkFilterProxy.h in Headers */ = {isa = PBXBuildFile; fileRef = 59915A4C149851C9007722A5 /* EDAMSyncChunkFilterProxy.h */; };
		59915A8D149851C9007722A5 /* EDAMSyncChunkFilterProxy.m in Sources */ = {isa = PBXBuildFile; fileRef = 59915A4D149851C9007722A5 /* EDAMSyncChunkFilterProxy.m */; };
		59915A8E149851C9007722A5 /* EDAMSyncChunkProxy.h in Headers */ = {isa = PBXBuildFile; fileRef = 59915A4E149851C9007722A5 /* EDAMSyncChunkProxy.h */; };
		59915A8F149851C9007722A5 /* EDAMSyncChunkProxy.m in Sources */ = {isa = PBXBuildFile; fileRef = 59915A4F149851C9007722A5 /* EDAMSyncChunkProxy.m */; };
		59915A90149851C9007722A5 /* EDAMSyncStateProxy.h in Headers */ = {isa = PBXBuildFile; fileRef = 59915A50149851C9007722A5 /* EDAMSyncStateProxy.h */; };
		59915A91149851C9007722A5 /* EDAMSyncStateProxy.m in Sources */ = {isa = PBXBuildFile; fileRef = 59915A51149851C9007722A5 /* EDAMSyncStateProxy.m */; };
		59915A92149851C9007722A5 /* EDAMTagProxy.h in Headers */ = {isa = PBXBuildFile; fileRef = 59915A52149851C9007722A5 /* EDAMTagProxy.h */; };
		59915A93149851C9007722A5 /* EDAMTagProxy.m in Sources */ = {isa = PBXBuildFile; fileRef = 59915A53149851C9007722A5 /* EDAMTagProxy.m */; };
		59915A94149851C9007722A5 /* EDAMUserAttributesProxy.h in Headers */ = {isa = PBXBuildFile; fileRef = 59915A54149851C9007722A5 /* EDAMUserAttributesProxy.h */; };
		59915A95149851C9007722A5 /* EDAMUserAttributesProxy.m in Sources */ = {isa = PBXBuildFile; fileRef = 59915A55149851C9007722A5 /* EDAMUserAttributesProxy.m */; };
		59915A96149851C9007722A5 /* EDAMUserProxy.h in Headers */ = {isa = PBXBuildFile; fileRef = 59915A56149851C9007722A5 /* EDAMUserProxy.h */; };
		59915A97149851C9007722A5 /* EDAMUserProxy.m in Sources */ = {isa = PBXBuildFile; fileRef = 59915A57149851C9007722A5 /* EDAMUserProxy.m */; };
		59915A98149851C9007722A5 /* EDAMUserStoreClientProxy.h in Headers */ = {isa = PBXBuildFile; fileRef = 59915A58149851C9007722A5 /* EDAMUserStoreClientProxy.h */; };
		59915A99149851C9007722A5 /* EDAMUserStoreClientProxy.m in Sources */ = {isa = PBXBuildFile; fileRef = 59915A59149851C9007722A5 /* EDAMUserStoreClientProxy.m */; };
		59915AA714985907007722A5 /* ErrorsConsts.m in Sources */ = {isa = PBXBuildFile; fileRef = 59915AA214985907007722A5 /* ErrorsConsts.m */; };
		59915AA814985907007722A5 /* LimitsConsts.m in Sources */ = {isa = PBXBuildFile; fileRef = 59915AA314985907007722A5 /* LimitsConsts.m */; };
		59915AA914985907007722A5 /* NoteStoreConsts.m in Sources */ = {isa = PBXBuildFile; fileRef = 59915AA414985907007722A5 /* NoteStoreConsts.m */; };
		59915AAA14985907007722A5 /* TypesConsts.m in Sources */ = {isa = PBXBuildFile; fileRef = 59915AA514985907007722A5 /* TypesConsts.m */; };
		59915AAB14985907007722A5 /* UserStoreConsts.m in Sources */ = {isa = PBXBuildFile; fileRef = 59915AA614985907007722A5 /* UserStoreConsts.m */; };
		59A813661498065A0022DD5D /* EDAMLimits.h in Headers */ = {isa = PBXBuildFile; fileRef = 59A813411498065A0022DD5D /* EDAMLimits.h */; };
		59A813671498065A0022DD5D /* EDAMLimits.m in Sources */ = {isa = PBXBuildFile; fileRef = 59A813421498065A0022DD5D /* EDAMLimits.m */; };
		59A813681498065A0022DD5D /* Errors.h in Headers */ = {isa = PBXBuildFile; fileRef = 59A813431498065A0022DD5D /* Errors.h */; };
		59A813691498065A0022DD5D /* Errors.m in Sources */ = {isa = PBXBuildFile; fileRef = 59A813441498065A0022DD5D /* Errors.m */; };
		59A8136A1498065A0022DD5D /* NoteStore.h in Headers */ = {isa = PBXBuildFile; fileRef = 59A813451498065A0022DD5D /* NoteStore.h */; };
		59A8136B1498065A0022DD5D /* NoteStore.m in Sources */ = {isa = PBXBuildFile; fileRef = 59A813461498065A0022DD5D /* NoteStore.m */; };
		59A8136C1498065A0022DD5D /* Types.h in Headers */ = {isa = PBXBuildFile; fileRef = 59A813471498065A0022DD5D /* Types.h */; };
		59A8136D1498065A0022DD5D /* Types.m in Sources */ = {isa = PBXBuildFile; fileRef = 59A813481498065A0022DD5D /* Types.m */; };
		59A8136E1498065A0022DD5D /* UserStore.h in Headers */ = {isa = PBXBuildFile; fileRef = 59A813491498065A0022DD5D /* UserStore.h */; };
		59A8136F1498065A0022DD5D /* UserStore.m in Sources */ = {isa = PBXBuildFile; fileRef = 59A8134A1498065A0022DD5D /* UserStore.m */; };
		59A813701498065A0022DD5D /* TBinaryProtocol.h in Headers */ = {isa = PBXBuildFile; fileRef = 59A8134D1498065A0022DD5D /* TBinaryProtocol.h */; };
		59A813711498065A0022DD5D /* TBinaryProtocol.m in Sources */ = {isa = PBXBuildFile; fileRef = 59A8134E1498065A0022DD5D /* TBinaryProtocol.m */; };
		59A813721498065A0022DD5D /* TProtocol.h in Headers */ = {isa = PBXBuildFile; fileRef = 59A8134F1498065A0022DD5D /* TProtocol.h */; };
		59A813731498065A0022DD5D /* TProtocolException.h in Headers */ = {isa = PBXBuildFile; fileRef = 59A813501498065A0022DD5D /* TProtocolException.h */; };
		59A813741498065A0022DD5D /* TProtocolException.m in Sources */ = {isa = PBXBuildFile; fileRef = 59A813511498065A0022DD5D /* TProtocolException.m */; };
		59A813751498065A0022DD5D /* TProtocolFactory.h in Headers */ = {isa = PBXBuildFile; fileRef = 59A813521498065A0022DD5D /* TProtocolFactory.h */; };
		59A813761498065A0022DD5D /* TProtocolUtil.h in Headers */ = {isa = PBXBuildFile; fileRef = 59A813531498065A0022DD5D /* TProtocolUtil.h */; };
		59A813771498065A0022DD5D /* TProtocolUtil.m in Sources */ = {isa = PBXBuildFile; fileRef = 59A813541498065A0022DD5D /* TProtocolUtil.m */; };
		59A813781498065A0022DD5D /* TApplicationException.h in Headers */ = {isa = PBXBuildFile; fileRef = 59A813561498065A0022DD5D /* TApplicationException.h */; };
		59A813791498065A0022DD5D /* TApplicationException.m in Sources */ = {isa = PBXBuildFile; fileRef = 59A813571498065A0022DD5D /* TApplicationException.m */; };
		59A8137A1498065A0022DD5D /* TException.h in Headers */ = {isa = PBXBuildFile; fileRef = 59A813581498065A0022DD5D /* TException.h */; };
		59A8137B1498065A0022DD5D /* TException.m in Sources */ = {isa = PBXBuildFile; fileRef = 59A813591498065A0022DD5D /* TException.m */; };
		59A8137C1498065A0022DD5D /* TProcessor.h in Headers */ = {isa = PBXBuildFile; fileRef = 59A8135A1498065A0022DD5D /* TProcessor.h */; };
		59A8137D1498065A0022DD5D /* TProcessorFactory.h in Headers */ = {isa = PBXBuildFile; fileRef = 59A8135B1498065A0022DD5D /* TProcessorFactory.h */; };
		59A8137E1498065A0022DD5D /* THTTPClient.h in Headers */ = {isa = PBXBuildFile; fileRef = 59A8135D1498065A0022DD5D /* THTTPClient.h */; };
		59A8137F1498065A0022DD5D /* THTTPClient.m in Sources */ = {isa = PBXBuildFile; fileRef = 59A8135E1498065A0022DD5D /* THTTPClient.m */; };
		59A813801498065A0022DD5D /* TMemoryBuffer.h in Headers */ = {isa = PBXBuildFile; fileRef = 59A8135F1498065A0022DD5D /* TMemoryBuffer.h */; };
		59A813811498065A0022DD5D /* TMemoryBuffer.m in Sources */ = {isa = PBXBuildFile; fileRef = 59A813601498065A0022DD5D /* TMemoryBuffer.m */; };
		59A813821498065A0022DD5D /* TTransport.h in Headers */ = {isa = PBXBuildFile; fileRef = 59A813611498065A0022DD5D /* TTransport.h */; };
		59A813831498065A0022DD5D /* TTransportException.h in Headers */ = {isa = PBXBuildFile; fileRef = 59A813621498065A0022DD5D /* TTransportException.h */; };
		59A813841498065A0022DD5D /* TTransportException.m in Sources */ = {isa = PBXBuildFile; fileRef = 59A813631498065A0022DD5D /* TTransportException.m */; };
		59A813851498065A0022DD5D /* TSharedProcessorFactory.h in Headers */ = {isa = PBXBuildFile; fileRef = 59A813641498065A0022DD5D /* TSharedProcessorFactory.h */; };
		59A813861498065A0022DD5D /* TSharedProcessorFactory.m in Sources */ = {isa = PBXBuildFile; fileRef = 59A813651498065A0022DD5D /* TSharedProcessorFactory.m */; };
		59A8140A1498073B0022DD5D /* TiThriftUtils.h in Headers */ = {isa = PBXBuildFile; fileRef = 59A814081498073B0022DD5D /* TiThriftUtils.h */; };
		59A8140B1498073B0022DD5D /* TiThriftUtils.m in Sources */ = {isa = PBXBuildFile; fileRef = 59A814091498073B0022DD5D /* TiThriftUtils.m */; };
		AA747D9F0F9514B9006C5449 /* JpMasuidriveTiEvernoteapi_Prefix.pch in Headers */ = {isa = PBXBuildFile; fileRef = AA747D9E0F9514B9006C5449 /* JpMasuidriveTiEvernoteapi_Prefix.pch */; };
		AACBBE4A0F95108600F1A2B1 /* Foundation.framework in Frameworks */ = {isa = PBXBuildFile; fileRef = AACBBE490F95108600F1A2B1 /* Foundation.framework */; };
/* End PBXBuildFile section */

/* Begin PBXContainerItemProxy section */
		24416B8411C4CA280047AFDD /* PBXContainerItemProxy */ = {
			isa = PBXContainerItemProxy;
			containerPortal = 0867D690FE84028FC02AAC07 /* Project object */;
			proxyType = 1;
			remoteGlobalIDString = D2AAC07D0554694100DB518D;
			remoteInfo = evernoteapi;
		};
/* End PBXContainerItemProxy section */

/* Begin PBXFileReference section */
		24DD6CF71134B3F500162E58 /* JpMasuidriveTiEvernoteapiModule.h */ = {isa = PBXFileReference; fileEncoding = 4; lastKnownFileType = sourcecode.c.h; name = JpMasuidriveTiEvernoteapiModule.h; path = Classes/JpMasuidriveTiEvernoteapiModule.h; sourceTree = "<group>"; };
		24DD6CF81134B3F500162E58 /* JpMasuidriveTiEvernoteapiModule.m */ = {isa = PBXFileReference; fileEncoding = 4; lastKnownFileType = sourcecode.c.objc; name = JpMasuidriveTiEvernoteapiModule.m; path = Classes/JpMasuidriveTiEvernoteapiModule.m; sourceTree = "<group>"; };
		24DD6D1B1134B66800162E58 /* titanium.xcconfig */ = {isa = PBXFileReference; fileEncoding = 4; lastKnownFileType = text.xcconfig; path = titanium.xcconfig; sourceTree = "<group>"; };
		24DE9E0F11C5FE74003F90F6 /* JpMasuidriveTiEvernoteapiModuleAssets.h */ = {isa = PBXFileReference; fileEncoding = 4; lastKnownFileType = sourcecode.c.h; name = JpMasuidriveTiEvernoteapiModuleAssets.h; path = Classes/JpMasuidriveTiEvernoteapiModuleAssets.h; sourceTree = "<group>"; };
		24DE9E1011C5FE74003F90F6 /* JpMasuidriveTiEvernoteapiModuleAssets.m */ = {isa = PBXFileReference; fileEncoding = 4; lastKnownFileType = sourcecode.c.objc; name = JpMasuidriveTiEvernoteapiModuleAssets.m; path = Classes/JpMasuidriveTiEvernoteapiModuleAssets.m; sourceTree = "<group>"; };
		59915A1A149851C9007722A5 /* EDAMAccountingProxy.h */ = {isa = PBXFileReference; fileEncoding = 4; lastKnownFileType = sourcecode.c.h; path = EDAMAccountingProxy.h; sourceTree = "<group>"; };
		59915A1B149851C9007722A5 /* EDAMAccountingProxy.m */ = {isa = PBXFileReference; fileEncoding = 4; lastKnownFileType = sourcecode.c.objc; path = EDAMAccountingProxy.m; sourceTree = "<group>"; };
		59915A1C149851C9007722A5 /* EDAMAdImpressionsProxy.h */ = {isa = PBXFileReference; fileEncoding = 4; lastKnownFileType = sourcecode.c.h; path = EDAMAdImpressionsProxy.h; sourceTree = "<group>"; };
		59915A1D149851C9007722A5 /* EDAMAdImpressionsProxy.m */ = {isa = PBXFileReference; fileEncoding = 4; lastKnownFileType = sourcecode.c.objc; path = EDAMAdImpressionsProxy.m; sourceTree = "<group>"; };
		59915A1E149851C9007722A5 /* EDAMAdParametersProxy.h */ = {isa = PBXFileReference; fileEncoding = 4; lastKnownFileType = sourcecode.c.h; path = EDAMAdParametersProxy.h; sourceTree = "<group>"; };
		59915A1F149851C9007722A5 /* EDAMAdParametersProxy.m */ = {isa = PBXFileReference; fileEncoding = 4; lastKnownFileType = sourcecode.c.objc; path = EDAMAdParametersProxy.m; sourceTree = "<group>"; };
		59915A20149851C9007722A5 /* EDAMAdProxy.h */ = {isa = PBXFileReference; fileEncoding = 4; lastKnownFileType = sourcecode.c.h; path = EDAMAdProxy.h; sourceTree = "<group>"; };
		59915A21149851C9007722A5 /* EDAMAdProxy.m */ = {isa = PBXFileReference; fileEncoding = 4; lastKnownFileType = sourcecode.c.objc; path = EDAMAdProxy.m; sourceTree = "<group>"; };
		59915A22149851C9007722A5 /* EDAMAuthenticationResultProxy.h */ = {isa = PBXFileReference; fileEncoding = 4; lastKnownFileType = sourcecode.c.h; path = EDAMAuthenticationResultProxy.h; sourceTree = "<group>"; };
		59915A23149851C9007722A5 /* EDAMAuthenticationResultProxy.m */ = {isa = PBXFileReference; fileEncoding = 4; lastKnownFileType = sourcecode.c.objc; path = EDAMAuthenticationResultProxy.m; sourceTree = "<group>"; };
		59915A24149851C9007722A5 /* EDAMDataProxy.h */ = {isa = PBXFileReference; fileEncoding = 4; lastKnownFileType = sourcecode.c.h; path = EDAMDataProxy.h; sourceTree = "<group>"; };
		59915A25149851C9007722A5 /* EDAMDataProxy.m */ = {isa = PBXFileReference; fileEncoding = 4; lastKnownFileType = sourcecode.c.objc; path = EDAMDataProxy.m; sourceTree = "<group>"; };
		59915A26149851C9007722A5 /* EDAMLinkedNotebookProxy.h */ = {isa = PBXFileReference; fileEncoding = 4; lastKnownFileType = sourcecode.c.h; path = EDAMLinkedNotebookProxy.h; sourceTree = "<group>"; };
		59915A27149851C9007722A5 /* EDAMLinkedNotebookProxy.m */ = {isa = PBXFileReference; fileEncoding = 4; lastKnownFileType = sourcecode.c.objc; path = EDAMLinkedNotebookProxy.m; sourceTree = "<group>"; };
		59915A28149851C9007722A5 /* EDAMNoteAttributesProxy.h */ = {isa = PBXFileReference; fileEncoding = 4; lastKnownFileType = sourcecode.c.h; path = EDAMNoteAttributesProxy.h; sourceTree = "<group>"; };
		59915A29149851C9007722A5 /* EDAMNoteAttributesProxy.m */ = {isa = PBXFileReference; fileEncoding = 4; lastKnownFileType = sourcecode.c.objc; path = EDAMNoteAttributesProxy.m; sourceTree = "<group>"; };
		59915A2A149851C9007722A5 /* EDAMNotebookProxy.h */ = {isa = PBXFileReference; fileEncoding = 4; lastKnownFileType = sourcecode.c.h; path = EDAMNotebookProxy.h; sourceTree = "<group>"; };
		59915A2B149851C9007722A5 /* EDAMNotebookProxy.m */ = {isa = PBXFileReference; fileEncoding = 4; lastKnownFileType = sourcecode.c.objc; path = EDAMNotebookProxy.m; sourceTree = "<group>"; };
		59915A2C149851C9007722A5 /* EDAMNoteCollectionCountsProxy.h */ = {isa = PBXFileReference; fileEncoding = 4; lastKnownFileType = sourcecode.c.h; path = EDAMNoteCollectionCountsProxy.h; sourceTree = "<group>"; };
		59915A2D149851C9007722A5 /* EDAMNoteCollectionCountsProxy.m */ = {isa = PBXFileReference; fileEncoding = 4; lastKnownFileType = sourcecode.c.objc; path = EDAMNoteCollectionCountsProxy.m; sourceTree = "<group>"; };
		59915A2E149851C9007722A5 /* EDAMNoteEmailParametersProxy.h */ = {isa = PBXFileReference; fileEncoding = 4; lastKnownFileType = sourcecode.c.h; path = EDAMNoteEmailParametersProxy.h; sourceTree = "<group>"; };
		59915A2F149851C9007722A5 /* EDAMNoteEmailParametersProxy.m */ = {isa = PBXFileReference; fileEncoding = 4; lastKnownFileType = sourcecode.c.objc; path = EDAMNoteEmailParametersProxy.m; sourceTree = "<group>"; };
		59915A30149851C9007722A5 /* EDAMNoteFilterProxy.h */ = {isa = PBXFileReference; fileEncoding = 4; lastKnownFileType = sourcecode.c.h; path = EDAMNoteFilterProxy.h; sourceTree = "<group>"; };
		59915A31149851C9007722A5 /* EDAMNoteFilterProxy.m */ = {isa = PBXFileReference; fileEncoding = 4; lastKnownFileType = sourcecode.c.objc; path = EDAMNoteFilterProxy.m; sourceTree = "<group>"; };
		59915A32149851C9007722A5 /* EDAMNoteListProxy.h */ = {isa = PBXFileReference; fileEncoding = 4; lastKnownFileType = sourcecode.c.h; path = EDAMNoteListProxy.h; sourceTree = "<group>"; };
		59915A33149851C9007722A5 /* EDAMNoteListProxy.m */ = {isa = PBXFileReference; fileEncoding = 4; lastKnownFileType = sourcecode.c.objc; path = EDAMNoteListProxy.m; sourceTree = "<group>"; };
		59915A34149851C9007722A5 /* EDAMNoteMetadataProxy.h */ = {isa = PBXFileReference; fileEncoding = 4; lastKnownFileType = sourcecode.c.h; path = EDAMNoteMetadataProxy.h; sourceTree = "<group>"; };
		59915A35149851C9007722A5 /* EDAMNoteMetadataProxy.m */ = {isa = PBXFileReference; fileEncoding = 4; lastKnownFileType = sourcecode.c.objc; path = EDAMNoteMetadataProxy.m; sourceTree = "<group>"; };
		59915A36149851C9007722A5 /* EDAMNoteProxy.h */ = {isa = PBXFileReference; fileEncoding = 4; lastKnownFileType = sourcecode.c.h; path = EDAMNoteProxy.h; sourceTree = "<group>"; };
		59915A37149851C9007722A5 /* EDAMNoteProxy.m */ = {isa = PBXFileReference; fileEncoding = 4; lastKnownFileType = sourcecode.c.objc; path = EDAMNoteProxy.m; sourceTree = "<group>"; };
		59915A38149851C9007722A5 /* EDAMNotesMetadataListProxy.h */ = {isa = PBXFileReference; fileEncoding = 4; lastKnownFileType = sourcecode.c.h; path = EDAMNotesMetadataListProxy.h; sourceTree = "<group>"; };
		59915A39149851C9007722A5 /* EDAMNotesMetadataListProxy.m */ = {isa = PBXFileReference; fileEncoding = 4; lastKnownFileType = sourcecode.c.objc; path = EDAMNotesMetadataListProxy.m; sourceTree = "<group>"; };
		59915A3A149851C9007722A5 /* EDAMNotesMetadataResultSpecProxy.h */ = {isa = PBXFileReference; fileEncoding = 4; lastKnownFileType = sourcecode.c.h; path = EDAMNotesMetadataResultSpecProxy.h; sourceTree = "<group>"; };
		59915A3B149851C9007722A5 /* EDAMNotesMetadataResultSpecProxy.m */ = {isa = PBXFileReference; fileEncoding = 4; lastKnownFileType = sourcecode.c.objc; path = EDAMNotesMetadataResultSpecProxy.m; sourceTree = "<group>"; };
		59915A3C149851C9007722A5 /* EDAMNoteStoreClientProxy.h */ = {isa = PBXFileReference; fileEncoding = 4; lastKnownFileType = sourcecode.c.h; path = EDAMNoteStoreClientProxy.h; sourceTree = "<group>"; };
		59915A3D149851C9007722A5 /* EDAMNoteStoreClientProxy.m */ = {isa = PBXFileReference; fileEncoding = 4; lastKnownFileType = sourcecode.c.objc; path = EDAMNoteStoreClientProxy.m; sourceTree = "<group>"; };
		59915A3E149851C9007722A5 /* EDAMNoteVersionIdProxy.h */ = {isa = PBXFileReference; fileEncoding = 4; lastKnownFileType = sourcecode.c.h; path = EDAMNoteVersionIdProxy.h; sourceTree = "<group>"; };
		59915A3F149851C9007722A5 /* EDAMNoteVersionIdProxy.m */ = {isa = PBXFileReference; fileEncoding = 4; lastKnownFileType = sourcecode.c.objc; path = EDAMNoteVersionIdProxy.m; sourceTree = "<group>"; };
		59915A40149851C9007722A5 /* EDAMPublicUserInfoProxy.h */ = {isa = PBXFileReference; fileEncoding = 4; lastKnownFileType = sourcecode.c.h; path = EDAMPublicUserInfoProxy.h; sourceTree = "<group>"; };
		59915A41149851C9007722A5 /* EDAMPublicUserInfoProxy.m */ = {isa = PBXFileReference; fileEncoding = 4; lastKnownFileType = sourcecode.c.objc; path = EDAMPublicUserInfoProxy.m; sourceTree = "<group>"; };
		59915A42149851C9007722A5 /* EDAMPublishingProxy.h */ = {isa = PBXFileReference; fileEncoding = 4; lastKnownFileType = sourcecode.c.h; path = EDAMPublishingProxy.h; sourceTree = "<group>"; };
		59915A43149851C9007722A5 /* EDAMPublishingProxy.m */ = {isa = PBXFileReference; fileEncoding = 4; lastKnownFileType = sourcecode.c.objc; path = EDAMPublishingProxy.m; sourceTree = "<group>"; };
		59915A44149851C9007722A5 /* EDAMResourceAttributesProxy.h */ = {isa = PBXFileReference; fileEncoding = 4; lastKnownFileType = sourcecode.c.h; path = EDAMResourceAttributesProxy.h; sourceTree = "<group>"; };
		59915A45149851C9007722A5 /* EDAMResourceAttributesProxy.m */ = {isa = PBXFileReference; fileEncoding = 4; lastKnownFileType = sourcecode.c.objc; path = EDAMResourceAttributesProxy.m; sourceTree = "<group>"; };
		59915A46149851C9007722A5 /* EDAMResourceProxy.h */ = {isa = PBXFileReference; fileEncoding = 4; lastKnownFileType = sourcecode.c.h; path = EDAMResourceProxy.h; sourceTree = "<group>"; };
		59915A47149851C9007722A5 /* EDAMResourceProxy.m */ = {isa = PBXFileReference; fileEncoding = 4; lastKnownFileType = sourcecode.c.objc; path = EDAMResourceProxy.m; sourceTree = "<group>"; };
		59915A48149851C9007722A5 /* EDAMSavedSearchProxy.h */ = {isa = PBXFileReference; fileEncoding = 4; lastKnownFileType = sourcecode.c.h; path = EDAMSavedSearchProxy.h; sourceTree = "<group>"; };
		59915A49149851C9007722A5 /* EDAMSavedSearchProxy.m */ = {isa = PBXFileReference; fileEncoding = 4; lastKnownFileType = sourcecode.c.objc; path = EDAMSavedSearchProxy.m; sourceTree = "<group>"; };
		59915A4A149851C9007722A5 /* EDAMSharedNotebookProxy.h */ = {isa = PBXFileReference; fileEncoding = 4; lastKnownFileType = sourcecode.c.h; path = EDAMSharedNotebookProxy.h; sourceTree = "<group>"; };
		59915A4B149851C9007722A5 /* EDAMSharedNotebookProxy.m */ = {isa = PBXFileReference; fileEncoding = 4; lastKnownFileType = sourcecode.c.objc; path = EDAMSharedNotebookProxy.m; sourceTree = "<group>"; };
		59915A4C149851C9007722A5 /* EDAMSyncChunkFilterProxy.h */ = {isa = PBXFileReference; fileEncoding = 4; lastKnownFileType = sourcecode.c.h; path = EDAMSyncChunkFilterProxy.h; sourceTree = "<group>"; };
		59915A4D149851C9007722A5 /* EDAMSyncChunkFilterProxy.m */ = {isa = PBXFileReference; fileEncoding = 4; lastKnownFileType = sourcecode.c.objc; path = EDAMSyncChunkFilterProxy.m; sourceTree = "<group>"; };
		59915A4E149851C9007722A5 /* EDAMSyncChunkProxy.h */ = {isa = PBXFileReference; fileEncoding = 4; lastKnownFileType = sourcecode.c.h; path = EDAMSyncChunkProxy.h; sourceTree = "<group>"; };
		59915A4F149851C9007722A5 /* EDAMSyncChunkProxy.m */ = {isa = PBXFileReference; fileEncoding = 4; lastKnownFileType = sourcecode.c.objc; path = EDAMSyncChunkProxy.m; sourceTree = "<group>"; };
		59915A50149851C9007722A5 /* EDAMSyncStateProxy.h */ = {isa = PBXFileReference; fileEncoding = 4; lastKnownFileType = sourcecode.c.h; path = EDAMSyncStateProxy.h; sourceTree = "<group>"; };
		59915A51149851C9007722A5 /* EDAMSyncStateProxy.m */ = {isa = PBXFileReference; fileEncoding = 4; lastKnownFileType = sourcecode.c.objc; path = EDAMSyncStateProxy.m; sourceTree = "<group>"; };
		59915A52149851C9007722A5 /* EDAMTagProxy.h */ = {isa = PBXFileReference; fileEncoding = 4; lastKnownFileType = sourcecode.c.h; path = EDAMTagProxy.h; sourceTree = "<group>"; };
		59915A53149851C9007722A5 /* EDAMTagProxy.m */ = {isa = PBXFileReference; fileEncoding = 4; lastKnownFileType = sourcecode.c.objc; path = EDAMTagProxy.m; sourceTree = "<group>"; };
		59915A54149851C9007722A5 /* EDAMUserAttributesProxy.h */ = {isa = PBXFileReference; fileEncoding = 4; lastKnownFileType = sourcecode.c.h; path = EDAMUserAttributesProxy.h; sourceTree = "<group>"; };
		59915A55149851C9007722A5 /* EDAMUserAttributesProxy.m */ = {isa = PBXFileReference; fileEncoding = 4; lastKnownFileType = sourcecode.c.objc; path = EDAMUserAttributesProxy.m; sourceTree = "<group>"; };
		59915A56149851C9007722A5 /* EDAMUserProxy.h */ = {isa = PBXFileReference; fileEncoding = 4; lastKnownFileType = sourcecode.c.h; path = EDAMUserProxy.h; sourceTree = "<group>"; };
		59915A57149851C9007722A5 /* EDAMUserProxy.m */ = {isa = PBXFileReference; fileEncoding = 4; lastKnownFileType = sourcecode.c.objc; path = EDAMUserProxy.m; sourceTree = "<group>"; };
		59915A58149851C9007722A5 /* EDAMUserStoreClientProxy.h */ = {isa = PBXFileReference; fileEncoding = 4; lastKnownFileType = sourcecode.c.h; path = EDAMUserStoreClientProxy.h; sourceTree = "<group>"; };
		59915A59149851C9007722A5 /* EDAMUserStoreClientProxy.m */ = {isa = PBXFileReference; fileEncoding = 4; lastKnownFileType = sourcecode.c.objc; path = EDAMUserStoreClientProxy.m; sourceTree = "<group>"; };
		59915AA214985907007722A5 /* ErrorsConsts.m */ = {isa = PBXFileReference; fileEncoding = 4; lastKnownFileType = sourcecode.c.objc; path = ErrorsConsts.m; sourceTree = "<group>"; };
		59915AA314985907007722A5 /* LimitsConsts.m */ = {isa = PBXFileReference; fileEncoding = 4; lastKnownFileType = sourcecode.c.objc; path = LimitsConsts.m; sourceTree = "<group>"; };
		59915AA414985907007722A5 /* NoteStoreConsts.m */ = {isa = PBXFileReference; fileEncoding = 4; lastKnownFileType = sourcecode.c.objc; path = NoteStoreConsts.m; sourceTree = "<group>"; };
		59915AA514985907007722A5 /* TypesConsts.m */ = {isa = PBXFileReference; fileEncoding = 4; lastKnownFileType = sourcecode.c.objc; path = TypesConsts.m; sourceTree = "<group>"; };
		59915AA614985907007722A5 /* UserStoreConsts.m */ = {isa = PBXFileReference; fileEncoding = 4; lastKnownFileType = sourcecode.c.objc; path = UserStoreConsts.m; sourceTree = "<group>"; };
		59A813411498065A0022DD5D /* EDAMLimits.h */ = {isa = PBXFileReference; fileEncoding = 4; lastKnownFileType = sourcecode.c.h; path = EDAMLimits.h; sourceTree = "<group>"; };
		59A813421498065A0022DD5D /* EDAMLimits.m */ = {isa = PBXFileReference; fileEncoding = 4; lastKnownFileType = sourcecode.c.objc; path = EDAMLimits.m; sourceTree = "<group>"; };
		59A813431498065A0022DD5D /* Errors.h */ = {isa = PBXFileReference; fileEncoding = 4; lastKnownFileType = sourcecode.c.h; path = Errors.h; sourceTree = "<group>"; };
		59A813441498065A0022DD5D /* Errors.m */ = {isa = PBXFileReference; fileEncoding = 4; lastKnownFileType = sourcecode.c.objc; path = Errors.m; sourceTree = "<group>"; };
		59A813451498065A0022DD5D /* NoteStore.h */ = {isa = PBXFileReference; fileEncoding = 4; lastKnownFileType = sourcecode.c.h; path = NoteStore.h; sourceTree = "<group>"; };
		59A813461498065A0022DD5D /* NoteStore.m */ = {isa = PBXFileReference; fileEncoding = 4; lastKnownFileType = sourcecode.c.objc; path = NoteStore.m; sourceTree = "<group>"; };
		59A813471498065A0022DD5D /* Types.h */ = {isa = PBXFileReference; fileEncoding = 4; lastKnownFileType = sourcecode.c.h; path = Types.h; sourceTree = "<group>"; };
		59A813481498065A0022DD5D /* Types.m */ = {isa = PBXFileReference; fileEncoding = 4; lastKnownFileType = sourcecode.c.objc; path = Types.m; sourceTree = "<group>"; };
		59A813491498065A0022DD5D /* UserStore.h */ = {isa = PBXFileReference; fileEncoding = 4; lastKnownFileType = sourcecode.c.h; path = UserStore.h; sourceTree = "<group>"; };
		59A8134A1498065A0022DD5D /* UserStore.m */ = {isa = PBXFileReference; fileEncoding = 4; lastKnownFileType = sourcecode.c.objc; path = UserStore.m; sourceTree = "<group>"; };
		59A8134D1498065A0022DD5D /* TBinaryProtocol.h */ = {isa = PBXFileReference; fileEncoding = 4; lastKnownFileType = sourcecode.c.h; path = TBinaryProtocol.h; sourceTree = "<group>"; };
		59A8134E1498065A0022DD5D /* TBinaryProtocol.m */ = {isa = PBXFileReference; fileEncoding = 4; lastKnownFileType = sourcecode.c.objc; path = TBinaryProtocol.m; sourceTree = "<group>"; };
		59A8134F1498065A0022DD5D /* TProtocol.h */ = {isa = PBXFileReference; fileEncoding = 4; lastKnownFileType = sourcecode.c.h; path = TProtocol.h; sourceTree = "<group>"; };
		59A813501498065A0022DD5D /* TProtocolException.h */ = {isa = PBXFileReference; fileEncoding = 4; lastKnownFileType = sourcecode.c.h; path = TProtocolException.h; sourceTree = "<group>"; };
		59A813511498065A0022DD5D /* TProtocolException.m */ = {isa = PBXFileReference; fileEncoding = 4; lastKnownFileType = sourcecode.c.objc; path = TProtocolException.m; sourceTree = "<group>"; };
		59A813521498065A0022DD5D /* TProtocolFactory.h */ = {isa = PBXFileReference; fileEncoding = 4; lastKnownFileType = sourcecode.c.h; path = TProtocolFactory.h; sourceTree = "<group>"; };
		59A813531498065A0022DD5D /* TProtocolUtil.h */ = {isa = PBXFileReference; fileEncoding = 4; lastKnownFileType = sourcecode.c.h; path = TProtocolUtil.h; sourceTree = "<group>"; };
		59A813541498065A0022DD5D /* TProtocolUtil.m */ = {isa = PBXFileReference; fileEncoding = 4; lastKnownFileType = sourcecode.c.objc; path = TProtocolUtil.m; sourceTree = "<group>"; };
		59A813561498065A0022DD5D /* TApplicationException.h */ = {isa = PBXFileReference; fileEncoding = 4; lastKnownFileType = sourcecode.c.h; path = TApplicationException.h; sourceTree = "<group>"; };
		59A813571498065A0022DD5D /* TApplicationException.m */ = {isa = PBXFileReference; fileEncoding = 4; lastKnownFileType = sourcecode.c.objc; path = TApplicationException.m; sourceTree = "<group>"; };
		59A813581498065A0022DD5D /* TException.h */ = {isa = PBXFileReference; fileEncoding = 4; lastKnownFileType = sourcecode.c.h; path = TException.h; sourceTree = "<group>"; };
		59A813591498065A0022DD5D /* TException.m */ = {isa = PBXFileReference; fileEncoding = 4; lastKnownFileType = sourcecode.c.objc; path = TException.m; sourceTree = "<group>"; };
		59A8135A1498065A0022DD5D /* TProcessor.h */ = {isa = PBXFileReference; fileEncoding = 4; lastKnownFileType = sourcecode.c.h; path = TProcessor.h; sourceTree = "<group>"; };
		59A8135B1498065A0022DD5D /* TProcessorFactory.h */ = {isa = PBXFileReference; fileEncoding = 4; lastKnownFileType = sourcecode.c.h; path = TProcessorFactory.h; sourceTree = "<group>"; };
		59A8135D1498065A0022DD5D /* THTTPClient.h */ = {isa = PBXFileReference; fileEncoding = 4; lastKnownFileType = sourcecode.c.h; path = THTTPClient.h; sourceTree = "<group>"; };
		59A8135E1498065A0022DD5D /* THTTPClient.m */ = {isa = PBXFileReference; fileEncoding = 4; lastKnownFileType = sourcecode.c.objc; path = THTTPClient.m; sourceTree = "<group>"; };
		59A8135F1498065A0022DD5D /* TMemoryBuffer.h */ = {isa = PBXFileReference; fileEncoding = 4; lastKnownFileType = sourcecode.c.h; path = TMemoryBuffer.h; sourceTree = "<group>"; };
		59A813601498065A0022DD5D /* TMemoryBuffer.m */ = {isa = PBXFileReference; fileEncoding = 4; lastKnownFileType = sourcecode.c.objc; path = TMemoryBuffer.m; sourceTree = "<group>"; };
		59A813611498065A0022DD5D /* TTransport.h */ = {isa = PBXFileReference; fileEncoding = 4; lastKnownFileType = sourcecode.c.h; path = TTransport.h; sourceTree = "<group>"; };
		59A813621498065A0022DD5D /* TTransportException.h */ = {isa = PBXFileReference; fileEncoding = 4; lastKnownFileType = sourcecode.c.h; path = TTransportException.h; sourceTree = "<group>"; };
		59A813631498065A0022DD5D /* TTransportException.m */ = {isa = PBXFileReference; fileEncoding = 4; lastKnownFileType = sourcecode.c.objc; path = TTransportException.m; sourceTree = "<group>"; };
		59A813641498065A0022DD5D /* TSharedProcessorFactory.h */ = {isa = PBXFileReference; fileEncoding = 4; lastKnownFileType = sourcecode.c.h; path = TSharedProcessorFactory.h; sourceTree = "<group>"; };
		59A813651498065A0022DD5D /* TSharedProcessorFactory.m */ = {isa = PBXFileReference; fileEncoding = 4; lastKnownFileType = sourcecode.c.objc; path = TSharedProcessorFactory.m; sourceTree = "<group>"; };
		59A814081498073B0022DD5D /* TiThriftUtils.h */ = {isa = PBXFileReference; fileEncoding = 4; lastKnownFileType = sourcecode.c.h; name = TiThriftUtils.h; path = Classes/TiThriftUtils.h; sourceTree = "<group>"; };
		59A814091498073B0022DD5D /* TiThriftUtils.m */ = {isa = PBXFileReference; fileEncoding = 4; lastKnownFileType = sourcecode.c.objc; name = TiThriftUtils.m; path = Classes/TiThriftUtils.m; sourceTree = "<group>"; };
		AA747D9E0F9514B9006C5449 /* JpMasuidriveTiEvernoteapi_Prefix.pch */ = {isa = PBXFileReference; fileEncoding = 4; lastKnownFileType = sourcecode.c.h; path = JpMasuidriveTiEvernoteapi_Prefix.pch; sourceTree = SOURCE_ROOT; };
		AACBBE490F95108600F1A2B1 /* Foundation.framework */ = {isa = PBXFileReference; lastKnownFileType = wrapper.framework; name = Foundation.framework; path = System/Library/Frameworks/Foundation.framework; sourceTree = SDKROOT; };
		D2AAC07E0554694100DB518D /* libJpMasuidriveTiEvernoteapi.a */ = {isa = PBXFileReference; explicitFileType = archive.ar; includeInIndex = 0; path = libJpMasuidriveTiEvernoteapi.a; sourceTree = BUILT_PRODUCTS_DIR; };
/* End PBXFileReference section */

/* Begin PBXFrameworksBuildPhase section */
		D2AAC07C0554694100DB518D /* Frameworks */ = {
			isa = PBXFrameworksBuildPhase;
			buildActionMask = 2147483647;
			files = (
				AACBBE4A0F95108600F1A2B1 /* Foundation.framework in Frameworks */,
			);
			runOnlyForDeploymentPostprocessing = 0;
		};
/* End PBXFrameworksBuildPhase section */

/* Begin PBXGroup section */
		034768DFFF38A50411DB9C8B /* Products */ = {
			isa = PBXGroup;
			children = (
				D2AAC07E0554694100DB518D /* libJpMasuidriveTiEvernoteapi.a */,
			);
			name = Products;
			sourceTree = "<group>";
		};
		0867D691FE84028FC02AAC07 /* evernoteapi */ = {
			isa = PBXGroup;
			children = (
				08FB77AEFE84172EC02AAC07 /* Classes */,
				32C88DFF0371C24200C91783 /* Other Sources */,
				0867D69AFE84028FC02AAC07 /* Frameworks */,
				034768DFFF38A50411DB9C8B /* Products */,
			);
			name = evernoteapi;
			sourceTree = "<group>";
		};
		0867D69AFE84028FC02AAC07 /* Frameworks */ = {
			isa = PBXGroup;
			children = (
				AACBBE490F95108600F1A2B1 /* Foundation.framework */,
			);
			name = Frameworks;
			sourceTree = "<group>";
		};
		08FB77AEFE84172EC02AAC07 /* Classes */ = {
			isa = PBXGroup;
			children = (
				59A813871498072E0022DD5D /* EvernoteAPIProxy */,
				24DE9E0F11C5FE74003F90F6 /* JpMasuidriveTiEvernoteapiModuleAssets.h */,
				24DE9E1011C5FE74003F90F6 /* JpMasuidriveTiEvernoteapiModuleAssets.m */,
				24DD6CF71134B3F500162E58 /* JpMasuidriveTiEvernoteapiModule.h */,
				24DD6CF81134B3F500162E58 /* JpMasuidriveTiEvernoteapiModule.m */,
				59A814081498073B0022DD5D /* TiThriftUtils.h */,
				59A814091498073B0022DD5D /* TiThriftUtils.m */,
			);
			name = Classes;
			sourceTree = "<group>";
		};
		32C88DFF0371C24200C91783 /* Other Sources */ = {
			isa = PBXGroup;
			children = (
				59A8133F149806350022DD5D /* EvernoteAPI */,
				AA747D9E0F9514B9006C5449 /* JpMasuidriveTiEvernoteapi_Prefix.pch */,
				24DD6D1B1134B66800162E58 /* titanium.xcconfig */,
			);
			name = "Other Sources";
			sourceTree = "<group>";
		};
		59A8133F149806350022DD5D /* EvernoteAPI */ = {
			isa = PBXGroup;
			children = (
				59A813401498065A0022DD5D /* edam */,
				59A8134B1498065A0022DD5D /* thrift */,
			);
			name = EvernoteAPI;
			sourceTree = "<group>";
		};
		59A813401498065A0022DD5D /* edam */ = {
			isa = PBXGroup;
			children = (
				59A813411498065A0022DD5D /* EDAMLimits.h */,
				59A813421498065A0022DD5D /* EDAMLimits.m */,
				59A813431498065A0022DD5D /* Errors.h */,
				59A813441498065A0022DD5D /* Errors.m */,
				59A813451498065A0022DD5D /* NoteStore.h */,
				59A813461498065A0022DD5D /* NoteStore.m */,
				59A813471498065A0022DD5D /* Types.h */,
				59A813481498065A0022DD5D /* Types.m */,
				59A813491498065A0022DD5D /* UserStore.h */,
				59A8134A1498065A0022DD5D /* UserStore.m */,
			);
			name = edam;
			path = "../evernote-api-1.19/cocoa/src/edam";
			sourceTree = "<group>";
		};
		59A8134B1498065A0022DD5D /* thrift */ = {
			isa = PBXGroup;
			children = (
				59A8134C1498065A0022DD5D /* protocol */,
				59A813551498065A0022DD5D /* server */,
				59A813561498065A0022DD5D /* TApplicationException.h */,
				59A813571498065A0022DD5D /* TApplicationException.m */,
				59A813581498065A0022DD5D /* TException.h */,
				59A813591498065A0022DD5D /* TException.m */,
				59A8135A1498065A0022DD5D /* TProcessor.h */,
				59A8135B1498065A0022DD5D /* TProcessorFactory.h */,
				59A8135C1498065A0022DD5D /* transport */,
				59A813641498065A0022DD5D /* TSharedProcessorFactory.h */,
				59A813651498065A0022DD5D /* TSharedProcessorFactory.m */,
			);
			name = thrift;
			path = "../evernote-api-1.19/cocoa/src/thrift";
			sourceTree = "<group>";
		};
		59A8134C1498065A0022DD5D /* protocol */ = {
			isa = PBXGroup;
			children = (
				59A8134D1498065A0022DD5D /* TBinaryProtocol.h */,
				59A8134E1498065A0022DD5D /* TBinaryProtocol.m */,
				59A8134F1498065A0022DD5D /* TProtocol.h */,
				59A813501498065A0022DD5D /* TProtocolException.h */,
				59A813511498065A0022DD5D /* TProtocolException.m */,
				59A813521498065A0022DD5D /* TProtocolFactory.h */,
				59A813531498065A0022DD5D /* TProtocolUtil.h */,
				59A813541498065A0022DD5D /* TProtocolUtil.m */,
			);
			path = protocol;
			sourceTree = "<group>";
		};
		59A813551498065A0022DD5D /* server */ = {
			isa = PBXGroup;
			children = (
			);
			path = server;
			sourceTree = "<group>";
		};
		59A8135C1498065A0022DD5D /* transport */ = {
			isa = PBXGroup;
			children = (
				59A8135D1498065A0022DD5D /* THTTPClient.h */,
				59A8135E1498065A0022DD5D /* THTTPClient.m */,
				59A8135F1498065A0022DD5D /* TMemoryBuffer.h */,
				59A813601498065A0022DD5D /* TMemoryBuffer.m */,
				59A813611498065A0022DD5D /* TTransport.h */,
				59A813621498065A0022DD5D /* TTransportException.h */,
				59A813631498065A0022DD5D /* TTransportException.m */,
			);
			path = transport;
			sourceTree = "<group>";
		};
		59A813871498072E0022DD5D /* EvernoteAPIProxy */ = {
			isa = PBXGroup;
			children = (
				59915AA214985907007722A5 /* ErrorsConsts.m */,
				59915AA314985907007722A5 /* LimitsConsts.m */,
				59915AA414985907007722A5 /* NoteStoreConsts.m */,
				59915AA514985907007722A5 /* TypesConsts.m */,
				59915AA614985907007722A5 /* UserStoreConsts.m */,
				59915A1A149851C9007722A5 /* EDAMAccountingProxy.h */,
				59915A1B149851C9007722A5 /* EDAMAccountingProxy.m */,
				59915A1C149851C9007722A5 /* EDAMAdImpressionsProxy.h */,
				59915A1D149851C9007722A5 /* EDAMAdImpressionsProxy.m */,
				59915A1E149851C9007722A5 /* EDAMAdParametersProxy.h */,
				59915A1F149851C9007722A5 /* EDAMAdParametersProxy.m */,
				59915A20149851C9007722A5 /* EDAMAdProxy.h */,
				59915A21149851C9007722A5 /* EDAMAdProxy.m */,
				59915A22149851C9007722A5 /* EDAMAuthenticationResultProxy.h */,
				59915A23149851C9007722A5 /* EDAMAuthenticationResultProxy.m */,
				59915A24149851C9007722A5 /* EDAMDataProxy.h */,
				59915A25149851C9007722A5 /* EDAMDataProxy.m */,
				59915A26149851C9007722A5 /* EDAMLinkedNotebookProxy.h */,
				59915A27149851C9007722A5 /* EDAMLinkedNotebookProxy.m */,
				59915A28149851C9007722A5 /* EDAMNoteAttributesProxy.h */,
				59915A29149851C9007722A5 /* EDAMNoteAttributesProxy.m */,
				59915A2A149851C9007722A5 /* EDAMNotebookProxy.h */,
				59915A2B149851C9007722A5 /* EDAMNotebookProxy.m */,
				59915A2C149851C9007722A5 /* EDAMNoteCollectionCountsProxy.h */,
				59915A2D149851C9007722A5 /* EDAMNoteCollectionCountsProxy.m */,
				59915A2E149851C9007722A5 /* EDAMNoteEmailParametersProxy.h */,
				59915A2F149851C9007722A5 /* EDAMNoteEmailParametersProxy.m */,
				59915A30149851C9007722A5 /* EDAMNoteFilterProxy.h */,
				59915A31149851C9007722A5 /* EDAMNoteFilterProxy.m */,
				59915A32149851C9007722A5 /* EDAMNoteListProxy.h */,
				59915A33149851C9007722A5 /* EDAMNoteListProxy.m */,
				59915A34149851C9007722A5 /* EDAMNoteMetadataProxy.h */,
				59915A35149851C9007722A5 /* EDAMNoteMetadataProxy.m */,
				59915A36149851C9007722A5 /* EDAMNoteProxy.h */,
				59915A37149851C9007722A5 /* EDAMNoteProxy.m */,
				59915A38149851C9007722A5 /* EDAMNotesMetadataListProxy.h */,
				59915A39149851C9007722A5 /* EDAMNotesMetadataListProxy.m */,
				59915A3A149851C9007722A5 /* EDAMNotesMetadataResultSpecProxy.h */,
				59915A3B149851C9007722A5 /* EDAMNotesMetadataResultSpecProxy.m */,
				59915A3C149851C9007722A5 /* EDAMNoteStoreClientProxy.h */,
				59915A3D149851C9007722A5 /* EDAMNoteStoreClientProxy.m */,
				59915A3E149851C9007722A5 /* EDAMNoteVersionIdProxy.h */,
				59915A3F149851C9007722A5 /* EDAMNoteVersionIdProxy.m */,
				59915A40149851C9007722A5 /* EDAMPublicUserInfoProxy.h */,
				59915A41149851C9007722A5 /* EDAMPublicUserInfoProxy.m */,
				59915A42149851C9007722A5 /* EDAMPublishingProxy.h */,
				59915A43149851C9007722A5 /* EDAMPublishingProxy.m */,
				59915A44149851C9007722A5 /* EDAMResourceAttributesProxy.h */,
				59915A45149851C9007722A5 /* EDAMResourceAttributesProxy.m */,
				59915A46149851C9007722A5 /* EDAMResourceProxy.h */,
				59915A47149851C9007722A5 /* EDAMResourceProxy.m */,
				59915A48149851C9007722A5 /* EDAMSavedSearchProxy.h */,
				59915A49149851C9007722A5 /* EDAMSavedSearchProxy.m */,
				59915A4A149851C9007722A5 /* EDAMSharedNotebookProxy.h */,
				59915A4B149851C9007722A5 /* EDAMSharedNotebookProxy.m */,
				59915A4C149851C9007722A5 /* EDAMSyncChunkFilterProxy.h */,
				59915A4D149851C9007722A5 /* EDAMSyncChunkFilterProxy.m */,
				59915A4E149851C9007722A5 /* EDAMSyncChunkProxy.h */,
				59915A4F149851C9007722A5 /* EDAMSyncChunkProxy.m */,
				59915A50149851C9007722A5 /* EDAMSyncStateProxy.h */,
				59915A51149851C9007722A5 /* EDAMSyncStateProxy.m */,
				59915A52149851C9007722A5 /* EDAMTagProxy.h */,
				59915A53149851C9007722A5 /* EDAMTagProxy.m */,
				59915A54149851C9007722A5 /* EDAMUserAttributesProxy.h */,
				59915A55149851C9007722A5 /* EDAMUserAttributesProxy.m */,
				59915A56149851C9007722A5 /* EDAMUserProxy.h */,
				59915A57149851C9007722A5 /* EDAMUserProxy.m */,
				59915A58149851C9007722A5 /* EDAMUserStoreClientProxy.h */,
				59915A59149851C9007722A5 /* EDAMUserStoreClientProxy.m */,
			);
			path = EvernoteAPIProxy;
			sourceTree = "<group>";
		};
/* End PBXGroup section */

/* Begin PBXHeadersBuildPhase section */
		D2AAC07A0554694100DB518D /* Headers */ = {
			isa = PBXHeadersBuildPhase;
			buildActionMask = 2147483647;
			files = (
				AA747D9F0F9514B9006C5449 /* JpMasuidriveTiEvernoteapi_Prefix.pch in Headers */,
				24DD6CF91134B3F500162E58 /* JpMasuidriveTiEvernoteapiModule.h in Headers */,
				24DE9E1111C5FE74003F90F6 /* JpMasuidriveTiEvernoteapiModuleAssets.h in Headers */,
				59A813661498065A0022DD5D /* EDAMLimits.h in Headers */,
				59A813681498065A0022DD5D /* Errors.h in Headers */,
				59A8136A1498065A0022DD5D /* NoteStore.h in Headers */,
				59A8136C1498065A0022DD5D /* Types.h in Headers */,
				59A8136E1498065A0022DD5D /* UserStore.h in Headers */,
				59A813701498065A0022DD5D /* TBinaryProtocol.h in Headers */,
				59A813721498065A0022DD5D /* TProtocol.h in Headers */,
				59A813731498065A0022DD5D /* TProtocolException.h in Headers */,
				59A813751498065A0022DD5D /* TProtocolFactory.h in Headers */,
				59A813761498065A0022DD5D /* TProtocolUtil.h in Headers */,
				59A813781498065A0022DD5D /* TApplicationException.h in Headers */,
				59A8137A1498065A0022DD5D /* TException.h in Headers */,
				59A8137C1498065A0022DD5D /* TProcessor.h in Headers */,
				59A8137D1498065A0022DD5D /* TProcessorFactory.h in Headers */,
				59A8137E1498065A0022DD5D /* THTTPClient.h in Headers */,
				59A813801498065A0022DD5D /* TMemoryBuffer.h in Headers */,
				59A813821498065A0022DD5D /* TTransport.h in Headers */,
				59A813831498065A0022DD5D /* TTransportException.h in Headers */,
				59A813851498065A0022DD5D /* TSharedProcessorFactory.h in Headers */,
				59A8140A1498073B0022DD5D /* TiThriftUtils.h in Headers */,
				59915A5A149851C9007722A5 /* EDAMAccountingProxy.h in Headers */,
				59915A5C149851C9007722A5 /* EDAMAdImpressionsProxy.h in Headers */,
				59915A5E149851C9007722A5 /* EDAMAdParametersProxy.h in Headers */,
				59915A60149851C9007722A5 /* EDAMAdProxy.h in Headers */,
				59915A62149851C9007722A5 /* EDAMAuthenticationResultProxy.h in Headers */,
				59915A64149851C9007722A5 /* EDAMDataProxy.h in Headers */,
				59915A66149851C9007722A5 /* EDAMLinkedNotebookProxy.h in Headers */,
				59915A68149851C9007722A5 /* EDAMNoteAttributesProxy.h in Headers */,
				59915A6A149851C9007722A5 /* EDAMNotebookProxy.h in Headers */,
				59915A6C149851C9007722A5 /* EDAMNoteCollectionCountsProxy.h in Headers */,
				59915A6E149851C9007722A5 /* EDAMNoteEmailParametersProxy.h in Headers */,
				59915A70149851C9007722A5 /* EDAMNoteFilterProxy.h in Headers */,
				59915A72149851C9007722A5 /* EDAMNoteListProxy.h in Headers */,
				59915A74149851C9007722A5 /* EDAMNoteMetadataProxy.h in Headers */,
				59915A76149851C9007722A5 /* EDAMNoteProxy.h in Headers */,
				59915A78149851C9007722A5 /* EDAMNotesMetadataListProxy.h in Headers */,
				59915A7A149851C9007722A5 /* EDAMNotesMetadataResultSpecProxy.h in Headers */,
				59915A7C149851C9007722A5 /* EDAMNoteStoreClientProxy.h in Headers */,
				59915A7E149851C9007722A5 /* EDAMNoteVersionIdProxy.h in Headers */,
				59915A80149851C9007722A5 /* EDAMPublicUserInfoProxy.h in Headers */,
				59915A82149851C9007722A5 /* EDAMPublishingProxy.h in Headers */,
				59915A84149851C9007722A5 /* EDAMResourceAttributesProxy.h in Headers */,
				59915A86149851C9007722A5 /* EDAMResourceProxy.h in Headers */,
				59915A88149851C9007722A5 /* EDAMSavedSearchProxy.h in Headers */,
				59915A8A149851C9007722A5 /* EDAMSharedNotebookProxy.h in Headers */,
				59915A8C149851C9007722A5 /* EDAMSyncChunkFilterProxy.h in Headers */,
				59915A8E149851C9007722A5 /* EDAMSyncChunkProxy.h in Headers */,
				59915A90149851C9007722A5 /* EDAMSyncStateProxy.h in Headers */,
				59915A92149851C9007722A5 /* EDAMTagProxy.h in Headers */,
				59915A94149851C9007722A5 /* EDAMUserAttributesProxy.h in Headers */,
				59915A96149851C9007722A5 /* EDAMUserProxy.h in Headers */,
				59915A98149851C9007722A5 /* EDAMUserStoreClientProxy.h in Headers */,
			);
			runOnlyForDeploymentPostprocessing = 0;
		};
/* End PBXHeadersBuildPhase section */

/* Begin PBXNativeTarget section */
		D2AAC07D0554694100DB518D /* evernoteapi */ = {
			isa = PBXNativeTarget;
			buildConfigurationList = 1DEB921E08733DC00010E9CD /* Build configuration list for PBXNativeTarget "evernoteapi" */;
			buildPhases = (
				D2AAC07A0554694100DB518D /* Headers */,
				D2AAC07B0554694100DB518D /* Sources */,
				D2AAC07C0554694100DB518D /* Frameworks */,
			);
			buildRules = (
			);
			dependencies = (
			);
			name = evernoteapi;
			productName = evernoteapi;
			productReference = D2AAC07E0554694100DB518D /* libJpMasuidriveTiEvernoteapi.a */;
			productType = "com.apple.product-type.library.static";
		};
/* End PBXNativeTarget section */

/* Begin PBXProject section */
		0867D690FE84028FC02AAC07 /* Project object */ = {
			isa = PBXProject;
			buildConfigurationList = 1DEB922208733DC00010E9CD /* Build configuration list for PBXProject "evernoteapi" */;
			compatibilityVersion = "Xcode 3.1";
			developmentRegion = English;
			hasScannedForEncodings = 1;
			knownRegions = (
				English,
				Japanese,
				French,
				German,
			);
			mainGroup = 0867D691FE84028FC02AAC07 /* evernoteapi */;
			productRefGroup = 034768DFFF38A50411DB9C8B /* Products */;
			projectDirPath = "";
			projectRoot = "";
			targets = (
				D2AAC07D0554694100DB518D /* evernoteapi */,
				24416B8111C4CA220047AFDD /* Build & Test */,
			);
		};
/* End PBXProject section */

/* Begin PBXShellScriptBuildPhase section */
		24416B8011C4CA220047AFDD /* ShellScript */ = {
			isa = PBXShellScriptBuildPhase;
			buildActionMask = 2147483647;
			files = (
			);
			inputPaths = (
			);
			outputPaths = (
			);
			runOnlyForDeploymentPostprocessing = 0;
			shellPath = /bin/sh;
			shellScript = "# shell script goes here\n\npython \"${TITANIUM_SDK}/titanium.py\" run --dir=\"${PROJECT_DIR}\"\nexit $?\n";
		};
/* End PBXShellScriptBuildPhase section */

/* Begin PBXSourcesBuildPhase section */
		D2AAC07B0554694100DB518D /* Sources */ = {
			isa = PBXSourcesBuildPhase;
			buildActionMask = 2147483647;
			files = (
				24DD6CFA1134B3F500162E58 /* JpMasuidriveTiEvernoteapiModule.m in Sources */,
				24DE9E1211C5FE74003F90F6 /* JpMasuidriveTiEvernoteapiModuleAssets.m in Sources */,
				59A813671498065A0022DD5D /* EDAMLimits.m in Sources */,
				59A813691498065A0022DD5D /* Errors.m in Sources */,
				59A8136B1498065A0022DD5D /* NoteStore.m in Sources */,
				59A8136D1498065A0022DD5D /* Types.m in Sources */,
				59A8136F1498065A0022DD5D /* UserStore.m in Sources */,
				59A813711498065A0022DD5D /* TBinaryProtocol.m in Sources */,
				59A813741498065A0022DD5D /* TProtocolException.m in Sources */,
				59A813771498065A0022DD5D /* TProtocolUtil.m in Sources */,
				59A813791498065A0022DD5D /* TApplicationException.m in Sources */,
				59A8137B1498065A0022DD5D /* TException.m in Sources */,
				59A8137F1498065A0022DD5D /* THTTPClient.m in Sources */,
				59A813811498065A0022DD5D /* TMemoryBuffer.m in Sources */,
				59A813841498065A0022DD5D /* TTransportException.m in Sources */,
				59A813861498065A0022DD5D /* TSharedProcessorFactory.m in Sources */,
				59A8140B1498073B0022DD5D /* TiThriftUtils.m in Sources */,
				59915A5B149851C9007722A5 /* EDAMAccountingProxy.m in Sources */,
				59915A5D149851C9007722A5 /* EDAMAdImpressionsProxy.m in Sources */,
				59915A5F149851C9007722A5 /* EDAMAdParametersProxy.m in Sources */,
				59915A61149851C9007722A5 /* EDAMAdProxy.m in Sources */,
				59915A63149851C9007722A5 /* EDAMAuthenticationResultProxy.m in Sources */,
				59915A65149851C9007722A5 /* EDAMDataProxy.m in Sources */,
				59915A67149851C9007722A5 /* EDAMLinkedNotebookProxy.m in Sources */,
				59915A69149851C9007722A5 /* EDAMNoteAttributesProxy.m in Sources */,
				59915A6B149851C9007722A5 /* EDAMNotebookProxy.m in Sources */,
				59915A6D149851C9007722A5 /* EDAMNoteCollectionCountsProxy.m in Sources */,
				59915A6F149851C9007722A5 /* EDAMNoteEmailParametersProxy.m in Sources */,
				59915A71149851C9007722A5 /* EDAMNoteFilterProxy.m in Sources */,
				59915A73149851C9007722A5 /* EDAMNoteListProxy.m in Sources */,
				59915A75149851C9007722A5 /* EDAMNoteMetadataProxy.m in Sources */,
				59915A77149851C9007722A5 /* EDAMNoteProxy.m in Sources */,
				59915A79149851C9007722A5 /* EDAMNotesMetadataListProxy.m in Sources */,
				59915A7B149851C9007722A5 /* EDAMNotesMetadataResultSpecProxy.m in Sources */,
				59915A7D149851C9007722A5 /* EDAMNoteStoreClientProxy.m in Sources */,
				59915A7F149851C9007722A5 /* EDAMNoteVersionIdProxy.m in Sources */,
				59915A81149851C9007722A5 /* EDAMPublicUserInfoProxy.m in Sources */,
				59915A83149851C9007722A5 /* EDAMPublishingProxy.m in Sources */,
				59915A85149851C9007722A5 /* EDAMResourceAttributesProxy.m in Sources */,
				59915A87149851C9007722A5 /* EDAMResourceProxy.m in Sources */,
				59915A89149851C9007722A5 /* EDAMSavedSearchProxy.m in Sources */,
				59915A8B149851C9007722A5 /* EDAMSharedNotebookProxy.m in Sources */,
				59915A8D149851C9007722A5 /* EDAMSyncChunkFilterProxy.m in Sources */,
				59915A8F149851C9007722A5 /* EDAMSyncChunkProxy.m in Sources */,
				59915A91149851C9007722A5 /* EDAMSyncStateProxy.m in Sources */,
				59915A93149851C9007722A5 /* EDAMTagProxy.m in Sources */,
				59915A95149851C9007722A5 /* EDAMUserAttributesProxy.m in Sources */,
				59915A97149851C9007722A5 /* EDAMUserProxy.m in Sources */,
				59915A99149851C9007722A5 /* EDAMUserStoreClientProxy.m in Sources */,
				59915AA714985907007722A5 /* ErrorsConsts.m in Sources */,
				59915AA814985907007722A5 /* LimitsConsts.m in Sources */,
				59915AA914985907007722A5 /* NoteStoreConsts.m in Sources */,
				59915AAA14985907007722A5 /* TypesConsts.m in Sources */,
				59915AAB14985907007722A5 /* UserStoreConsts.m in Sources */,
			);
			runOnlyForDeploymentPostprocessing = 0;
		};
/* End PBXSourcesBuildPhase section */

/* Begin PBXTargetDependency section */
		24416B8511C4CA280047AFDD /* PBXTargetDependency */ = {
			isa = PBXTargetDependency;
			target = D2AAC07D0554694100DB518D /* evernoteapi */;
			targetProxy = 24416B8411C4CA280047AFDD /* PBXContainerItemProxy */;
		};
/* End PBXTargetDependency section */

/* Begin XCBuildConfiguration section */
		1DEB921F08733DC00010E9CD /* Debug */ = {
			isa = XCBuildConfiguration;
			baseConfigurationReference = 24DD6D1B1134B66800162E58 /* titanium.xcconfig */;
			buildSettings = {
				ALWAYS_SEARCH_USER_PATHS = NO;
				ARCHS = "$(ARCHS_STANDARD_32_BIT)";
				COPY_PHASE_STRIP = NO;
				DSTROOT = /tmp/JpMasuidriveTiEvernoteapi.dst;
				GCC_DYNAMIC_NO_PIC = NO;
				GCC_ENABLE_FIX_AND_CONTINUE = YES;
				GCC_MODEL_TUNING = G5;
				GCC_OPTIMIZATION_LEVEL = 0;
				GCC_PRECOMPILE_PREFIX_HEADER = YES;
				GCC_PREFIX_HEADER = JpMasuidriveTiEvernoteapi_Prefix.pch;
				INSTALL_PATH = /usr/local/lib;
				PRODUCT_NAME = JpMasuidriveTiEvernoteapi;
			};
			name = Debug;
		};
		1DEB922008733DC00010E9CD /* Release */ = {
			isa = XCBuildConfiguration;
			baseConfigurationReference = 24DD6D1B1134B66800162E58 /* titanium.xcconfig */;
			buildSettings = {
				ALWAYS_SEARCH_USER_PATHS = NO;
				ARCHS = "$(ARCHS_STANDARD_32_BIT)";
				DSTROOT = /tmp/JpMasuidriveTiEvernoteapi.dst;
				GCC_MODEL_TUNING = G5;
				GCC_PRECOMPILE_PREFIX_HEADER = YES;
				GCC_PREFIX_HEADER = JpMasuidriveTiEvernoteapi_Prefix.pch;
				INSTALL_PATH = /usr/local/lib;
				PRODUCT_NAME = JpMasuidriveTiEvernoteapi;
			};
			name = Release;
		};
		1DEB922308733DC00010E9CD /* Debug */ = {
			isa = XCBuildConfiguration;
			baseConfigurationReference = 24DD6D1B1134B66800162E58 /* titanium.xcconfig */;
			buildSettings = {
				ARCHS = "$(ARCHS_STANDARD_32_BIT)";
				GCC_C_LANGUAGE_STANDARD = c99;
				GCC_OPTIMIZATION_LEVEL = 0;
				GCC_WARN_ABOUT_RETURN_TYPE = YES;
				GCC_WARN_UNUSED_VARIABLE = YES;
				OTHER_LDFLAGS = "";
				PREBINDING = NO;
				SDKROOT = iphoneos4.0;
			};
			name = Debug;
		};
		1DEB922408733DC00010E9CD /* Release */ = {
			isa = XCBuildConfiguration;
			baseConfigurationReference = 24DD6D1B1134B66800162E58 /* titanium.xcconfig */;
			buildSettings = {
				ARCHS = "$(ARCHS_STANDARD_32_BIT)";
				GCC_C_LANGUAGE_STANDARD = c99;
				GCC_WARN_ABOUT_RETURN_TYPE = YES;
				GCC_WARN_UNUSED_VARIABLE = YES;
				OTHER_LDFLAGS = "";
				PREBINDING = NO;
				SDKROOT = iphoneos4.0;
			};
			name = Release;
		};
		24416B8211C4CA220047AFDD /* Debug */ = {
			isa = XCBuildConfiguration;
			baseConfigurationReference = 24DD6D1B1134B66800162E58 /* titanium.xcconfig */;
			buildSettings = {
				COPY_PHASE_STRIP = NO;
				GCC_DYNAMIC_NO_PIC = NO;
				GCC_OPTIMIZATION_LEVEL = 0;
				PRODUCT_NAME = "Build & test";
			};
			name = Debug;
		};
		24416B8311C4CA220047AFDD /* Release */ = {
			isa = XCBuildConfiguration;
			baseConfigurationReference = 24DD6D1B1134B66800162E58 /* titanium.xcconfig */;
			buildSettings = {
				COPY_PHASE_STRIP = YES;
				DEBUG_INFORMATION_FORMAT = "dwarf-with-dsym";
				GCC_ENABLE_FIX_AND_CONTINUE = NO;
				PRODUCT_NAME = "Build & test";
				ZERO_LINK = NO;
			};
			name = Release;
		};
/* End XCBuildConfiguration section */

/* Begin XCConfigurationList section */
		1DEB921E08733DC00010E9CD /* Build configuration list for PBXNativeTarget "evernoteapi" */ = {
			isa = XCConfigurationList;
			buildConfigurations = (
				1DEB921F08733DC00010E9CD /* Debug */,
				1DEB922008733DC00010E9CD /* Release */,
			);
			defaultConfigurationIsVisible = 0;
			defaultConfigurationName = Release;
		};
		1DEB922208733DC00010E9CD /* Build configuration list for PBXProject "evernoteapi" */ = {
			isa = XCConfigurationList;
			buildConfigurations = (
				1DEB922308733DC00010E9CD /* Debug */,
				1DEB922408733DC00010E9CD /* Release */,
			);
			defaultConfigurationIsVisible = 0;
			defaultConfigurationName = Release;
		};
		24416B8A11C4CA520047AFDD /* Build configuration list for PBXAggregateTarget "Build & Test" */ = {
			isa = XCConfigurationList;
			buildConfigurations = (
				24416B8211C4CA220047AFDD /* Debug */,
				24416B8311C4CA220047AFDD /* Release */,
			);
			defaultConfigurationIsVisible = 0;
			defaultConfigurationName = Release;
		};
/* End XCConfigurationList section */
	};
	rootObject = 0867D690FE84028FC02AAC07 /* Project object */;
}
